// !$*UTF8*$!
{
	archiveVersion = 1;
	classes = {
	};
	objectVersion = 50;
	objects = {

/* Begin PBXBuildFile section */
		5A03F75520AC06AE0097BC4F /* CalculateAdd.m in Sources */ = {isa = PBXBuildFile; fileRef = 5A03F75420AC06AE0097BC4F /* CalculateAdd.m */; };
		5A03F75820AC06C10097BC4F /* CalculateMinus.m in Sources */ = {isa = PBXBuildFile; fileRef = 5A03F75720AC06C10097BC4F /* CalculateMinus.m */; };
		5A03F75B20AC06D20097BC4F /* CalculateMultiply.m in Sources */ = {isa = PBXBuildFile; fileRef = 5A03F75A20AC06D20097BC4F /* CalculateMultiply.m */; };
		5A03F75E20AC06E20097BC4F /* CalculateDivide.m in Sources */ = {isa = PBXBuildFile; fileRef = 5A03F75D20AC06E20097BC4F /* CalculateDivide.m */; };
		5A03F76120AC0E920097BC4F /* CalcluateFactory.m in Sources */ = {isa = PBXBuildFile; fileRef = 5A03F76020AC0E920097BC4F /* CalcluateFactory.m */; };
		5A03F76420AC10EE0097BC4F /* SimpleFactoryPatternController.m in Sources */ = {isa = PBXBuildFile; fileRef = 5A03F76320AC10EE0097BC4F /* SimpleFactoryPatternController.m */; };
		5A03F76920AC2AD70097BC4F /* FactoryMethodController.m in Sources */ = {isa = PBXBuildFile; fileRef = 5A03F76820AC2AD70097BC4F /* FactoryMethodController.m */; };
		5A03F76E20AC2CD50097BC4F /* FactoryAdd.m in Sources */ = {isa = PBXBuildFile; fileRef = 5A03F76D20AC2CD50097BC4F /* FactoryAdd.m */; };
		5A03F77120AC2D510097BC4F /* FactoryMethodCalculateAdd.m in Sources */ = {isa = PBXBuildFile; fileRef = 5A03F77020AC2D510097BC4F /* FactoryMethodCalculateAdd.m */; };
		5A03F77420AC2DC00097BC4F /* FactoryMinus.m in Sources */ = {isa = PBXBuildFile; fileRef = 5A03F77320AC2DC00097BC4F /* FactoryMinus.m */; };
		5A03F77720AC2DDB0097BC4F /* FactoryMethodCalculateMinus.m in Sources */ = {isa = PBXBuildFile; fileRef = 5A03F77620AC2DDB0097BC4F /* FactoryMethodCalculateMinus.m */; };
		5A03F77A20AC2F1B0097BC4F /* FactoryMultiply.m in Sources */ = {isa = PBXBuildFile; fileRef = 5A03F77920AC2F1B0097BC4F /* FactoryMultiply.m */; };
		5A03F77D20AC2F440097BC4F /* FactoryMethodCalculateMultiply.m in Sources */ = {isa = PBXBuildFile; fileRef = 5A03F77C20AC2F440097BC4F /* FactoryMethodCalculateMultiply.m */; };
		5A03F78020AC2FBA0097BC4F /* FactoryDivide.m in Sources */ = {isa = PBXBuildFile; fileRef = 5A03F77F20AC2FBA0097BC4F /* FactoryDivide.m */; };
		5A03F78320AC2FD00097BC4F /* FactoryMethodCalculateDivide.m in Sources */ = {isa = PBXBuildFile; fileRef = 5A03F78220AC2FD00097BC4F /* FactoryMethodCalculateDivide.m */; };
		5A355C0E20AD237500A26F2F /* User.m in Sources */ = {isa = PBXBuildFile; fileRef = 5A355BFC20AD237400A26F2F /* User.m */; };
		5A355C0F20AD237500A26F2F /* SqliteUserInfo.m in Sources */ = {isa = PBXBuildFile; fileRef = 5A355BFF20AD237400A26F2F /* SqliteUserInfo.m */; };
		5A355C1020AD237500A26F2F /* CoreDataSearchInfo.m in Sources */ = {isa = PBXBuildFile; fileRef = 5A355C0420AD237400A26F2F /* CoreDataSearchInfo.m */; };
		5A355C1120AD237500A26F2F /* CoreDataUserInfo.m in Sources */ = {isa = PBXBuildFile; fileRef = 5A355C0720AD237400A26F2F /* CoreDataUserInfo.m */; };
		5A355C1220AD237500A26F2F /* SqliteSearchInfo.m in Sources */ = {isa = PBXBuildFile; fileRef = 5A355C0920AD237400A26F2F /* SqliteSearchInfo.m */; };
		5A355C1320AD237500A26F2F /* City.m in Sources */ = {isa = PBXBuildFile; fileRef = 5A355C0B20AD237500A26F2F /* City.m */; };
		5A355C1420AD237500A26F2F /* CoreDataSettingsInfo.m in Sources */ = {isa = PBXBuildFile; fileRef = 5A355C0C20AD237500A26F2F /* CoreDataSettingsInfo.m */; };
		5A355C1520AD237500A26F2F /* SqliteSettingsInfo.m in Sources */ = {isa = PBXBuildFile; fileRef = 5A355C0D20AD237500A26F2F /* SqliteSettingsInfo.m */; };
		5A409B5A20ADC080004A04FF /* DecoratorPatternController.m in Sources */ = {isa = PBXBuildFile; fileRef = 5A409B5920ADC080004A04FF /* DecoratorPatternController.m */; };
		5A409B5E20ADC119004A04FF /* Transformers.m in Sources */ = {isa = PBXBuildFile; fileRef = 5A409B5D20ADC119004A04FF /* Transformers.m */; };
		5A409B6120ADC137004A04FF /* CarTransformer.m in Sources */ = {isa = PBXBuildFile; fileRef = 5A409B6020ADC137004A04FF /* CarTransformer.m */; };
		5A409B6420ADC1A9004A04FF /* ChangerDecrator.m in Sources */ = {isa = PBXBuildFile; fileRef = 5A409B6320ADC1A9004A04FF /* ChangerDecrator.m */; };
		5A409B6820ADCA22004A04FF /* ConcreteFlyDecrator.m in Sources */ = {isa = PBXBuildFile; fileRef = 5A409B6720ADCA22004A04FF /* ConcreteFlyDecrator.m */; };
		5A409B6B20ADCA3B004A04FF /* ConcreteTalkDecrator.m in Sources */ = {isa = PBXBuildFile; fileRef = 5A409B6A20ADCA3B004A04FF /* ConcreteTalkDecrator.m */; };
		5A44869C20AAD4050084C8B3 /* UIViewController+loadFromStoryBoard.m in Sources */ = {isa = PBXBuildFile; fileRef = 5A44869B20AAD4050084C8B3 /* UIViewController+loadFromStoryBoard.m */; };
		5A6CE7B020A529A20046585D /* AppDelegate.m in Sources */ = {isa = PBXBuildFile; fileRef = 5A6CE7AF20A529A20046585D /* AppDelegate.m */; };
		5A6CE7B320A529A30046585D /* ViewController.m in Sources */ = {isa = PBXBuildFile; fileRef = 5A6CE7B220A529A20046585D /* ViewController.m */; };
		5A6CE7B620A529A30046585D /* Main.storyboard in Resources */ = {isa = PBXBuildFile; fileRef = 5A6CE7B420A529A30046585D /* Main.storyboard */; };
		5A6CE7B820A529A40046585D /* Assets.xcassets in Resources */ = {isa = PBXBuildFile; fileRef = 5A6CE7B720A529A40046585D /* Assets.xcassets */; };
		5A6CE7BB20A529A40046585D /* LaunchScreen.storyboard in Resources */ = {isa = PBXBuildFile; fileRef = 5A6CE7B920A529A40046585D /* LaunchScreen.storyboard */; };
		5A6CE7BE20A529A40046585D /* main.m in Sources */ = {isa = PBXBuildFile; fileRef = 5A6CE7BD20A529A40046585D /* main.m */; };
		5A7BFDBE20AE65470035D99F /* AdapterPatternController.m in Sources */ = {isa = PBXBuildFile; fileRef = 5A7BFDBD20AE65470035D99F /* AdapterPatternController.m */; };
		5A7BFDC120AE6E8D0035D99F /* AdapterTestView.m in Sources */ = {isa = PBXBuildFile; fileRef = 5A7BFDC020AE6E8D0035D99F /* AdapterTestView.m */; };
		5A7BFDC320AE6E980035D99F /* AdapterTestView.xib in Resources */ = {isa = PBXBuildFile; fileRef = 5A7BFDC220AE6E980035D99F /* AdapterTestView.xib */; };
		5A7BFDCE20AE71130035D99F /* FlyModel.m in Sources */ = {isa = PBXBuildFile; fileRef = 5A7BFDCD20AE71130035D99F /* FlyModel.m */; };
		5A7BFDD420AE76000035D99F /* ClassAdapter.m in Sources */ = {isa = PBXBuildFile; fileRef = 5A7BFDD320AE76000035D99F /* ClassAdapter.m */; };
		5A7BFDD720AE761C0035D99F /* ObjectAdapter.m in Sources */ = {isa = PBXBuildFile; fileRef = 5A7BFDD620AE761C0035D99F /* ObjectAdapter.m */; };
		5A7BFDDC20AE7CC30035D99F /* UIView+loadFromNib.m in Sources */ = {isa = PBXBuildFile; fileRef = 5A7BFDDB20AE7CC30035D99F /* UIView+loadFromNib.m */; };
		5A7BFE0C20AE831A0035D99F /* ball.png in Resources */ = {isa = PBXBuildFile; fileRef = 5A7BFE0620AE831A0035D99F /* ball.png */; };
		5A7BFE0D20AE831A0035D99F /* door.png in Resources */ = {isa = PBXBuildFile; fileRef = 5A7BFE0720AE831A0035D99F /* door.png */; };
		5A7BFE0E20AE831A0035D99F /* fire.png in Resources */ = {isa = PBXBuildFile; fileRef = 5A7BFE0820AE831A0035D99F /* fire.png */; };
		5A7BFE0F20AE831A0035D99F /* room.png in Resources */ = {isa = PBXBuildFile; fileRef = 5A7BFE0920AE831A0035D99F /* room.png */; };
		5A7BFE1020AE831A0035D99F /* ship.png in Resources */ = {isa = PBXBuildFile; fileRef = 5A7BFE0A20AE831A0035D99F /* ship.png */; };
		5A7BFE1120AE831A0035D99F /* sonw.png in Resources */ = {isa = PBXBuildFile; fileRef = 5A7BFE0B20AE831A0035D99F /* sonw.png */; };
		5A8B349120AD7C15005EB56D /* AbstractMobile.m in Sources */ = {isa = PBXBuildFile; fileRef = 5A8B349020AD7C15005EB56D /* AbstractMobile.m */; };
		5A8B349420AD7C2C005EB56D /* NokiaMobile.m in Sources */ = {isa = PBXBuildFile; fileRef = 5A8B349320AD7C2C005EB56D /* NokiaMobile.m */; };
		5A8B349720AD7C3E005EB56D /* AppleMobile.m in Sources */ = {isa = PBXBuildFile; fileRef = 5A8B349620AD7C3E005EB56D /* AppleMobile.m */; };
		5A8B349D20AD7F9F005EB56D /* MobileContractApp.m in Sources */ = {isa = PBXBuildFile; fileRef = 5A8B349C20AD7F9F005EB56D /* MobileContractApp.m */; };
		5A8B34A020AD7FB3005EB56D /* MobileWorkApp.m in Sources */ = {isa = PBXBuildFile; fileRef = 5A8B349F20AD7FB3005EB56D /* MobileWorkApp.m */; };
		5A8B34A320AD7FC0005EB56D /* MobileGameApp.m in Sources */ = {isa = PBXBuildFile; fileRef = 5A8B34A220AD7FC0005EB56D /* MobileGameApp.m */; };
		5ABC5FB920AD24C800D04B09 /* SqliteFactory.m in Sources */ = {isa = PBXBuildFile; fileRef = 5ABC5FB820AD24C800D04B09 /* SqliteFactory.m */; };
		5ABC5FBC20AD24D300D04B09 /* CoreDataFactory.m in Sources */ = {isa = PBXBuildFile; fileRef = 5ABC5FBB20AD24D300D04B09 /* CoreDataFactory.m */; };
		5ABC5FC320AD28BD00D04B09 /* AbstractFactoryController.m in Sources */ = {isa = PBXBuildFile; fileRef = 5ABC5FC220AD28BD00D04B09 /* AbstractFactoryController.m */; };
		5ABC5FCF20AD5BB400D04B09 /* BridgePatternController.m in Sources */ = {isa = PBXBuildFile; fileRef = 5ABC5FCE20AD5BB400D04B09 /* BridgePatternController.m */; };
		5ABC5FD520AD65B400D04B09 /* AbstractMessage.m in Sources */ = {isa = PBXBuildFile; fileRef = 5ABC5FD420AD65B400D04B09 /* AbstractMessage.m */; };
		5ABC5FD920AD670700D04B09 /* MessageSMS.m in Sources */ = {isa = PBXBuildFile; fileRef = 5ABC5FD820AD670700D04B09 /* MessageSMS.m */; };
		5ABC5FDC20AD672D00D04B09 /* MessageEmail.m in Sources */ = {isa = PBXBuildFile; fileRef = 5ABC5FDB20AD672D00D04B09 /* MessageEmail.m */; };
		5ABC5FDF20AD673A00D04B09 /* MessageMobile.m in Sources */ = {isa = PBXBuildFile; fileRef = 5ABC5FDE20AD673A00D04B09 /* MessageMobile.m */; };
		5ABC5FE420AD694E00D04B09 /* CommonMessage.m in Sources */ = {isa = PBXBuildFile; fileRef = 5ABC5FE320AD694E00D04B09 /* CommonMessage.m */; };
		5ABC5FE720AD695D00D04B09 /* UrgencyMessage.m in Sources */ = {isa = PBXBuildFile; fileRef = 5ABC5FE620AD695D00D04B09 /* UrgencyMessage.m */; };
		5ABC5FEA20AD696E00D04B09 /* SpecialUrgencyMessage.m in Sources */ = {isa = PBXBuildFile; fileRef = 5ABC5FE920AD696E00D04B09 /* SpecialUrgencyMessage.m */; };
/* End PBXBuildFile section */

/* Begin PBXFileReference section */
		5A03F75120AC05000097BC4F /* Constant.h */ = {isa = PBXFileReference; lastKnownFileType = sourcecode.c.h; path = Constant.h; sourceTree = "<group>"; };
		5A03F75220AC05B60097BC4F /* CaculateProtocol.h */ = {isa = PBXFileReference; lastKnownFileType = sourcecode.c.h; path = CaculateProtocol.h; sourceTree = "<group>"; };
		5A03F75320AC06AE0097BC4F /* CalculateAdd.h */ = {isa = PBXFileReference; lastKnownFileType = sourcecode.c.h; path = CalculateAdd.h; sourceTree = "<group>"; };
		5A03F75420AC06AE0097BC4F /* CalculateAdd.m */ = {isa = PBXFileReference; lastKnownFileType = sourcecode.c.objc; path = CalculateAdd.m; sourceTree = "<group>"; };
		5A03F75620AC06C10097BC4F /* CalculateMinus.h */ = {isa = PBXFileReference; lastKnownFileType = sourcecode.c.h; path = CalculateMinus.h; sourceTree = "<group>"; };
		5A03F75720AC06C10097BC4F /* CalculateMinus.m */ = {isa = PBXFileReference; lastKnownFileType = sourcecode.c.objc; path = CalculateMinus.m; sourceTree = "<group>"; };
		5A03F75920AC06D20097BC4F /* CalculateMultiply.h */ = {isa = PBXFileReference; lastKnownFileType = sourcecode.c.h; path = CalculateMultiply.h; sourceTree = "<group>"; };
		5A03F75A20AC06D20097BC4F /* CalculateMultiply.m */ = {isa = PBXFileReference; lastKnownFileType = sourcecode.c.objc; path = CalculateMultiply.m; sourceTree = "<group>"; };
		5A03F75C20AC06E20097BC4F /* CalculateDivide.h */ = {isa = PBXFileReference; lastKnownFileType = sourcecode.c.h; path = CalculateDivide.h; sourceTree = "<group>"; };
		5A03F75D20AC06E20097BC4F /* CalculateDivide.m */ = {isa = PBXFileReference; lastKnownFileType = sourcecode.c.objc; path = CalculateDivide.m; sourceTree = "<group>"; };
		5A03F75F20AC0E920097BC4F /* CalcluateFactory.h */ = {isa = PBXFileReference; lastKnownFileType = sourcecode.c.h; path = CalcluateFactory.h; sourceTree = "<group>"; };
		5A03F76020AC0E920097BC4F /* CalcluateFactory.m */ = {isa = PBXFileReference; lastKnownFileType = sourcecode.c.objc; path = CalcluateFactory.m; sourceTree = "<group>"; };
		5A03F76220AC10EE0097BC4F /* SimpleFactoryPatternController.h */ = {isa = PBXFileReference; lastKnownFileType = sourcecode.c.h; path = SimpleFactoryPatternController.h; sourceTree = "<group>"; };
		5A03F76320AC10EE0097BC4F /* SimpleFactoryPatternController.m */ = {isa = PBXFileReference; lastKnownFileType = sourcecode.c.objc; path = SimpleFactoryPatternController.m; sourceTree = "<group>"; };
		5A03F76720AC2AD70097BC4F /* FactoryMethodController.h */ = {isa = PBXFileReference; lastKnownFileType = sourcecode.c.h; path = FactoryMethodController.h; sourceTree = "<group>"; };
		5A03F76820AC2AD70097BC4F /* FactoryMethodController.m */ = {isa = PBXFileReference; lastKnownFileType = sourcecode.c.objc; path = FactoryMethodController.m; sourceTree = "<group>"; };
		5A03F76A20AC2B500097BC4F /* FactoryMethodProtocol.h */ = {isa = PBXFileReference; lastKnownFileType = sourcecode.c.h; path = FactoryMethodProtocol.h; sourceTree = "<group>"; };
		5A03F76B20AC2B730097BC4F /* CalculateMethodProtocol.h */ = {isa = PBXFileReference; lastKnownFileType = sourcecode.c.h; path = CalculateMethodProtocol.h; sourceTree = "<group>"; };
		5A03F76C20AC2CD50097BC4F /* FactoryAdd.h */ = {isa = PBXFileReference; lastKnownFileType = sourcecode.c.h; path = FactoryAdd.h; sourceTree = "<group>"; };
		5A03F76D20AC2CD50097BC4F /* FactoryAdd.m */ = {isa = PBXFileReference; lastKnownFileType = sourcecode.c.objc; path = FactoryAdd.m; sourceTree = "<group>"; };
		5A03F76F20AC2D510097BC4F /* FactoryMethodCalculateAdd.h */ = {isa = PBXFileReference; lastKnownFileType = sourcecode.c.h; path = FactoryMethodCalculateAdd.h; sourceTree = "<group>"; };
		5A03F77020AC2D510097BC4F /* FactoryMethodCalculateAdd.m */ = {isa = PBXFileReference; lastKnownFileType = sourcecode.c.objc; path = FactoryMethodCalculateAdd.m; sourceTree = "<group>"; };
		5A03F77220AC2DC00097BC4F /* FactoryMinus.h */ = {isa = PBXFileReference; lastKnownFileType = sourcecode.c.h; path = FactoryMinus.h; sourceTree = "<group>"; };
		5A03F77320AC2DC00097BC4F /* FactoryMinus.m */ = {isa = PBXFileReference; lastKnownFileType = sourcecode.c.objc; path = FactoryMinus.m; sourceTree = "<group>"; };
		5A03F77520AC2DDB0097BC4F /* FactoryMethodCalculateMinus.h */ = {isa = PBXFileReference; lastKnownFileType = sourcecode.c.h; path = FactoryMethodCalculateMinus.h; sourceTree = "<group>"; };
		5A03F77620AC2DDB0097BC4F /* FactoryMethodCalculateMinus.m */ = {isa = PBXFileReference; lastKnownFileType = sourcecode.c.objc; path = FactoryMethodCalculateMinus.m; sourceTree = "<group>"; };
		5A03F77820AC2F1B0097BC4F /* FactoryMultiply.h */ = {isa = PBXFileReference; lastKnownFileType = sourcecode.c.h; path = FactoryMultiply.h; sourceTree = "<group>"; };
		5A03F77920AC2F1B0097BC4F /* FactoryMultiply.m */ = {isa = PBXFileReference; lastKnownFileType = sourcecode.c.objc; path = FactoryMultiply.m; sourceTree = "<group>"; };
		5A03F77B20AC2F440097BC4F /* FactoryMethodCalculateMultiply.h */ = {isa = PBXFileReference; lastKnownFileType = sourcecode.c.h; path = FactoryMethodCalculateMultiply.h; sourceTree = "<group>"; };
		5A03F77C20AC2F440097BC4F /* FactoryMethodCalculateMultiply.m */ = {isa = PBXFileReference; lastKnownFileType = sourcecode.c.objc; path = FactoryMethodCalculateMultiply.m; sourceTree = "<group>"; };
		5A03F77E20AC2FBA0097BC4F /* FactoryDivide.h */ = {isa = PBXFileReference; lastKnownFileType = sourcecode.c.h; path = FactoryDivide.h; sourceTree = "<group>"; };
		5A03F77F20AC2FBA0097BC4F /* FactoryDivide.m */ = {isa = PBXFileReference; lastKnownFileType = sourcecode.c.objc; path = FactoryDivide.m; sourceTree = "<group>"; };
		5A03F78120AC2FD00097BC4F /* FactoryMethodCalculateDivide.h */ = {isa = PBXFileReference; lastKnownFileType = sourcecode.c.h; path = FactoryMethodCalculateDivide.h; sourceTree = "<group>"; };
		5A03F78220AC2FD00097BC4F /* FactoryMethodCalculateDivide.m */ = {isa = PBXFileReference; lastKnownFileType = sourcecode.c.objc; path = FactoryMethodCalculateDivide.m; sourceTree = "<group>"; };
		5A355BFB20AD237400A26F2F /* CoreDataSettingsInfo.h */ = {isa = PBXFileReference; fileEncoding = 4; lastKnownFileType = sourcecode.c.h; path = CoreDataSettingsInfo.h; sourceTree = "<group>"; };
		5A355BFC20AD237400A26F2F /* User.m */ = {isa = PBXFileReference; fileEncoding = 4; lastKnownFileType = sourcecode.c.objc; path = User.m; sourceTree = "<group>"; };
		5A355BFD20AD237400A26F2F /* UserInfoProrocol.h */ = {isa = PBXFileReference; fileEncoding = 4; lastKnownFileType = sourcecode.c.h; path = UserInfoProrocol.h; sourceTree = "<group>"; };
		5A355BFE20AD237400A26F2F /* City.h */ = {isa = PBXFileReference; fileEncoding = 4; lastKnownFileType = sourcecode.c.h; path = City.h; sourceTree = "<group>"; };
		5A355BFF20AD237400A26F2F /* SqliteUserInfo.m */ = {isa = PBXFileReference; fileEncoding = 4; lastKnownFileType = sourcecode.c.objc; path = SqliteUserInfo.m; sourceTree = "<group>"; };
		5A355C0020AD237400A26F2F /* SqliteSearchInfo.h */ = {isa = PBXFileReference; fileEncoding = 4; lastKnownFileType = sourcecode.c.h; path = SqliteSearchInfo.h; sourceTree = "<group>"; };
		5A355C0120AD237400A26F2F /* CoreDataSearchInfo.h */ = {isa = PBXFileReference; fileEncoding = 4; lastKnownFileType = sourcecode.c.h; path = CoreDataSearchInfo.h; sourceTree = "<group>"; };
		5A355C0220AD237400A26F2F /* CoreDataUserInfo.h */ = {isa = PBXFileReference; fileEncoding = 4; lastKnownFileType = sourcecode.c.h; path = CoreDataUserInfo.h; sourceTree = "<group>"; };
		5A355C0320AD237400A26F2F /* SettingsInfoProtocol.h */ = {isa = PBXFileReference; fileEncoding = 4; lastKnownFileType = sourcecode.c.h; path = SettingsInfoProtocol.h; sourceTree = "<group>"; };
		5A355C0420AD237400A26F2F /* CoreDataSearchInfo.m */ = {isa = PBXFileReference; fileEncoding = 4; lastKnownFileType = sourcecode.c.objc; path = CoreDataSearchInfo.m; sourceTree = "<group>"; };
		5A355C0520AD237400A26F2F /* SqliteSettingsInfo.h */ = {isa = PBXFileReference; fileEncoding = 4; lastKnownFileType = sourcecode.c.h; path = SqliteSettingsInfo.h; sourceTree = "<group>"; };
		5A355C0620AD237400A26F2F /* User.h */ = {isa = PBXFileReference; fileEncoding = 4; lastKnownFileType = sourcecode.c.h; path = User.h; sourceTree = "<group>"; };
		5A355C0720AD237400A26F2F /* CoreDataUserInfo.m */ = {isa = PBXFileReference; fileEncoding = 4; lastKnownFileType = sourcecode.c.objc; path = CoreDataUserInfo.m; sourceTree = "<group>"; };
		5A355C0820AD237400A26F2F /* SearchInfoProtocol.h */ = {isa = PBXFileReference; fileEncoding = 4; lastKnownFileType = sourcecode.c.h; path = SearchInfoProtocol.h; sourceTree = "<group>"; };
		5A355C0920AD237400A26F2F /* SqliteSearchInfo.m */ = {isa = PBXFileReference; fileEncoding = 4; lastKnownFileType = sourcecode.c.objc; path = SqliteSearchInfo.m; sourceTree = "<group>"; };
		5A355C0A20AD237500A26F2F /* SqliteUserInfo.h */ = {isa = PBXFileReference; fileEncoding = 4; lastKnownFileType = sourcecode.c.h; path = SqliteUserInfo.h; sourceTree = "<group>"; };
		5A355C0B20AD237500A26F2F /* City.m */ = {isa = PBXFileReference; fileEncoding = 4; lastKnownFileType = sourcecode.c.objc; path = City.m; sourceTree = "<group>"; };
		5A355C0C20AD237500A26F2F /* CoreDataSettingsInfo.m */ = {isa = PBXFileReference; fileEncoding = 4; lastKnownFileType = sourcecode.c.objc; path = CoreDataSettingsInfo.m; sourceTree = "<group>"; };
		5A355C0D20AD237500A26F2F /* SqliteSettingsInfo.m */ = {isa = PBXFileReference; fileEncoding = 4; lastKnownFileType = sourcecode.c.objc; path = SqliteSettingsInfo.m; sourceTree = "<group>"; };
		5A355C1A20AD23C400A26F2F /* FactoryProtocol.h */ = {isa = PBXFileReference; lastKnownFileType = sourcecode.c.h; path = FactoryProtocol.h; sourceTree = "<group>"; };
		5A409B5820ADC080004A04FF /* DecoratorPatternController.h */ = {isa = PBXFileReference; lastKnownFileType = sourcecode.c.h; path = DecoratorPatternController.h; sourceTree = "<group>"; };
		5A409B5920ADC080004A04FF /* DecoratorPatternController.m */ = {isa = PBXFileReference; lastKnownFileType = sourcecode.c.objc; path = DecoratorPatternController.m; sourceTree = "<group>"; };
		5A409B5C20ADC119004A04FF /* Transformers.h */ = {isa = PBXFileReference; lastKnownFileType = sourcecode.c.h; path = Transformers.h; sourceTree = "<group>"; };
		5A409B5D20ADC119004A04FF /* Transformers.m */ = {isa = PBXFileReference; lastKnownFileType = sourcecode.c.objc; path = Transformers.m; sourceTree = "<group>"; };
		5A409B5F20ADC137004A04FF /* CarTransformer.h */ = {isa = PBXFileReference; lastKnownFileType = sourcecode.c.h; path = CarTransformer.h; sourceTree = "<group>"; };
		5A409B6020ADC137004A04FF /* CarTransformer.m */ = {isa = PBXFileReference; lastKnownFileType = sourcecode.c.objc; path = CarTransformer.m; sourceTree = "<group>"; };
		5A409B6220ADC1A9004A04FF /* ChangerDecrator.h */ = {isa = PBXFileReference; lastKnownFileType = sourcecode.c.h; path = ChangerDecrator.h; sourceTree = "<group>"; };
		5A409B6320ADC1A9004A04FF /* ChangerDecrator.m */ = {isa = PBXFileReference; lastKnownFileType = sourcecode.c.objc; path = ChangerDecrator.m; sourceTree = "<group>"; };
		5A409B6620ADCA22004A04FF /* ConcreteFlyDecrator.h */ = {isa = PBXFileReference; lastKnownFileType = sourcecode.c.h; path = ConcreteFlyDecrator.h; sourceTree = "<group>"; };
		5A409B6720ADCA22004A04FF /* ConcreteFlyDecrator.m */ = {isa = PBXFileReference; lastKnownFileType = sourcecode.c.objc; path = ConcreteFlyDecrator.m; sourceTree = "<group>"; };
		5A409B6920ADCA3B004A04FF /* ConcreteTalkDecrator.h */ = {isa = PBXFileReference; lastKnownFileType = sourcecode.c.h; path = ConcreteTalkDecrator.h; sourceTree = "<group>"; };
		5A409B6A20ADCA3B004A04FF /* ConcreteTalkDecrator.m */ = {isa = PBXFileReference; lastKnownFileType = sourcecode.c.objc; path = ConcreteTalkDecrator.m; sourceTree = "<group>"; };
		5A44869A20AAD4050084C8B3 /* UIViewController+loadFromStoryBoard.h */ = {isa = PBXFileReference; fileEncoding = 4; lastKnownFileType = sourcecode.c.h; path = "UIViewController+loadFromStoryBoard.h"; sourceTree = "<group>"; };
		5A44869B20AAD4050084C8B3 /* UIViewController+loadFromStoryBoard.m */ = {isa = PBXFileReference; fileEncoding = 4; lastKnownFileType = sourcecode.c.objc; path = "UIViewController+loadFromStoryBoard.m"; sourceTree = "<group>"; };
		5A6CE7AB20A529A20046585D /* Design_Demo.app */ = {isa = PBXFileReference; explicitFileType = wrapper.application; includeInIndex = 0; path = Design_Demo.app; sourceTree = BUILT_PRODUCTS_DIR; };
		5A6CE7AE20A529A20046585D /* AppDelegate.h */ = {isa = PBXFileReference; lastKnownFileType = sourcecode.c.h; path = AppDelegate.h; sourceTree = "<group>"; };
		5A6CE7AF20A529A20046585D /* AppDelegate.m */ = {isa = PBXFileReference; lastKnownFileType = sourcecode.c.objc; path = AppDelegate.m; sourceTree = "<group>"; };
		5A6CE7B120A529A20046585D /* ViewController.h */ = {isa = PBXFileReference; lastKnownFileType = sourcecode.c.h; path = ViewController.h; sourceTree = "<group>"; };
		5A6CE7B220A529A20046585D /* ViewController.m */ = {isa = PBXFileReference; lastKnownFileType = sourcecode.c.objc; path = ViewController.m; sourceTree = "<group>"; };
		5A6CE7B520A529A30046585D /* Base */ = {isa = PBXFileReference; lastKnownFileType = file.storyboard; name = Base; path = Base.lproj/Main.storyboard; sourceTree = "<group>"; };
		5A6CE7B720A529A40046585D /* Assets.xcassets */ = {isa = PBXFileReference; lastKnownFileType = folder.assetcatalog; path = Assets.xcassets; sourceTree = "<group>"; };
		5A6CE7BA20A529A40046585D /* Base */ = {isa = PBXFileReference; lastKnownFileType = file.storyboard; name = Base; path = Base.lproj/LaunchScreen.storyboard; sourceTree = "<group>"; };
		5A6CE7BC20A529A40046585D /* Info.plist */ = {isa = PBXFileReference; lastKnownFileType = text.plist.xml; path = Info.plist; sourceTree = "<group>"; };
		5A6CE7BD20A529A40046585D /* main.m */ = {isa = PBXFileReference; lastKnownFileType = sourcecode.c.objc; path = main.m; sourceTree = "<group>"; };
		5A7BFDBC20AE65470035D99F /* AdapterPatternController.h */ = {isa = PBXFileReference; lastKnownFileType = sourcecode.c.h; path = AdapterPatternController.h; sourceTree = "<group>"; };
		5A7BFDBD20AE65470035D99F /* AdapterPatternController.m */ = {isa = PBXFileReference; lastKnownFileType = sourcecode.c.objc; path = AdapterPatternController.m; sourceTree = "<group>"; };
		5A7BFDBF20AE6E8D0035D99F /* AdapterTestView.h */ = {isa = PBXFileReference; lastKnownFileType = sourcecode.c.h; path = AdapterTestView.h; sourceTree = "<group>"; };
		5A7BFDC020AE6E8D0035D99F /* AdapterTestView.m */ = {isa = PBXFileReference; lastKnownFileType = sourcecode.c.objc; path = AdapterTestView.m; sourceTree = "<group>"; };
		5A7BFDC220AE6E980035D99F /* AdapterTestView.xib */ = {isa = PBXFileReference; lastKnownFileType = file.xib; path = AdapterTestView.xib; sourceTree = "<group>"; };
		5A7BFDC420AE6FA40035D99F /* TargetModelProtocol.h */ = {isa = PBXFileReference; lastKnownFileType = sourcecode.c.h; path = TargetModelProtocol.h; sourceTree = "<group>"; };
		5A7BFDCC20AE71130035D99F /* FlyModel.h */ = {isa = PBXFileReference; lastKnownFileType = sourcecode.c.h; path = FlyModel.h; sourceTree = "<group>"; };
		5A7BFDCD20AE71130035D99F /* FlyModel.m */ = {isa = PBXFileReference; lastKnownFileType = sourcecode.c.objc; path = FlyModel.m; sourceTree = "<group>"; };
		5A7BFDD220AE76000035D99F /* ClassAdapter.h */ = {isa = PBXFileReference; lastKnownFileType = sourcecode.c.h; path = ClassAdapter.h; sourceTree = "<group>"; };
		5A7BFDD320AE76000035D99F /* ClassAdapter.m */ = {isa = PBXFileReference; lastKnownFileType = sourcecode.c.objc; path = ClassAdapter.m; sourceTree = "<group>"; };
		5A7BFDD520AE761C0035D99F /* ObjectAdapter.h */ = {isa = PBXFileReference; lastKnownFileType = sourcecode.c.h; path = ObjectAdapter.h; sourceTree = "<group>"; };
		5A7BFDD620AE761C0035D99F /* ObjectAdapter.m */ = {isa = PBXFileReference; lastKnownFileType = sourcecode.c.objc; path = ObjectAdapter.m; sourceTree = "<group>"; };
		5A7BFDD820AE79660035D99F /* ClassAdapteeProtocol.h */ = {isa = PBXFileReference; lastKnownFileType = sourcecode.c.h; path = ClassAdapteeProtocol.h; sourceTree = "<group>"; };
		5A7BFDDA20AE7CC30035D99F /* UIView+loadFromNib.h */ = {isa = PBXFileReference; lastKnownFileType = sourcecode.c.h; path = "UIView+loadFromNib.h"; sourceTree = "<group>"; };
		5A7BFDDB20AE7CC30035D99F /* UIView+loadFromNib.m */ = {isa = PBXFileReference; lastKnownFileType = sourcecode.c.objc; path = "UIView+loadFromNib.m"; sourceTree = "<group>"; };
		5A7BFE0620AE831A0035D99F /* ball.png */ = {isa = PBXFileReference; lastKnownFileType = image.png; path = ball.png; sourceTree = "<group>"; };
		5A7BFE0720AE831A0035D99F /* door.png */ = {isa = PBXFileReference; lastKnownFileType = image.png; path = door.png; sourceTree = "<group>"; };
		5A7BFE0820AE831A0035D99F /* fire.png */ = {isa = PBXFileReference; lastKnownFileType = image.png; path = fire.png; sourceTree = "<group>"; };
		5A7BFE0920AE831A0035D99F /* room.png */ = {isa = PBXFileReference; lastKnownFileType = image.png; path = room.png; sourceTree = "<group>"; };
		5A7BFE0A20AE831A0035D99F /* ship.png */ = {isa = PBXFileReference; lastKnownFileType = image.png; path = ship.png; sourceTree = "<group>"; };
		5A7BFE0B20AE831A0035D99F /* sonw.png */ = {isa = PBXFileReference; lastKnownFileType = image.png; path = sonw.png; sourceTree = "<group>"; };
		5A8B348F20AD7C15005EB56D /* AbstractMobile.h */ = {isa = PBXFileReference; lastKnownFileType = sourcecode.c.h; path = AbstractMobile.h; sourceTree = "<group>"; };
		5A8B349020AD7C15005EB56D /* AbstractMobile.m */ = {isa = PBXFileReference; lastKnownFileType = sourcecode.c.objc; path = AbstractMobile.m; sourceTree = "<group>"; };
		5A8B349220AD7C2C005EB56D /* NokiaMobile.h */ = {isa = PBXFileReference; lastKnownFileType = sourcecode.c.h; path = NokiaMobile.h; sourceTree = "<group>"; };
		5A8B349320AD7C2C005EB56D /* NokiaMobile.m */ = {isa = PBXFileReference; lastKnownFileType = sourcecode.c.objc; path = NokiaMobile.m; sourceTree = "<group>"; };
		5A8B349520AD7C3E005EB56D /* AppleMobile.h */ = {isa = PBXFileReference; lastKnownFileType = sourcecode.c.h; path = AppleMobile.h; sourceTree = "<group>"; };
		5A8B349620AD7C3E005EB56D /* AppleMobile.m */ = {isa = PBXFileReference; lastKnownFileType = sourcecode.c.objc; path = AppleMobile.m; sourceTree = "<group>"; };
		5A8B349A20AD7CD7005EB56D /* MobileImplementProtocol.h */ = {isa = PBXFileReference; lastKnownFileType = sourcecode.c.h; path = MobileImplementProtocol.h; sourceTree = "<group>"; };
		5A8B349B20AD7F9F005EB56D /* MobileContractApp.h */ = {isa = PBXFileReference; lastKnownFileType = sourcecode.c.h; path = MobileContractApp.h; sourceTree = "<group>"; };
		5A8B349C20AD7F9F005EB56D /* MobileContractApp.m */ = {isa = PBXFileReference; lastKnownFileType = sourcecode.c.objc; path = MobileContractApp.m; sourceTree = "<group>"; };
		5A8B349E20AD7FB3005EB56D /* MobileWorkApp.h */ = {isa = PBXFileReference; lastKnownFileType = sourcecode.c.h; path = MobileWorkApp.h; sourceTree = "<group>"; };
		5A8B349F20AD7FB3005EB56D /* MobileWorkApp.m */ = {isa = PBXFileReference; lastKnownFileType = sourcecode.c.objc; path = MobileWorkApp.m; sourceTree = "<group>"; };
		5A8B34A120AD7FC0005EB56D /* MobileGameApp.h */ = {isa = PBXFileReference; lastKnownFileType = sourcecode.c.h; path = MobileGameApp.h; sourceTree = "<group>"; };
		5A8B34A220AD7FC0005EB56D /* MobileGameApp.m */ = {isa = PBXFileReference; lastKnownFileType = sourcecode.c.objc; path = MobileGameApp.m; sourceTree = "<group>"; };
		5ABC5FB720AD24C800D04B09 /* SqliteFactory.h */ = {isa = PBXFileReference; lastKnownFileType = sourcecode.c.h; path = SqliteFactory.h; sourceTree = "<group>"; };
		5ABC5FB820AD24C800D04B09 /* SqliteFactory.m */ = {isa = PBXFileReference; lastKnownFileType = sourcecode.c.objc; path = SqliteFactory.m; sourceTree = "<group>"; };
		5ABC5FBA20AD24D300D04B09 /* CoreDataFactory.h */ = {isa = PBXFileReference; lastKnownFileType = sourcecode.c.h; path = CoreDataFactory.h; sourceTree = "<group>"; };
		5ABC5FBB20AD24D300D04B09 /* CoreDataFactory.m */ = {isa = PBXFileReference; lastKnownFileType = sourcecode.c.objc; path = CoreDataFactory.m; sourceTree = "<group>"; };
		5ABC5FC120AD28BD00D04B09 /* AbstractFactoryController.h */ = {isa = PBXFileReference; lastKnownFileType = sourcecode.c.h; path = AbstractFactoryController.h; sourceTree = "<group>"; };
		5ABC5FC220AD28BD00D04B09 /* AbstractFactoryController.m */ = {isa = PBXFileReference; lastKnownFileType = sourcecode.c.objc; path = AbstractFactoryController.m; sourceTree = "<group>"; };
		5ABC5FCD20AD5BB400D04B09 /* BridgePatternController.h */ = {isa = PBXFileReference; lastKnownFileType = sourcecode.c.h; path = BridgePatternController.h; sourceTree = "<group>"; };
		5ABC5FCE20AD5BB400D04B09 /* BridgePatternController.m */ = {isa = PBXFileReference; lastKnownFileType = sourcecode.c.objc; path = BridgePatternController.m; sourceTree = "<group>"; };
		5ABC5FD320AD65B400D04B09 /* AbstractMessage.h */ = {isa = PBXFileReference; lastKnownFileType = sourcecode.c.h; path = AbstractMessage.h; sourceTree = "<group>"; };
		5ABC5FD420AD65B400D04B09 /* AbstractMessage.m */ = {isa = PBXFileReference; lastKnownFileType = sourcecode.c.objc; path = AbstractMessage.m; sourceTree = "<group>"; };
		5ABC5FD720AD670700D04B09 /* MessageSMS.h */ = {isa = PBXFileReference; lastKnownFileType = sourcecode.c.h; path = MessageSMS.h; sourceTree = "<group>"; };
		5ABC5FD820AD670700D04B09 /* MessageSMS.m */ = {isa = PBXFileReference; lastKnownFileType = sourcecode.c.objc; path = MessageSMS.m; sourceTree = "<group>"; };
		5ABC5FDA20AD672D00D04B09 /* MessageEmail.h */ = {isa = PBXFileReference; lastKnownFileType = sourcecode.c.h; path = MessageEmail.h; sourceTree = "<group>"; };
		5ABC5FDB20AD672D00D04B09 /* MessageEmail.m */ = {isa = PBXFileReference; lastKnownFileType = sourcecode.c.objc; path = MessageEmail.m; sourceTree = "<group>"; };
		5ABC5FDD20AD673A00D04B09 /* MessageMobile.h */ = {isa = PBXFileReference; lastKnownFileType = sourcecode.c.h; path = MessageMobile.h; sourceTree = "<group>"; };
		5ABC5FDE20AD673A00D04B09 /* MessageMobile.m */ = {isa = PBXFileReference; lastKnownFileType = sourcecode.c.objc; path = MessageMobile.m; sourceTree = "<group>"; };
		5ABC5FE120AD68CE00D04B09 /* MessageImplementProtocol.h */ = {isa = PBXFileReference; fileEncoding = 4; lastKnownFileType = sourcecode.c.h; path = MessageImplementProtocol.h; sourceTree = "<group>"; };
		5ABC5FE220AD694E00D04B09 /* CommonMessage.h */ = {isa = PBXFileReference; lastKnownFileType = sourcecode.c.h; path = CommonMessage.h; sourceTree = "<group>"; };
		5ABC5FE320AD694E00D04B09 /* CommonMessage.m */ = {isa = PBXFileReference; lastKnownFileType = sourcecode.c.objc; path = CommonMessage.m; sourceTree = "<group>"; };
		5ABC5FE520AD695D00D04B09 /* UrgencyMessage.h */ = {isa = PBXFileReference; lastKnownFileType = sourcecode.c.h; path = UrgencyMessage.h; sourceTree = "<group>"; };
		5ABC5FE620AD695D00D04B09 /* UrgencyMessage.m */ = {isa = PBXFileReference; lastKnownFileType = sourcecode.c.objc; path = UrgencyMessage.m; sourceTree = "<group>"; };
		5ABC5FE820AD696E00D04B09 /* SpecialUrgencyMessage.h */ = {isa = PBXFileReference; lastKnownFileType = sourcecode.c.h; path = SpecialUrgencyMessage.h; sourceTree = "<group>"; };
		5ABC5FE920AD696E00D04B09 /* SpecialUrgencyMessage.m */ = {isa = PBXFileReference; lastKnownFileType = sourcecode.c.objc; path = SpecialUrgencyMessage.m; sourceTree = "<group>"; };
/* End PBXFileReference section */

/* Begin PBXFrameworksBuildPhase section */
		5A6CE7A820A529A20046585D /* Frameworks */ = {
			isa = PBXFrameworksBuildPhase;
			buildActionMask = 2147483647;
			files = (
			);
			runOnlyForDeploymentPostprocessing = 0;
		};
/* End PBXFrameworksBuildPhase section */

/* Begin PBXGroup section */
		5A03F75020AC044D0097BC4F /* 简单工厂模式 */ = {
			isa = PBXGroup;
			children = (
				5A03F76520AC187F0097BC4F /* 计算器 */,
			);
			path = "简单工厂模式";
			sourceTree = "<group>";
		};
		5A03F76520AC187F0097BC4F /* 计算器 */ = {
			isa = PBXGroup;
			children = (
				5ABC5FCA20AD2EBB00D04B09 /* 抽象产品 */,
				5ABC5FC920AD2EAD00D04B09 /* 具体产品 */,
				5ABC5FC820AD2EA000D04B09 /* 工厂 */,
				5A03F76220AC10EE0097BC4F /* SimpleFactoryPatternController.h */,
				5A03F76320AC10EE0097BC4F /* SimpleFactoryPatternController.m */,
			);
			path = "计算器";
			sourceTree = "<group>";
		};
		5A03F76620AC2AA70097BC4F /* 工厂方法模式 */ = {
			isa = PBXGroup;
			children = (
				5A03F76720AC2AD70097BC4F /* FactoryMethodController.h */,
				5A03F76820AC2AD70097BC4F /* FactoryMethodController.m */,
				5ABC5FC420AD2D4100D04B09 /* 抽象工厂 */,
				5ABC5FC520AD2D5700D04B09 /* 具体工厂 */,
				5ABC5FC720AD2E6800D04B09 /* 抽象产品 */,
				5ABC5FC620AD2D7A00D04B09 /* 具体产品 */,
			);
			path = "工厂方法模式";
			sourceTree = "<group>";
		};
		5A355C1620AD237E00A26F2F /* Model */ = {
			isa = PBXGroup;
			children = (
				5A355BFE20AD237400A26F2F /* City.h */,
				5A355C0B20AD237500A26F2F /* City.m */,
				5A355C0620AD237400A26F2F /* User.h */,
				5A355BFC20AD237400A26F2F /* User.m */,
			);
			path = Model;
			sourceTree = "<group>";
		};
		5A355C1720AD238F00A26F2F /* UserInfo */ = {
			isa = PBXGroup;
			children = (
				5A355C0220AD237400A26F2F /* CoreDataUserInfo.h */,
				5A355C0720AD237400A26F2F /* CoreDataUserInfo.m */,
				5A355C0A20AD237500A26F2F /* SqliteUserInfo.h */,
				5A355BFF20AD237400A26F2F /* SqliteUserInfo.m */,
			);
			path = UserInfo;
			sourceTree = "<group>";
		};
		5A355C1820AD239E00A26F2F /* SearchInfo */ = {
			isa = PBXGroup;
			children = (
				5A355C0120AD237400A26F2F /* CoreDataSearchInfo.h */,
				5A355C0420AD237400A26F2F /* CoreDataSearchInfo.m */,
				5A355C0020AD237400A26F2F /* SqliteSearchInfo.h */,
				5A355C0920AD237400A26F2F /* SqliteSearchInfo.m */,
			);
			path = SearchInfo;
			sourceTree = "<group>";
		};
		5A355C1920AD23AA00A26F2F /* SettingsInfo */ = {
			isa = PBXGroup;
			children = (
				5A355BFB20AD237400A26F2F /* CoreDataSettingsInfo.h */,
				5A355C0C20AD237500A26F2F /* CoreDataSettingsInfo.m */,
				5A355C0520AD237400A26F2F /* SqliteSettingsInfo.h */,
				5A355C0D20AD237500A26F2F /* SqliteSettingsInfo.m */,
			);
			path = SettingsInfo;
			sourceTree = "<group>";
		};
		5A409B5720ADC042004A04FF /* 装饰模式 */ = {
			isa = PBXGroup;
			children = (
				5A409B5820ADC080004A04FF /* DecoratorPatternController.h */,
				5A409B5920ADC080004A04FF /* DecoratorPatternController.m */,
				5A409B5B20ADC0BE004A04FF /* 组件 */,
				5A409B6520ADC1AE004A04FF /* 装饰者 */,
			);
			path = "装饰模式";
			sourceTree = "<group>";
		};
		5A409B5B20ADC0BE004A04FF /* 组件 */ = {
			isa = PBXGroup;
			children = (
				5A409B5C20ADC119004A04FF /* Transformers.h */,
				5A409B5D20ADC119004A04FF /* Transformers.m */,
				5A409B5F20ADC137004A04FF /* CarTransformer.h */,
				5A409B6020ADC137004A04FF /* CarTransformer.m */,
			);
			path = "组件";
			sourceTree = "<group>";
		};
		5A409B6520ADC1AE004A04FF /* 装饰者 */ = {
			isa = PBXGroup;
			children = (
				5A409B6220ADC1A9004A04FF /* ChangerDecrator.h */,
				5A409B6320ADC1A9004A04FF /* ChangerDecrator.m */,
				5A409B6620ADCA22004A04FF /* ConcreteFlyDecrator.h */,
				5A409B6720ADCA22004A04FF /* ConcreteFlyDecrator.m */,
				5A409B6920ADCA3B004A04FF /* ConcreteTalkDecrator.h */,
				5A409B6A20ADCA3B004A04FF /* ConcreteTalkDecrator.m */,
			);
			path = "装饰者";
			sourceTree = "<group>";
		};
		5A6CE7A220A529A20046585D = {
			isa = PBXGroup;
			children = (
				5A6CE7AD20A529A20046585D /* Design_Demo */,
				5A6CE7AC20A529A20046585D /* Products */,
			);
			sourceTree = "<group>";
		};
		5A6CE7AC20A529A20046585D /* Products */ = {
			isa = PBXGroup;
			children = (
				5A6CE7AB20A529A20046585D /* Design_Demo.app */,
			);
			name = Products;
			sourceTree = "<group>";
		};
		5A6CE7AD20A529A20046585D /* Design_Demo */ = {
			isa = PBXGroup;
			children = (
				5A6CE7B120A529A20046585D /* ViewController.h */,
				5A6CE7B220A529A20046585D /* ViewController.m */,
				5A7BFDBB20AE65110035D99F /* 适配器模式 */,
				5A409B5720ADC042004A04FF /* 装饰模式 */,
				5ABC5FCC20AD5B9800D04B09 /* 桥接模式 */,
				5AFE99D920AD183200FBF19D /* 抽象工厂模式 */,
				5A03F76620AC2AA70097BC4F /* 工厂方法模式 */,
				5A03F75020AC044D0097BC4F /* 简单工厂模式 */,
				5ABC5FEB20AD6C9A00D04B09 /* Other */,
				5A6CE7BC20A529A40046585D /* Info.plist */,
			);
			path = Design_Demo;
			sourceTree = "<group>";
		};
		5A7BFDBB20AE65110035D99F /* 适配器模式 */ = {
			isa = PBXGroup;
			children = (
				5A7BFDBC20AE65470035D99F /* AdapterPatternController.h */,
				5A7BFDBD20AE65470035D99F /* AdapterPatternController.m */,
				5A7BFDBF20AE6E8D0035D99F /* AdapterTestView.h */,
				5A7BFDC020AE6E8D0035D99F /* AdapterTestView.m */,
				5A7BFDC220AE6E980035D99F /* AdapterTestView.xib */,
				5A7BFDC520AE702C0035D99F /* Target */,
				5A7BFDC620AE70350035D99F /* Adapter */,
				5A7BFDC820AE704F0035D99F /* Adaptee */,
			);
			path = "适配器模式";
			sourceTree = "<group>";
		};
		5A7BFDC520AE702C0035D99F /* Target */ = {
			isa = PBXGroup;
			children = (
				5A7BFDC420AE6FA40035D99F /* TargetModelProtocol.h */,
			);
			path = Target;
			sourceTree = "<group>";
		};
		5A7BFDC620AE70350035D99F /* Adapter */ = {
			isa = PBXGroup;
			children = (
				5A7BFDD220AE76000035D99F /* ClassAdapter.h */,
				5A7BFDD320AE76000035D99F /* ClassAdapter.m */,
				5A7BFDD520AE761C0035D99F /* ObjectAdapter.h */,
				5A7BFDD620AE761C0035D99F /* ObjectAdapter.m */,
			);
			path = Adapter;
			sourceTree = "<group>";
		};
		5A7BFDC820AE704F0035D99F /* Adaptee */ = {
			isa = PBXGroup;
			children = (
				5A7BFDCC20AE71130035D99F /* FlyModel.h */,
				5A7BFDCD20AE71130035D99F /* FlyModel.m */,
				5A7BFDD920AE79750035D99F /* 类适配器 */,
			);
			path = Adaptee;
			sourceTree = "<group>";
		};
		5A7BFDD920AE79750035D99F /* 类适配器 */ = {
			isa = PBXGroup;
			children = (
				5A7BFDD820AE79660035D99F /* ClassAdapteeProtocol.h */,
			);
			path = "类适配器";
			sourceTree = "<group>";
		};
		5A7BFE0520AE831A0035D99F /* Resource */ = {
			isa = PBXGroup;
			children = (
				5A7BFE0620AE831A0035D99F /* ball.png */,
				5A7BFE0720AE831A0035D99F /* door.png */,
				5A7BFE0820AE831A0035D99F /* fire.png */,
				5A7BFE0920AE831A0035D99F /* room.png */,
				5A7BFE0A20AE831A0035D99F /* ship.png */,
				5A7BFE0B20AE831A0035D99F /* sonw.png */,
			);
			path = Resource;
			sourceTree = "<group>";
		};
		5A8B348E20AD7BE9005EB56D /* 手机例子 */ = {
			isa = PBXGroup;
			children = (
				5A8B349920AD7CA5005EB56D /* 实现部分 */,
				5A8B349820AD7C91005EB56D /* 抽象部分 */,
			);
			path = "手机例子";
			sourceTree = "<group>";
		};
		5A8B349820AD7C91005EB56D /* 抽象部分 */ = {
			isa = PBXGroup;
			children = (
				5A8B348F20AD7C15005EB56D /* AbstractMobile.h */,
				5A8B349020AD7C15005EB56D /* AbstractMobile.m */,
				5A8B349220AD7C2C005EB56D /* NokiaMobile.h */,
				5A8B349320AD7C2C005EB56D /* NokiaMobile.m */,
				5A8B349520AD7C3E005EB56D /* AppleMobile.h */,
				5A8B349620AD7C3E005EB56D /* AppleMobile.m */,
			);
			path = "抽象部分";
			sourceTree = "<group>";
		};
		5A8B349920AD7CA5005EB56D /* 实现部分 */ = {
			isa = PBXGroup;
			children = (
				5A8B349A20AD7CD7005EB56D /* MobileImplementProtocol.h */,
				5A8B349B20AD7F9F005EB56D /* MobileContractApp.h */,
				5A8B349C20AD7F9F005EB56D /* MobileContractApp.m */,
				5A8B349E20AD7FB3005EB56D /* MobileWorkApp.h */,
				5A8B349F20AD7FB3005EB56D /* MobileWorkApp.m */,
				5A8B34A120AD7FC0005EB56D /* MobileGameApp.h */,
				5A8B34A220AD7FC0005EB56D /* MobileGameApp.m */,
			);
			path = "实现部分";
			sourceTree = "<group>";
		};
		5ABC5FBD20AD262200D04B09 /* 抽象工厂 */ = {
			isa = PBXGroup;
			children = (
				5A355C1A20AD23C400A26F2F /* FactoryProtocol.h */,
			);
			path = "抽象工厂";
			sourceTree = "<group>";
		};
		5ABC5FBE20AD263100D04B09 /* 具体工厂 */ = {
			isa = PBXGroup;
			children = (
				5ABC5FB720AD24C800D04B09 /* SqliteFactory.h */,
				5ABC5FB820AD24C800D04B09 /* SqliteFactory.m */,
				5ABC5FBA20AD24D300D04B09 /* CoreDataFactory.h */,
				5ABC5FBB20AD24D300D04B09 /* CoreDataFactory.m */,
			);
			path = "具体工厂";
			sourceTree = "<group>";
		};
		5ABC5FBF20AD275C00D04B09 /* 抽象产品 */ = {
			isa = PBXGroup;
			children = (
				5A355C0320AD237400A26F2F /* SettingsInfoProtocol.h */,
				5A355C0820AD237400A26F2F /* SearchInfoProtocol.h */,
				5A355BFD20AD237400A26F2F /* UserInfoProrocol.h */,
			);
			path = "抽象产品";
			sourceTree = "<group>";
		};
		5ABC5FC020AD277000D04B09 /* 具体产品 */ = {
			isa = PBXGroup;
			children = (
				5A355C1720AD238F00A26F2F /* UserInfo */,
				5A355C1820AD239E00A26F2F /* SearchInfo */,
				5A355C1920AD23AA00A26F2F /* SettingsInfo */,
			);
			path = "具体产品";
			sourceTree = "<group>";
		};
		5ABC5FC420AD2D4100D04B09 /* 抽象工厂 */ = {
			isa = PBXGroup;
			children = (
				5A03F76A20AC2B500097BC4F /* FactoryMethodProtocol.h */,
			);
			path = "抽象工厂";
			sourceTree = "<group>";
		};
		5ABC5FC520AD2D5700D04B09 /* 具体工厂 */ = {
			isa = PBXGroup;
			children = (
				5A03F76C20AC2CD50097BC4F /* FactoryAdd.h */,
				5A03F76D20AC2CD50097BC4F /* FactoryAdd.m */,
				5A03F77220AC2DC00097BC4F /* FactoryMinus.h */,
				5A03F77320AC2DC00097BC4F /* FactoryMinus.m */,
				5A03F77820AC2F1B0097BC4F /* FactoryMultiply.h */,
				5A03F77920AC2F1B0097BC4F /* FactoryMultiply.m */,
				5A03F77E20AC2FBA0097BC4F /* FactoryDivide.h */,
				5A03F77F20AC2FBA0097BC4F /* FactoryDivide.m */,
			);
			path = "具体工厂";
			sourceTree = "<group>";
		};
		5ABC5FC620AD2D7A00D04B09 /* 具体产品 */ = {
			isa = PBXGroup;
			children = (
				5A03F76F20AC2D510097BC4F /* FactoryMethodCalculateAdd.h */,
				5A03F77020AC2D510097BC4F /* FactoryMethodCalculateAdd.m */,
				5A03F77520AC2DDB0097BC4F /* FactoryMethodCalculateMinus.h */,
				5A03F77620AC2DDB0097BC4F /* FactoryMethodCalculateMinus.m */,
				5A03F77B20AC2F440097BC4F /* FactoryMethodCalculateMultiply.h */,
				5A03F77C20AC2F440097BC4F /* FactoryMethodCalculateMultiply.m */,
				5A03F78120AC2FD00097BC4F /* FactoryMethodCalculateDivide.h */,
				5A03F78220AC2FD00097BC4F /* FactoryMethodCalculateDivide.m */,
			);
			path = "具体产品";
			sourceTree = "<group>";
		};
		5ABC5FC720AD2E6800D04B09 /* 抽象产品 */ = {
			isa = PBXGroup;
			children = (
				5A03F76B20AC2B730097BC4F /* CalculateMethodProtocol.h */,
			);
			path = "抽象产品";
			sourceTree = "<group>";
		};
		5ABC5FC820AD2EA000D04B09 /* 工厂 */ = {
			isa = PBXGroup;
			children = (
				5A03F75F20AC0E920097BC4F /* CalcluateFactory.h */,
				5A03F76020AC0E920097BC4F /* CalcluateFactory.m */,
			);
			path = "工厂";
			sourceTree = "<group>";
		};
		5ABC5FC920AD2EAD00D04B09 /* 具体产品 */ = {
			isa = PBXGroup;
			children = (
				5A03F75320AC06AE0097BC4F /* CalculateAdd.h */,
				5A03F75420AC06AE0097BC4F /* CalculateAdd.m */,
				5A03F75620AC06C10097BC4F /* CalculateMinus.h */,
				5A03F75720AC06C10097BC4F /* CalculateMinus.m */,
				5A03F75920AC06D20097BC4F /* CalculateMultiply.h */,
				5A03F75A20AC06D20097BC4F /* CalculateMultiply.m */,
				5A03F75C20AC06E20097BC4F /* CalculateDivide.h */,
				5A03F75D20AC06E20097BC4F /* CalculateDivide.m */,
			);
			path = "具体产品";
			sourceTree = "<group>";
		};
		5ABC5FCA20AD2EBB00D04B09 /* 抽象产品 */ = {
			isa = PBXGroup;
			children = (
				5A03F75220AC05B60097BC4F /* CaculateProtocol.h */,
			);
			path = "抽象产品";
			sourceTree = "<group>";
		};
		5ABC5FCC20AD5B9800D04B09 /* 桥接模式 */ = {
			isa = PBXGroup;
			children = (
				5ABC5FCD20AD5BB400D04B09 /* BridgePatternController.h */,
				5ABC5FCE20AD5BB400D04B09 /* BridgePatternController.m */,
				5A8B348E20AD7BE9005EB56D /* 手机例子 */,
				5ABC5FD020AD604C00D04B09 /* 消息发送例子 */,
			);
			path = "桥接模式";
			sourceTree = "<group>";
		};
		5ABC5FD020AD604C00D04B09 /* 消息发送例子 */ = {
			isa = PBXGroup;
			children = (
				5ABC5FD220AD60E000D04B09 /* 实现部分 */,
				5ABC5FD120AD60D400D04B09 /* 抽象部分 */,
			);
			path = "消息发送例子";
			sourceTree = "<group>";
		};
		5ABC5FD120AD60D400D04B09 /* 抽象部分 */ = {
			isa = PBXGroup;
			children = (
				5ABC5FD320AD65B400D04B09 /* AbstractMessage.h */,
				5ABC5FD420AD65B400D04B09 /* AbstractMessage.m */,
				5ABC5FE220AD694E00D04B09 /* CommonMessage.h */,
				5ABC5FE320AD694E00D04B09 /* CommonMessage.m */,
				5ABC5FE520AD695D00D04B09 /* UrgencyMessage.h */,
				5ABC5FE620AD695D00D04B09 /* UrgencyMessage.m */,
				5ABC5FE820AD696E00D04B09 /* SpecialUrgencyMessage.h */,
				5ABC5FE920AD696E00D04B09 /* SpecialUrgencyMessage.m */,
			);
			path = "抽象部分";
			sourceTree = "<group>";
		};
		5ABC5FD220AD60E000D04B09 /* 实现部分 */ = {
			isa = PBXGroup;
			children = (
				5ABC5FE120AD68CE00D04B09 /* MessageImplementProtocol.h */,
				5ABC5FD720AD670700D04B09 /* MessageSMS.h */,
				5ABC5FD820AD670700D04B09 /* MessageSMS.m */,
				5ABC5FDA20AD672D00D04B09 /* MessageEmail.h */,
				5ABC5FDB20AD672D00D04B09 /* MessageEmail.m */,
				5ABC5FDD20AD673A00D04B09 /* MessageMobile.h */,
				5ABC5FDE20AD673A00D04B09 /* MessageMobile.m */,
			);
			path = "实现部分";
			sourceTree = "<group>";
		};
		5ABC5FEB20AD6C9A00D04B09 /* Other */ = {
			isa = PBXGroup;
			children = (
				5A7BFE0520AE831A0035D99F /* Resource */,
				5A6CE7AE20A529A20046585D /* AppDelegate.h */,
				5A6CE7AF20A529A20046585D /* AppDelegate.m */,
				5A6CE7B420A529A30046585D /* Main.storyboard */,
				5A6CE7B720A529A40046585D /* Assets.xcassets */,
				5A6CE7B920A529A40046585D /* LaunchScreen.storyboard */,
				5A6CE7BD20A529A40046585D /* main.m */,
				5A44869A20AAD4050084C8B3 /* UIViewController+loadFromStoryBoard.h */,
				5A44869B20AAD4050084C8B3 /* UIViewController+loadFromStoryBoard.m */,
				5A03F75120AC05000097BC4F /* Constant.h */,
				5A7BFDDA20AE7CC30035D99F /* UIView+loadFromNib.h */,
				5A7BFDDB20AE7CC30035D99F /* UIView+loadFromNib.m */,
			);
			path = Other;
			sourceTree = "<group>";
		};
		5AFE99D920AD183200FBF19D /* 抽象工厂模式 */ = {
			isa = PBXGroup;
			children = (
				5ABC5FC120AD28BD00D04B09 /* AbstractFactoryController.h */,
				5ABC5FC220AD28BD00D04B09 /* AbstractFactoryController.m */,
				5AFE9A1320AD1F9200FBF19D /* 工厂 */,
				5AFE9A1220AD1F7C00FBF19D /* 产品 */,
			);
			path = "抽象工厂模式";
			sourceTree = "<group>";
		};
		5AFE9A1220AD1F7C00FBF19D /* 产品 */ = {
			isa = PBXGroup;
			children = (
				5ABC5FBF20AD275C00D04B09 /* 抽象产品 */,
				5ABC5FC020AD277000D04B09 /* 具体产品 */,
				5A355C1620AD237E00A26F2F /* Model */,
			);
			path = "产品";
			sourceTree = "<group>";
		};
		5AFE9A1320AD1F9200FBF19D /* 工厂 */ = {
			isa = PBXGroup;
			children = (
				5ABC5FBD20AD262200D04B09 /* 抽象工厂 */,
				5ABC5FBE20AD263100D04B09 /* 具体工厂 */,
			);
			path = "工厂";
			sourceTree = "<group>";
		};
/* End PBXGroup section */

/* Begin PBXNativeTarget section */
		5A6CE7AA20A529A20046585D /* Design_Demo */ = {
			isa = PBXNativeTarget;
			buildConfigurationList = 5A6CE7C120A529A40046585D /* Build configuration list for PBXNativeTarget "Design_Demo" */;
			buildPhases = (
				5A6CE7A720A529A20046585D /* Sources */,
				5A6CE7A820A529A20046585D /* Frameworks */,
				5A6CE7A920A529A20046585D /* Resources */,
			);
			buildRules = (
			);
			dependencies = (
			);
			name = Design_Demo;
			productName = Design_Demo;
			productReference = 5A6CE7AB20A529A20046585D /* Design_Demo.app */;
			productType = "com.apple.product-type.application";
		};
/* End PBXNativeTarget section */

/* Begin PBXProject section */
		5A6CE7A320A529A20046585D /* Project object */ = {
			isa = PBXProject;
			attributes = {
				LastUpgradeCheck = 0930;
				ORGANIZATIONNAME = "戴运鹏";
				TargetAttributes = {
					5A6CE7AA20A529A20046585D = {
						CreatedOnToolsVersion = 9.3;
					};
				};
			};
			buildConfigurationList = 5A6CE7A620A529A20046585D /* Build configuration list for PBXProject "Design_Demo" */;
			compatibilityVersion = "Xcode 9.3";
			developmentRegion = en;
			hasScannedForEncodings = 0;
			knownRegions = (
				en,
				Base,
			);
			mainGroup = 5A6CE7A220A529A20046585D;
			productRefGroup = 5A6CE7AC20A529A20046585D /* Products */;
			projectDirPath = "";
			projectRoot = "";
			targets = (
				5A6CE7AA20A529A20046585D /* Design_Demo */,
			);
		};
/* End PBXProject section */

/* Begin PBXResourcesBuildPhase section */
		5A6CE7A920A529A20046585D /* Resources */ = {
			isa = PBXResourcesBuildPhase;
			buildActionMask = 2147483647;
			files = (
				5A7BFE0F20AE831A0035D99F /* room.png in Resources */,
				5A7BFE0E20AE831A0035D99F /* fire.png in Resources */,
				5A7BFE1020AE831A0035D99F /* ship.png in Resources */,
				5A7BFDC320AE6E980035D99F /* AdapterTestView.xib in Resources */,
				5A7BFE0C20AE831A0035D99F /* ball.png in Resources */,
				5A6CE7BB20A529A40046585D /* LaunchScreen.storyboard in Resources */,
				5A7BFE1120AE831A0035D99F /* sonw.png in Resources */,
				5A6CE7B820A529A40046585D /* Assets.xcassets in Resources */,
				5A6CE7B620A529A30046585D /* Main.storyboard in Resources */,
				5A7BFE0D20AE831A0035D99F /* door.png in Resources */,
			);
			runOnlyForDeploymentPostprocessing = 0;
		};
/* End PBXResourcesBuildPhase section */

/* Begin PBXSourcesBuildPhase section */
		5A6CE7A720A529A20046585D /* Sources */ = {
			isa = PBXSourcesBuildPhase;
			buildActionMask = 2147483647;
			files = (
				5A355C1520AD237500A26F2F /* SqliteSettingsInfo.m in Sources */,
				5ABC5FB920AD24C800D04B09 /* SqliteFactory.m in Sources */,
				5A7BFDD720AE761C0035D99F /* ObjectAdapter.m in Sources */,
				5A355C1420AD237500A26F2F /* CoreDataSettingsInfo.m in Sources */,
				5A03F75E20AC06E20097BC4F /* CalculateDivide.m in Sources */,
				5A03F75520AC06AE0097BC4F /* CalculateAdd.m in Sources */,
				5A409B5E20ADC119004A04FF /* Transformers.m in Sources */,
				5ABC5FC320AD28BD00D04B09 /* AbstractFactoryController.m in Sources */,
				5A03F76E20AC2CD50097BC4F /* FactoryAdd.m in Sources */,
				5A03F77A20AC2F1B0097BC4F /* FactoryMultiply.m in Sources */,
				5ABC5FBC20AD24D300D04B09 /* CoreDataFactory.m in Sources */,
				5A8B34A320AD7FC0005EB56D /* MobileGameApp.m in Sources */,
				5A03F77D20AC2F440097BC4F /* FactoryMethodCalculateMultiply.m in Sources */,
				5A03F77720AC2DDB0097BC4F /* FactoryMethodCalculateMinus.m in Sources */,
				5A6CE7B320A529A30046585D /* ViewController.m in Sources */,
				5A409B6B20ADCA3B004A04FF /* ConcreteTalkDecrator.m in Sources */,
				5A7BFDDC20AE7CC30035D99F /* UIView+loadFromNib.m in Sources */,
				5A6CE7BE20A529A40046585D /* main.m in Sources */,
				5A7BFDC120AE6E8D0035D99F /* AdapterTestView.m in Sources */,
				5A355C0F20AD237500A26F2F /* SqliteUserInfo.m in Sources */,
				5A03F75820AC06C10097BC4F /* CalculateMinus.m in Sources */,
				5A03F77120AC2D510097BC4F /* FactoryMethodCalculateAdd.m in Sources */,
				5A355C1120AD237500A26F2F /* CoreDataUserInfo.m in Sources */,
				5ABC5FDC20AD672D00D04B09 /* MessageEmail.m in Sources */,
				5A7BFDBE20AE65470035D99F /* AdapterPatternController.m in Sources */,
				5ABC5FCF20AD5BB400D04B09 /* BridgePatternController.m in Sources */,
				5A7BFDD420AE76000035D99F /* ClassAdapter.m in Sources */,
				5A03F75B20AC06D20097BC4F /* CalculateMultiply.m in Sources */,
				5A44869C20AAD4050084C8B3 /* UIViewController+loadFromStoryBoard.m in Sources */,
				5ABC5FD520AD65B400D04B09 /* AbstractMessage.m in Sources */,
				5A409B6420ADC1A9004A04FF /* ChangerDecrator.m in Sources */,
				5A355C0E20AD237500A26F2F /* User.m in Sources */,
				5A409B6820ADCA22004A04FF /* ConcreteFlyDecrator.m in Sources */,
				5A355C1020AD237500A26F2F /* CoreDataSearchInfo.m in Sources */,
				5A03F76920AC2AD70097BC4F /* FactoryMethodController.m in Sources */,
				5A409B6120ADC137004A04FF /* CarTransformer.m in Sources */,
				5ABC5FDF20AD673A00D04B09 /* MessageMobile.m in Sources */,
				5A03F76420AC10EE0097BC4F /* SimpleFactoryPatternController.m in Sources */,
				5A6CE7B020A529A20046585D /* AppDelegate.m in Sources */,
				5ABC5FE420AD694E00D04B09 /* CommonMessage.m in Sources */,
				5A8B349D20AD7F9F005EB56D /* MobileContractApp.m in Sources */,
				5ABC5FE720AD695D00D04B09 /* UrgencyMessage.m in Sources */,
				5A03F78320AC2FD00097BC4F /* FactoryMethodCalculateDivide.m in Sources */,
				5ABC5FD920AD670700D04B09 /* MessageSMS.m in Sources */,
				5A355C1220AD237500A26F2F /* SqliteSearchInfo.m in Sources */,
				5A8B349720AD7C3E005EB56D /* AppleMobile.m in Sources */,
				5A409B5A20ADC080004A04FF /* DecoratorPatternController.m in Sources */,
				5A03F78020AC2FBA0097BC4F /* FactoryDivide.m in Sources */,
				5A8B349420AD7C2C005EB56D /* NokiaMobile.m in Sources */,
				5A03F77420AC2DC00097BC4F /* FactoryMinus.m in Sources */,
				5ABC5FEA20AD696E00D04B09 /* SpecialUrgencyMessage.m in Sources */,
				5A7BFDCE20AE71130035D99F /* FlyModel.m in Sources */,
				5A8B349120AD7C15005EB56D /* AbstractMobile.m in Sources */,
				5A355C1320AD237500A26F2F /* City.m in Sources */,
				5A8B34A020AD7FB3005EB56D /* MobileWorkApp.m in Sources */,
				5A03F76120AC0E920097BC4F /* CalcluateFactory.m in Sources */,
			);
			runOnlyForDeploymentPostprocessing = 0;
		};
/* End PBXSourcesBuildPhase section */

/* Begin PBXVariantGroup section */
		5A6CE7B420A529A30046585D /* Main.storyboard */ = {
			isa = PBXVariantGroup;
			children = (
				5A6CE7B520A529A30046585D /* Base */,
			);
			name = Main.storyboard;
			sourceTree = "<group>";
		};
		5A6CE7B920A529A40046585D /* LaunchScreen.storyboard */ = {
			isa = PBXVariantGroup;
			children = (
				5A6CE7BA20A529A40046585D /* Base */,
			);
			name = LaunchScreen.storyboard;
			sourceTree = "<group>";
		};
/* End PBXVariantGroup section */

/* Begin XCBuildConfiguration section */
		5A6CE7BF20A529A40046585D /* Debug */ = {
			isa = XCBuildConfiguration;
			buildSettings = {
				ALWAYS_SEARCH_USER_PATHS = NO;
				CLANG_ANALYZER_NONNULL = YES;
				CLANG_ANALYZER_NUMBER_OBJECT_CONVERSION = YES_AGGRESSIVE;
				CLANG_CXX_LANGUAGE_STANDARD = "gnu++14";
				CLANG_CXX_LIBRARY = "libc++";
				CLANG_ENABLE_MODULES = YES;
				CLANG_ENABLE_OBJC_ARC = YES;
				CLANG_ENABLE_OBJC_WEAK = YES;
				CLANG_WARN_BLOCK_CAPTURE_AUTORELEASING = YES;
				CLANG_WARN_BOOL_CONVERSION = YES;
				CLANG_WARN_COMMA = YES;
				CLANG_WARN_CONSTANT_CONVERSION = YES;
				CLANG_WARN_DEPRECATED_OBJC_IMPLEMENTATIONS = YES;
				CLANG_WARN_DIRECT_OBJC_ISA_USAGE = YES_ERROR;
				CLANG_WARN_DOCUMENTATION_COMMENTS = YES;
				CLANG_WARN_EMPTY_BODY = YES;
				CLANG_WARN_ENUM_CONVERSION = YES;
				CLANG_WARN_INFINITE_RECURSION = YES;
				CLANG_WARN_INT_CONVERSION = YES;
				CLANG_WARN_NON_LITERAL_NULL_CONVERSION = YES;
				CLANG_WARN_OBJC_IMPLICIT_RETAIN_SELF = YES;
				CLANG_WARN_OBJC_LITERAL_CONVERSION = YES;
				CLANG_WARN_OBJC_ROOT_CLASS = YES_ERROR;
				CLANG_WARN_RANGE_LOOP_ANALYSIS = YES;
				CLANG_WARN_STRICT_PROTOTYPES = YES;
				CLANG_WARN_SUSPICIOUS_MOVE = YES;
				CLANG_WARN_UNGUARDED_AVAILABILITY = YES_AGGRESSIVE;
				CLANG_WARN_UNREACHABLE_CODE = YES;
				CLANG_WARN__DUPLICATE_METHOD_MATCH = YES;
				CODE_SIGN_IDENTITY = "iPhone Developer";
				COPY_PHASE_STRIP = NO;
				DEBUG_INFORMATION_FORMAT = dwarf;
				ENABLE_STRICT_OBJC_MSGSEND = YES;
				ENABLE_TESTABILITY = YES;
				GCC_C_LANGUAGE_STANDARD = gnu11;
				GCC_DYNAMIC_NO_PIC = NO;
				GCC_NO_COMMON_BLOCKS = YES;
				GCC_OPTIMIZATION_LEVEL = 0;
				GCC_PREPROCESSOR_DEFINITIONS = (
					"DEBUG=1",
					"$(inherited)",
				);
				GCC_WARN_64_TO_32_BIT_CONVERSION = YES;
				GCC_WARN_ABOUT_RETURN_TYPE = YES_ERROR;
				GCC_WARN_UNDECLARED_SELECTOR = YES;
				GCC_WARN_UNINITIALIZED_AUTOS = YES_AGGRESSIVE;
				GCC_WARN_UNUSED_FUNCTION = YES;
				GCC_WARN_UNUSED_VARIABLE = YES;
				IPHONEOS_DEPLOYMENT_TARGET = 11.3;
				MTL_ENABLE_DEBUG_INFO = YES;
				ONLY_ACTIVE_ARCH = YES;
				SDKROOT = iphoneos;
			};
			name = Debug;
		};
		5A6CE7C020A529A40046585D /* Release */ = {
			isa = XCBuildConfiguration;
			buildSettings = {
				ALWAYS_SEARCH_USER_PATHS = NO;
				CLANG_ANALYZER_NONNULL = YES;
				CLANG_ANALYZER_NUMBER_OBJECT_CONVERSION = YES_AGGRESSIVE;
				CLANG_CXX_LANGUAGE_STANDARD = "gnu++14";
				CLANG_CXX_LIBRARY = "libc++";
				CLANG_ENABLE_MODULES = YES;
				CLANG_ENABLE_OBJC_ARC = YES;
				CLANG_ENABLE_OBJC_WEAK = YES;
				CLANG_WARN_BLOCK_CAPTURE_AUTORELEASING = YES;
				CLANG_WARN_BOOL_CONVERSION = YES;
				CLANG_WARN_COMMA = YES;
				CLANG_WARN_CONSTANT_CONVERSION = YES;
				CLANG_WARN_DEPRECATED_OBJC_IMPLEMENTATIONS = YES;
				CLANG_WARN_DIRECT_OBJC_ISA_USAGE = YES_ERROR;
				CLANG_WARN_DOCUMENTATION_COMMENTS = YES;
				CLANG_WARN_EMPTY_BODY = YES;
				CLANG_WARN_ENUM_CONVERSION = YES;
				CLANG_WARN_INFINITE_RECURSION = YES;
				CLANG_WARN_INT_CONVERSION = YES;
				CLANG_WARN_NON_LITERAL_NULL_CONVERSION = YES;
				CLANG_WARN_OBJC_IMPLICIT_RETAIN_SELF = YES;
				CLANG_WARN_OBJC_LITERAL_CONVERSION = YES;
				CLANG_WARN_OBJC_ROOT_CLASS = YES_ERROR;
				CLANG_WARN_RANGE_LOOP_ANALYSIS = YES;
				CLANG_WARN_STRICT_PROTOTYPES = YES;
				CLANG_WARN_SUSPICIOUS_MOVE = YES;
				CLANG_WARN_UNGUARDED_AVAILABILITY = YES_AGGRESSIVE;
				CLANG_WARN_UNREACHABLE_CODE = YES;
				CLANG_WARN__DUPLICATE_METHOD_MATCH = YES;
				CODE_SIGN_IDENTITY = "iPhone Developer";
				COPY_PHASE_STRIP = NO;
				DEBUG_INFORMATION_FORMAT = "dwarf-with-dsym";
				ENABLE_NS_ASSERTIONS = NO;
				ENABLE_STRICT_OBJC_MSGSEND = YES;
				GCC_C_LANGUAGE_STANDARD = gnu11;
				GCC_NO_COMMON_BLOCKS = YES;
				GCC_WARN_64_TO_32_BIT_CONVERSION = YES;
				GCC_WARN_ABOUT_RETURN_TYPE = YES_ERROR;
				GCC_WARN_UNDECLARED_SELECTOR = YES;
				GCC_WARN_UNINITIALIZED_AUTOS = YES_AGGRESSIVE;
				GCC_WARN_UNUSED_FUNCTION = YES;
				GCC_WARN_UNUSED_VARIABLE = YES;
				IPHONEOS_DEPLOYMENT_TARGET = 11.3;
				MTL_ENABLE_DEBUG_INFO = NO;
				SDKROOT = iphoneos;
				VALIDATE_PRODUCT = YES;
			};
			name = Release;
		};
		5A6CE7C220A529A40046585D /* Debug */ = {
			isa = XCBuildConfiguration;
			buildSettings = {
				ASSETCATALOG_COMPILER_APPICON_NAME = AppIcon;
				CODE_SIGN_STYLE = Automatic;
				DEVELOPMENT_TEAM = HU7CX6V97R;
				INFOPLIST_FILE = Design_Demo/Info.plist;
				IPHONEOS_DEPLOYMENT_TARGET = 10.0;
				LD_RUNPATH_SEARCH_PATHS = (
					"$(inherited)",
					"@executable_path/Frameworks",
				);
				PRODUCT_BUNDLE_IDENTIFIER = "daiyunpeng.Design-Demo";
				PRODUCT_NAME = "$(TARGET_NAME)";
				TARGETED_DEVICE_FAMILY = "1,2";
			};
			name = Debug;
		};
		5A6CE7C320A529A40046585D /* Release */ = {
			isa = XCBuildConfiguration;
			buildSettings = {
				ASSETCATALOG_COMPILER_APPICON_NAME = AppIcon;
				CODE_SIGN_STYLE = Automatic;
				DEVELOPMENT_TEAM = HU7CX6V97R;
				INFOPLIST_FILE = Design_Demo/Info.plist;
				IPHONEOS_DEPLOYMENT_TARGET = 10.0;
				LD_RUNPATH_SEARCH_PATHS = (
					"$(inherited)",
					"@executable_path/Frameworks",
				);
				PRODUCT_BUNDLE_IDENTIFIER = "daiyunpeng.Design-Demo";
				PRODUCT_NAME = "$(TARGET_NAME)";
				TARGETED_DEVICE_FAMILY = "1,2";
			};
			name = Release;
		};
/* End XCBuildConfiguration section */

/* Begin XCConfigurationList section */
		5A6CE7A620A529A20046585D /* Build configuration list for PBXProject "Design_Demo" */ = {
			isa = XCConfigurationList;
			buildConfigurations = (
				5A6CE7BF20A529A40046585D /* Debug */,
				5A6CE7C020A529A40046585D /* Release */,
			);
			defaultConfigurationIsVisible = 0;
			defaultConfigurationName = Release;
		};
		5A6CE7C120A529A40046585D /* Build configuration list for PBXNativeTarget "Design_Demo" */ = {
			isa = XCConfigurationList;
			buildConfigurations = (
				5A6CE7C220A529A40046585D /* Debug */,
				5A6CE7C320A529A40046585D /* Release */,
			);
			defaultConfigurationIsVisible = 0;
			defaultConfigurationName = Release;
		};
/* End XCConfigurationList section */
	};
	rootObject = 5A6CE7A320A529A20046585D /* Project object */;
}
