// !$*UTF8*$!
{
	archiveVersion = 1;
	classes = {
	};
	objectVersion = 50;
	objects = {

/* Begin PBXBuildFile section */
		5A226E9A2119DAE600E8B651 /* main.m in Sources */ = {isa = PBXBuildFile; fileRef = 5A226E992119DAE600E8B651 /* main.m */; };
		5A226EA52119E11500E8B651 /* main.m in Sources */ = {isa = PBXBuildFile; fileRef = 5A226EA42119E11500E8B651 /* main.m */; };
		5A4550E7211A7D480014EB7E /* main.m in Sources */ = {isa = PBXBuildFile; fileRef = 5A4550E6211A7D480014EB7E /* main.m */; };
		5A4550F2211A84F30014EB7E /* main.m in Sources */ = {isa = PBXBuildFile; fileRef = 5A4550F1211A84F30014EB7E /* main.m */; };
		5A4550FE211A9DA70014EB7E /* main.m in Sources */ = {isa = PBXBuildFile; fileRef = 5A4550FD211A9DA70014EB7E /* main.m */; };
		5A455109211AB8420014EB7E /* main.m in Sources */ = {isa = PBXBuildFile; fileRef = 5A455108211AB8420014EB7E /* main.m */; };
		5A45511F211ABFE50014EB7E /* main.m in Sources */ = {isa = PBXBuildFile; fileRef = 5A45511E211ABFE50014EB7E /* main.m */; };
		5A45512A211ACE210014EB7E /* main.swift in Sources */ = {isa = PBXBuildFile; fileRef = 5A455129211ACE210014EB7E /* main.swift */; };
		5A879A8D211E6C6D00F58804 /* main.m in Sources */ = {isa = PBXBuildFile; fileRef = 5A879A8C211E6C6D00F58804 /* main.m */; };
		5A879A98211E723E00F58804 /* main.m in Sources */ = {isa = PBXBuildFile; fileRef = 5A879A97211E723E00F58804 /* main.m */; };
		5A879AA3211E756400F58804 /* main.m in Sources */ = {isa = PBXBuildFile; fileRef = 5A879AA2211E756400F58804 /* main.m */; };
		5A879AAE211E872300F58804 /* main.m in Sources */ = {isa = PBXBuildFile; fileRef = 5A879AAD211E872300F58804 /* main.m */; };
		5A879AB9211E87EE00F58804 /* main.m in Sources */ = {isa = PBXBuildFile; fileRef = 5A879AB8211E87EE00F58804 /* main.m */; };
		5A879AC4211EC83F00F58804 /* main.m in Sources */ = {isa = PBXBuildFile; fileRef = 5A879AC3211EC83F00F58804 /* main.m */; };
		5A879AC9211ECF2900F58804 /* 城市路线.png in Resources */ = {isa = PBXBuildFile; fileRef = 5A879AC8211ECF2800F58804 /* 城市路线.png */; };
		5A879AD1211ECF4B00F58804 /* main.m in Sources */ = {isa = PBXBuildFile; fileRef = 5A879AD0211ECF4B00F58804 /* main.m */; };
		5A879AD6211ED04F00F58804 /* 转机路线.png in Resources */ = {isa = PBXBuildFile; fileRef = 5A879AD5211ED04F00F58804 /* 转机路线.png */; };
		5A879ADE211ED47A00F58804 /* main.m in Sources */ = {isa = PBXBuildFile; fileRef = 5A879ADD211ED47A00F58804 /* main.m */; };
		5A879AE3211ED4A000F58804 /* 最短路径.png in Resources */ = {isa = PBXBuildFile; fileRef = 5A879AE2211ED4A000F58804 /* 最短路径.png */; };
		5A9A85362123B53200D510A4 /* main.m in Sources */ = {isa = PBXBuildFile; fileRef = 5A9A85352123B53200D510A4 /* main.m */; };
		5AA0822F211933EA00512FEA /* main.m in Sources */ = {isa = PBXBuildFile; fileRef = 5AA0822E211933EA00512FEA /* main.m */; };
		5AA0823A21193C7300512FEA /* main.m in Sources */ = {isa = PBXBuildFile; fileRef = 5AA0823921193C7300512FEA /* main.m */; };
		5AA0824521194B5000512FEA /* main.m in Sources */ = {isa = PBXBuildFile; fileRef = 5AA0824421194B5000512FEA /* main.m */; };
		5AA2BD4E20D8A0C100083DA9 /* AppDelegate.m in Sources */ = {isa = PBXBuildFile; fileRef = 5AA2BD4D20D8A0C100083DA9 /* AppDelegate.m */; };
		5AA2BD5120D8A0C100083DA9 /* ViewController.m in Sources */ = {isa = PBXBuildFile; fileRef = 5AA2BD5020D8A0C100083DA9 /* ViewController.m */; };
		5AA2BD5420D8A0C200083DA9 /* Main.storyboard in Resources */ = {isa = PBXBuildFile; fileRef = 5AA2BD5220D8A0C200083DA9 /* Main.storyboard */; };
		5AA2BD5620D8A0C500083DA9 /* Assets.xcassets in Resources */ = {isa = PBXBuildFile; fileRef = 5AA2BD5520D8A0C500083DA9 /* Assets.xcassets */; };
		5AA2BD5920D8A0C500083DA9 /* LaunchScreen.storyboard in Resources */ = {isa = PBXBuildFile; fileRef = 5AA2BD5720D8A0C500083DA9 /* LaunchScreen.storyboard */; };
		5AA2BD5C20D8A0C500083DA9 /* main.m in Sources */ = {isa = PBXBuildFile; fileRef = 5AA2BD5B20D8A0C500083DA9 /* main.m */; };
		5AA2BD6620D8A18000083DA9 /* UIView+loadFromNib.m in Sources */ = {isa = PBXBuildFile; fileRef = 5AA2BD6320D8A17F00083DA9 /* UIView+loadFromNib.m */; };
		5AA2BD6720D8A18000083DA9 /* UIViewController+loadFromStoryBoard.m in Sources */ = {isa = PBXBuildFile; fileRef = 5AA2BD6520D8A18000083DA9 /* UIViewController+loadFromStoryBoard.m */; };
		5AA2BD6B20D8A32C00083DA9 /* SortController.m in Sources */ = {isa = PBXBuildFile; fileRef = 5AA2BD6A20D8A32C00083DA9 /* SortController.m */; };
		5AEA5D9C2117E98800CC9E05 /* main.m in Sources */ = {isa = PBXBuildFile; fileRef = 5AEA5D9B2117E98800CC9E05 /* main.m */; };
		5AEA5DA72117EDCB00CC9E05 /* main.m in Sources */ = {isa = PBXBuildFile; fileRef = 5AEA5DA62117EDCB00CC9E05 /* main.m */; };
		5AEA5DB22117F73000CC9E05 /* main.m in Sources */ = {isa = PBXBuildFile; fileRef = 5AEA5DB12117F73000CC9E05 /* main.m */; };
		5AFAC410211FC63800BDBC29 /* 负权回路.png in Resources */ = {isa = PBXBuildFile; fileRef = 5AFAC40F211FC63800BDBC29 /* 负权回路.png */; };
		5AFAC418211FC69800BDBC29 /* main.m in Sources */ = {isa = PBXBuildFile; fileRef = 5AFAC417211FC69800BDBC29 /* main.m */; };
		5AFAC41D211FC7C400BDBC29 /* 单源最短路径.png in Resources */ = {isa = PBXBuildFile; fileRef = 5AFAC41C211FC7C400BDBC29 /* 单源最短路径.png */; };
		5AFAC425211FDB4100BDBC29 /* main.m in Sources */ = {isa = PBXBuildFile; fileRef = 5AFAC424211FDB4100BDBC29 /* main.m */; };
		5AFAC430211FE08D00BDBC29 /* main.m in Sources */ = {isa = PBXBuildFile; fileRef = 5AFAC42F211FE08D00BDBC29 /* main.m */; };
		5AFAC43B212016D500BDBC29 /* main.m in Sources */ = {isa = PBXBuildFile; fileRef = 5AFAC43A212016D500BDBC29 /* main.m */; };
		5AFAC4402120178700BDBC29 /* 队列优化.png in Resources */ = {isa = PBXBuildFile; fileRef = 5AFAC43F2120178700BDBC29 /* 队列优化.png */; };
/* End PBXBuildFile section */

/* Begin PBXCopyFilesBuildPhase section */
		5A226E952119DAE600E8B651 /* CopyFiles */ = {
			isa = PBXCopyFilesBuildPhase;
			buildActionMask = 2147483647;
			dstPath = /usr/share/man/man1/;
			dstSubfolderSpec = 0;
			files = (
			);
			runOnlyForDeploymentPostprocessing = 1;
		};
		5A226EA02119E11500E8B651 /* CopyFiles */ = {
			isa = PBXCopyFilesBuildPhase;
			buildActionMask = 2147483647;
			dstPath = /usr/share/man/man1/;
			dstSubfolderSpec = 0;
			files = (
			);
			runOnlyForDeploymentPostprocessing = 1;
		};
		5A4550E2211A7D480014EB7E /* CopyFiles */ = {
			isa = PBXCopyFilesBuildPhase;
			buildActionMask = 2147483647;
			dstPath = /usr/share/man/man1/;
			dstSubfolderSpec = 0;
			files = (
			);
			runOnlyForDeploymentPostprocessing = 1;
		};
		5A4550ED211A84F30014EB7E /* CopyFiles */ = {
			isa = PBXCopyFilesBuildPhase;
			buildActionMask = 2147483647;
			dstPath = /usr/share/man/man1/;
			dstSubfolderSpec = 0;
			files = (
			);
			runOnlyForDeploymentPostprocessing = 1;
		};
		5A4550F9211A9DA70014EB7E /* CopyFiles */ = {
			isa = PBXCopyFilesBuildPhase;
			buildActionMask = 2147483647;
			dstPath = /usr/share/man/man1/;
			dstSubfolderSpec = 0;
			files = (
			);
			runOnlyForDeploymentPostprocessing = 1;
		};
		5A455104211AB8420014EB7E /* CopyFiles */ = {
			isa = PBXCopyFilesBuildPhase;
			buildActionMask = 2147483647;
			dstPath = /usr/share/man/man1/;
			dstSubfolderSpec = 0;
			files = (
			);
			runOnlyForDeploymentPostprocessing = 1;
		};
		5A45511A211ABFE40014EB7E /* CopyFiles */ = {
			isa = PBXCopyFilesBuildPhase;
			buildActionMask = 2147483647;
			dstPath = /usr/share/man/man1/;
			dstSubfolderSpec = 0;
			files = (
			);
			runOnlyForDeploymentPostprocessing = 1;
		};
		5A455125211ACE210014EB7E /* CopyFiles */ = {
			isa = PBXCopyFilesBuildPhase;
			buildActionMask = 2147483647;
			dstPath = /usr/share/man/man1/;
			dstSubfolderSpec = 0;
			files = (
			);
			runOnlyForDeploymentPostprocessing = 1;
		};
		5A879A88211E6C6D00F58804 /* CopyFiles */ = {
			isa = PBXCopyFilesBuildPhase;
			buildActionMask = 2147483647;
			dstPath = /usr/share/man/man1/;
			dstSubfolderSpec = 0;
			files = (
			);
			runOnlyForDeploymentPostprocessing = 1;
		};
		5A879A93211E723E00F58804 /* CopyFiles */ = {
			isa = PBXCopyFilesBuildPhase;
			buildActionMask = 2147483647;
			dstPath = /usr/share/man/man1/;
			dstSubfolderSpec = 0;
			files = (
			);
			runOnlyForDeploymentPostprocessing = 1;
		};
		5A879A9E211E756400F58804 /* CopyFiles */ = {
			isa = PBXCopyFilesBuildPhase;
			buildActionMask = 2147483647;
			dstPath = /usr/share/man/man1/;
			dstSubfolderSpec = 0;
			files = (
			);
			runOnlyForDeploymentPostprocessing = 1;
		};
		5A879AA9211E872300F58804 /* CopyFiles */ = {
			isa = PBXCopyFilesBuildPhase;
			buildActionMask = 2147483647;
			dstPath = /usr/share/man/man1/;
			dstSubfolderSpec = 0;
			files = (
			);
			runOnlyForDeploymentPostprocessing = 1;
		};
		5A879AB4211E87EE00F58804 /* CopyFiles */ = {
			isa = PBXCopyFilesBuildPhase;
			buildActionMask = 2147483647;
			dstPath = /usr/share/man/man1/;
			dstSubfolderSpec = 0;
			files = (
			);
			runOnlyForDeploymentPostprocessing = 1;
		};
		5A879ABF211EC83F00F58804 /* CopyFiles */ = {
			isa = PBXCopyFilesBuildPhase;
			buildActionMask = 2147483647;
			dstPath = /usr/share/man/man1/;
			dstSubfolderSpec = 0;
			files = (
			);
			runOnlyForDeploymentPostprocessing = 1;
		};
		5A879ACC211ECF4B00F58804 /* CopyFiles */ = {
			isa = PBXCopyFilesBuildPhase;
			buildActionMask = 2147483647;
			dstPath = /usr/share/man/man1/;
			dstSubfolderSpec = 0;
			files = (
			);
			runOnlyForDeploymentPostprocessing = 1;
		};
		5A879AD9211ED47A00F58804 /* CopyFiles */ = {
			isa = PBXCopyFilesBuildPhase;
			buildActionMask = 2147483647;
			dstPath = /usr/share/man/man1/;
			dstSubfolderSpec = 0;
			files = (
			);
			runOnlyForDeploymentPostprocessing = 1;
		};
		5A9A85312123B53200D510A4 /* CopyFiles */ = {
			isa = PBXCopyFilesBuildPhase;
			buildActionMask = 2147483647;
			dstPath = /usr/share/man/man1/;
			dstSubfolderSpec = 0;
			files = (
			);
			runOnlyForDeploymentPostprocessing = 1;
		};
		5AA0822A211933EA00512FEA /* CopyFiles */ = {
			isa = PBXCopyFilesBuildPhase;
			buildActionMask = 2147483647;
			dstPath = /usr/share/man/man1/;
			dstSubfolderSpec = 0;
			files = (
			);
			runOnlyForDeploymentPostprocessing = 1;
		};
		5AA0823521193C7300512FEA /* CopyFiles */ = {
			isa = PBXCopyFilesBuildPhase;
			buildActionMask = 2147483647;
			dstPath = /usr/share/man/man1/;
			dstSubfolderSpec = 0;
			files = (
			);
			runOnlyForDeploymentPostprocessing = 1;
		};
		5AA0824021194B5000512FEA /* CopyFiles */ = {
			isa = PBXCopyFilesBuildPhase;
			buildActionMask = 2147483647;
			dstPath = /usr/share/man/man1/;
			dstSubfolderSpec = 0;
			files = (
			);
			runOnlyForDeploymentPostprocessing = 1;
		};
		5AEA5D972117E98800CC9E05 /* CopyFiles */ = {
			isa = PBXCopyFilesBuildPhase;
			buildActionMask = 2147483647;
			dstPath = /usr/share/man/man1/;
			dstSubfolderSpec = 0;
			files = (
			);
			runOnlyForDeploymentPostprocessing = 1;
		};
		5AEA5DA22117EDCB00CC9E05 /* CopyFiles */ = {
			isa = PBXCopyFilesBuildPhase;
			buildActionMask = 2147483647;
			dstPath = /usr/share/man/man1/;
			dstSubfolderSpec = 0;
			files = (
			);
			runOnlyForDeploymentPostprocessing = 1;
		};
		5AEA5DAD2117F73000CC9E05 /* CopyFiles */ = {
			isa = PBXCopyFilesBuildPhase;
			buildActionMask = 2147483647;
			dstPath = /usr/share/man/man1/;
			dstSubfolderSpec = 0;
			files = (
			);
			runOnlyForDeploymentPostprocessing = 1;
		};
		5AFAC413211FC69800BDBC29 /* CopyFiles */ = {
			isa = PBXCopyFilesBuildPhase;
			buildActionMask = 2147483647;
			dstPath = /usr/share/man/man1/;
			dstSubfolderSpec = 0;
			files = (
			);
			runOnlyForDeploymentPostprocessing = 1;
		};
		5AFAC420211FDB4100BDBC29 /* CopyFiles */ = {
			isa = PBXCopyFilesBuildPhase;
			buildActionMask = 2147483647;
			dstPath = /usr/share/man/man1/;
			dstSubfolderSpec = 0;
			files = (
			);
			runOnlyForDeploymentPostprocessing = 1;
		};
		5AFAC42B211FE08D00BDBC29 /* CopyFiles */ = {
			isa = PBXCopyFilesBuildPhase;
			buildActionMask = 2147483647;
			dstPath = /usr/share/man/man1/;
			dstSubfolderSpec = 0;
			files = (
			);
			runOnlyForDeploymentPostprocessing = 1;
		};
		5AFAC436212016D500BDBC29 /* CopyFiles */ = {
			isa = PBXCopyFilesBuildPhase;
			buildActionMask = 2147483647;
			dstPath = /usr/share/man/man1/;
			dstSubfolderSpec = 0;
			files = (
			);
			runOnlyForDeploymentPostprocessing = 1;
		};
/* End PBXCopyFilesBuildPhase section */

/* Begin PBXFileReference section */
		5A226E972119DAE600E8B651 /* 链表 */ = {isa = PBXFileReference; explicitFileType = "compiled.mach-o.executable"; includeInIndex = 0; path = "链表"; sourceTree = BUILT_PRODUCTS_DIR; };
		5A226E992119DAE600E8B651 /* main.m */ = {isa = PBXFileReference; lastKnownFileType = sourcecode.c.objc; path = main.m; sourceTree = "<group>"; };
		5A226EA22119E11500E8B651 /* 模拟链表 */ = {isa = PBXFileReference; explicitFileType = "compiled.mach-o.executable"; includeInIndex = 0; path = "模拟链表"; sourceTree = BUILT_PRODUCTS_DIR; };
		5A226EA42119E11500E8B651 /* main.m */ = {isa = PBXFileReference; lastKnownFileType = sourcecode.c.objc; path = main.m; sourceTree = "<group>"; };
		5A4550E4211A7D480014EB7E /* 枚举_炸弹游戏 */ = {isa = PBXFileReference; explicitFileType = "compiled.mach-o.executable"; includeInIndex = 0; path = "枚举_炸弹游戏"; sourceTree = BUILT_PRODUCTS_DIR; };
		5A4550E6211A7D480014EB7E /* main.m */ = {isa = PBXFileReference; lastKnownFileType = sourcecode.c.objc; path = main.m; sourceTree = "<group>"; };
		5A4550EF211A84F30014EB7E /* 深度优先搜索 */ = {isa = PBXFileReference; explicitFileType = "compiled.mach-o.executable"; includeInIndex = 0; path = "深度优先搜索"; sourceTree = BUILT_PRODUCTS_DIR; };
		5A4550F1211A84F30014EB7E /* main.m */ = {isa = PBXFileReference; lastKnownFileType = sourcecode.c.objc; path = main.m; sourceTree = "<group>"; };
		5A4550FB211A9DA70014EB7E /* DFS_等式 */ = {isa = PBXFileReference; explicitFileType = "compiled.mach-o.executable"; includeInIndex = 0; path = "DFS_等式"; sourceTree = BUILT_PRODUCTS_DIR; };
		5A4550FD211A9DA70014EB7E /* main.m */ = {isa = PBXFileReference; lastKnownFileType = sourcecode.c.objc; path = main.m; sourceTree = "<group>"; };
		5A455106211AB8420014EB7E /* DFS_迷宫 */ = {isa = PBXFileReference; explicitFileType = "compiled.mach-o.executable"; includeInIndex = 0; path = "DFS_迷宫"; sourceTree = BUILT_PRODUCTS_DIR; };
		5A455108211AB8420014EB7E /* main.m */ = {isa = PBXFileReference; lastKnownFileType = sourcecode.c.objc; path = main.m; sourceTree = "<group>"; };
		5A45511C211ABFE40014EB7E /* 广度优先搜索BFS */ = {isa = PBXFileReference; explicitFileType = "compiled.mach-o.executable"; includeInIndex = 0; path = "广度优先搜索BFS"; sourceTree = BUILT_PRODUCTS_DIR; };
		5A45511E211ABFE50014EB7E /* main.m */ = {isa = PBXFileReference; lastKnownFileType = sourcecode.c.objc; path = main.m; sourceTree = "<group>"; };
		5A455127211ACE210014EB7E /* 全排列_swift */ = {isa = PBXFileReference; explicitFileType = "compiled.mach-o.executable"; includeInIndex = 0; path = "全排列_swift"; sourceTree = BUILT_PRODUCTS_DIR; };
		5A455129211ACE210014EB7E /* main.swift */ = {isa = PBXFileReference; lastKnownFileType = sourcecode.swift; path = main.swift; sourceTree = "<group>"; };
		5A879A8A211E6C6D00F58804 /* BFS_炸弹人 */ = {isa = PBXFileReference; explicitFileType = "compiled.mach-o.executable"; includeInIndex = 0; path = "BFS_炸弹人"; sourceTree = BUILT_PRODUCTS_DIR; };
		5A879A8C211E6C6D00F58804 /* main.m */ = {isa = PBXFileReference; lastKnownFileType = sourcecode.c.objc; path = main.m; sourceTree = "<group>"; };
		5A879A95211E723E00F58804 /* DFS_炸弹人 */ = {isa = PBXFileReference; explicitFileType = "compiled.mach-o.executable"; includeInIndex = 0; path = "DFS_炸弹人"; sourceTree = BUILT_PRODUCTS_DIR; };
		5A879A97211E723E00F58804 /* main.m */ = {isa = PBXFileReference; lastKnownFileType = sourcecode.c.objc; path = main.m; sourceTree = "<group>"; };
		5A879AA0211E756400F58804 /* 着色法 */ = {isa = PBXFileReference; explicitFileType = "compiled.mach-o.executable"; includeInIndex = 0; path = "着色法"; sourceTree = BUILT_PRODUCTS_DIR; };
		5A879AA2211E756400F58804 /* main.m */ = {isa = PBXFileReference; lastKnownFileType = sourcecode.c.objc; path = main.m; sourceTree = "<group>"; };
		5A879AAB211E872300F58804 /* 水管工 */ = {isa = PBXFileReference; explicitFileType = "compiled.mach-o.executable"; includeInIndex = 0; path = "水管工"; sourceTree = BUILT_PRODUCTS_DIR; };
		5A879AAD211E872300F58804 /* main.m */ = {isa = PBXFileReference; lastKnownFileType = sourcecode.c.objc; path = main.m; sourceTree = "<group>"; };
		5A879AB6211E87EE00F58804 /* 图的遍历 */ = {isa = PBXFileReference; explicitFileType = "compiled.mach-o.executable"; includeInIndex = 0; path = "图的遍历"; sourceTree = BUILT_PRODUCTS_DIR; };
		5A879AB8211E87EE00F58804 /* main.m */ = {isa = PBXFileReference; lastKnownFileType = sourcecode.c.objc; path = main.m; sourceTree = "<group>"; };
		5A879AC1211EC83F00F58804 /* 城市地图_最短路径 */ = {isa = PBXFileReference; explicitFileType = "compiled.mach-o.executable"; includeInIndex = 0; path = "城市地图_最短路径"; sourceTree = BUILT_PRODUCTS_DIR; };
		5A879AC3211EC83F00F58804 /* main.m */ = {isa = PBXFileReference; lastKnownFileType = sourcecode.c.objc; path = main.m; sourceTree = "<group>"; };
		5A879AC8211ECF2800F58804 /* 城市路线.png */ = {isa = PBXFileReference; lastKnownFileType = image.png; path = "城市路线.png"; sourceTree = "<group>"; };
		5A879ACE211ECF4B00F58804 /* 图的BFS遍历 */ = {isa = PBXFileReference; explicitFileType = "compiled.mach-o.executable"; includeInIndex = 0; path = "图的BFS遍历"; sourceTree = BUILT_PRODUCTS_DIR; };
		5A879AD0211ECF4B00F58804 /* main.m */ = {isa = PBXFileReference; lastKnownFileType = sourcecode.c.objc; path = main.m; sourceTree = "<group>"; };
		5A879AD5211ED04F00F58804 /* 转机路线.png */ = {isa = PBXFileReference; lastKnownFileType = image.png; path = "转机路线.png"; sourceTree = "<group>"; };
		5A879ADB211ED47A00F58804 /* 最短路径 */ = {isa = PBXFileReference; explicitFileType = "compiled.mach-o.executable"; includeInIndex = 0; path = "最短路径"; sourceTree = BUILT_PRODUCTS_DIR; };
		5A879ADD211ED47A00F58804 /* main.m */ = {isa = PBXFileReference; lastKnownFileType = sourcecode.c.objc; path = main.m; sourceTree = "<group>"; };
		5A879AE2211ED4A000F58804 /* 最短路径.png */ = {isa = PBXFileReference; lastKnownFileType = image.png; path = "最短路径.png"; sourceTree = "<group>"; };
		5A9A85332123B53200D510A4 /* 树 */ = {isa = PBXFileReference; explicitFileType = "compiled.mach-o.executable"; includeInIndex = 0; path = "树"; sourceTree = BUILT_PRODUCTS_DIR; };
		5A9A85352123B53200D510A4 /* main.m */ = {isa = PBXFileReference; lastKnownFileType = sourcecode.c.objc; path = main.m; sourceTree = "<group>"; };
		5AA0822C211933EA00512FEA /* 队列 */ = {isa = PBXFileReference; explicitFileType = "compiled.mach-o.executable"; includeInIndex = 0; path = "队列"; sourceTree = BUILT_PRODUCTS_DIR; };
		5AA0822E211933EA00512FEA /* main.m */ = {isa = PBXFileReference; lastKnownFileType = sourcecode.c.objc; path = main.m; sourceTree = "<group>"; };
		5AA0823721193C7300512FEA /* 栈 */ = {isa = PBXFileReference; explicitFileType = "compiled.mach-o.executable"; includeInIndex = 0; path = "栈"; sourceTree = BUILT_PRODUCTS_DIR; };
		5AA0823921193C7300512FEA /* main.m */ = {isa = PBXFileReference; lastKnownFileType = sourcecode.c.objc; path = main.m; sourceTree = "<group>"; };
		5AA0824221194B5000512FEA /* 纸牌(接竹竿)游戏 */ = {isa = PBXFileReference; explicitFileType = "compiled.mach-o.executable"; includeInIndex = 0; path = "纸牌(接竹竿)游戏"; sourceTree = BUILT_PRODUCTS_DIR; };
		5AA0824421194B5000512FEA /* main.m */ = {isa = PBXFileReference; lastKnownFileType = sourcecode.c.objc; path = main.m; sourceTree = "<group>"; };
		5AA2BD4920D8A0C100083DA9 /* Arithmetic_Demo.app */ = {isa = PBXFileReference; explicitFileType = wrapper.application; includeInIndex = 0; path = Arithmetic_Demo.app; sourceTree = BUILT_PRODUCTS_DIR; };
		5AA2BD4C20D8A0C100083DA9 /* AppDelegate.h */ = {isa = PBXFileReference; lastKnownFileType = sourcecode.c.h; path = AppDelegate.h; sourceTree = "<group>"; };
		5AA2BD4D20D8A0C100083DA9 /* AppDelegate.m */ = {isa = PBXFileReference; lastKnownFileType = sourcecode.c.objc; path = AppDelegate.m; sourceTree = "<group>"; };
		5AA2BD4F20D8A0C100083DA9 /* ViewController.h */ = {isa = PBXFileReference; lastKnownFileType = sourcecode.c.h; path = ViewController.h; sourceTree = "<group>"; };
		5AA2BD5020D8A0C100083DA9 /* ViewController.m */ = {isa = PBXFileReference; lastKnownFileType = sourcecode.c.objc; path = ViewController.m; sourceTree = "<group>"; };
		5AA2BD5320D8A0C200083DA9 /* Base */ = {isa = PBXFileReference; lastKnownFileType = file.storyboard; name = Base; path = Base.lproj/Main.storyboard; sourceTree = "<group>"; };
		5AA2BD5520D8A0C500083DA9 /* Assets.xcassets */ = {isa = PBXFileReference; lastKnownFileType = folder.assetcatalog; path = Assets.xcassets; sourceTree = "<group>"; };
		5AA2BD5820D8A0C500083DA9 /* Base */ = {isa = PBXFileReference; lastKnownFileType = file.storyboard; name = Base; path = Base.lproj/LaunchScreen.storyboard; sourceTree = "<group>"; };
		5AA2BD5A20D8A0C500083DA9 /* Info.plist */ = {isa = PBXFileReference; lastKnownFileType = text.plist.xml; path = Info.plist; sourceTree = "<group>"; };
		5AA2BD5B20D8A0C500083DA9 /* main.m */ = {isa = PBXFileReference; lastKnownFileType = sourcecode.c.objc; path = main.m; sourceTree = "<group>"; };
		5AA2BD6220D8A17F00083DA9 /* UIView+loadFromNib.h */ = {isa = PBXFileReference; fileEncoding = 4; lastKnownFileType = sourcecode.c.h; path = "UIView+loadFromNib.h"; sourceTree = "<group>"; };
		5AA2BD6320D8A17F00083DA9 /* UIView+loadFromNib.m */ = {isa = PBXFileReference; fileEncoding = 4; lastKnownFileType = sourcecode.c.objc; path = "UIView+loadFromNib.m"; sourceTree = "<group>"; };
		5AA2BD6420D8A17F00083DA9 /* UIViewController+loadFromStoryBoard.h */ = {isa = PBXFileReference; fileEncoding = 4; lastKnownFileType = sourcecode.c.h; path = "UIViewController+loadFromStoryBoard.h"; sourceTree = "<group>"; };
		5AA2BD6520D8A18000083DA9 /* UIViewController+loadFromStoryBoard.m */ = {isa = PBXFileReference; fileEncoding = 4; lastKnownFileType = sourcecode.c.objc; path = "UIViewController+loadFromStoryBoard.m"; sourceTree = "<group>"; };
		5AA2BD6920D8A32C00083DA9 /* SortController.h */ = {isa = PBXFileReference; lastKnownFileType = sourcecode.c.h; path = SortController.h; sourceTree = "<group>"; };
		5AA2BD6A20D8A32C00083DA9 /* SortController.m */ = {isa = PBXFileReference; lastKnownFileType = sourcecode.c.objc; path = SortController.m; sourceTree = "<group>"; };
		5AEA5D992117E98800CC9E05 /* 桶排序 */ = {isa = PBXFileReference; explicitFileType = "compiled.mach-o.executable"; includeInIndex = 0; path = "桶排序"; sourceTree = BUILT_PRODUCTS_DIR; };
		5AEA5D9B2117E98800CC9E05 /* main.m */ = {isa = PBXFileReference; lastKnownFileType = sourcecode.c.objc; path = main.m; sourceTree = "<group>"; };
		5AEA5DA42117EDCB00CC9E05 /* 冒泡排序 */ = {isa = PBXFileReference; explicitFileType = "compiled.mach-o.executable"; includeInIndex = 0; path = "冒泡排序"; sourceTree = BUILT_PRODUCTS_DIR; };
		5AEA5DA62117EDCB00CC9E05 /* main.m */ = {isa = PBXFileReference; lastKnownFileType = sourcecode.c.objc; path = main.m; sourceTree = "<group>"; };
		5AEA5DAF2117F73000CC9E05 /* 快速排序 */ = {isa = PBXFileReference; explicitFileType = "compiled.mach-o.executable"; includeInIndex = 0; path = "快速排序"; sourceTree = BUILT_PRODUCTS_DIR; };
		5AEA5DB12117F73000CC9E05 /* main.m */ = {isa = PBXFileReference; lastKnownFileType = sourcecode.c.objc; path = main.m; sourceTree = "<group>"; };
		5AFAC40F211FC63800BDBC29 /* 负权回路.png */ = {isa = PBXFileReference; lastKnownFileType = image.png; path = "负权回路.png"; sourceTree = "<group>"; };
		5AFAC415211FC69800BDBC29 /* Dijkstra_通过边实现松弛 */ = {isa = PBXFileReference; explicitFileType = "compiled.mach-o.executable"; includeInIndex = 0; path = "Dijkstra_通过边实现松弛"; sourceTree = BUILT_PRODUCTS_DIR; };
		5AFAC417211FC69800BDBC29 /* main.m */ = {isa = PBXFileReference; lastKnownFileType = sourcecode.c.objc; path = main.m; sourceTree = "<group>"; };
		5AFAC41C211FC7C400BDBC29 /* 单源最短路径.png */ = {isa = PBXFileReference; lastKnownFileType = image.png; path = "单源最短路径.png"; sourceTree = "<group>"; };
		5AFAC422211FDB4100BDBC29 /* 邻接表存储 */ = {isa = PBXFileReference; explicitFileType = "compiled.mach-o.executable"; includeInIndex = 0; path = "邻接表存储"; sourceTree = BUILT_PRODUCTS_DIR; };
		5AFAC424211FDB4100BDBC29 /* main.m */ = {isa = PBXFileReference; lastKnownFileType = sourcecode.c.objc; path = main.m; sourceTree = "<group>"; };
		5AFAC42D211FE08D00BDBC29 /* Bellman_Ford_解决负权边 */ = {isa = PBXFileReference; explicitFileType = "compiled.mach-o.executable"; includeInIndex = 0; path = "Bellman_Ford_解决负权边"; sourceTree = BUILT_PRODUCTS_DIR; };
		5AFAC42F211FE08D00BDBC29 /* main.m */ = {isa = PBXFileReference; lastKnownFileType = sourcecode.c.objc; path = main.m; sourceTree = "<group>"; };
		5AFAC438212016D500BDBC29 /* Bellman_Ford队列优化 */ = {isa = PBXFileReference; explicitFileType = "compiled.mach-o.executable"; includeInIndex = 0; path = "Bellman_Ford队列优化"; sourceTree = BUILT_PRODUCTS_DIR; };
		5AFAC43A212016D500BDBC29 /* main.m */ = {isa = PBXFileReference; lastKnownFileType = sourcecode.c.objc; path = main.m; sourceTree = "<group>"; };
		5AFAC43F2120178700BDBC29 /* 队列优化.png */ = {isa = PBXFileReference; lastKnownFileType = image.png; path = "队列优化.png"; sourceTree = "<group>"; };
/* End PBXFileReference section */

/* Begin PBXFrameworksBuildPhase section */
		5A226E942119DAE600E8B651 /* Frameworks */ = {
			isa = PBXFrameworksBuildPhase;
			buildActionMask = 2147483647;
			files = (
			);
			runOnlyForDeploymentPostprocessing = 0;
		};
		5A226E9F2119E11500E8B651 /* Frameworks */ = {
			isa = PBXFrameworksBuildPhase;
			buildActionMask = 2147483647;
			files = (
			);
			runOnlyForDeploymentPostprocessing = 0;
		};
		5A4550E1211A7D480014EB7E /* Frameworks */ = {
			isa = PBXFrameworksBuildPhase;
			buildActionMask = 2147483647;
			files = (
			);
			runOnlyForDeploymentPostprocessing = 0;
		};
		5A4550EC211A84F30014EB7E /* Frameworks */ = {
			isa = PBXFrameworksBuildPhase;
			buildActionMask = 2147483647;
			files = (
			);
			runOnlyForDeploymentPostprocessing = 0;
		};
		5A4550F8211A9DA70014EB7E /* Frameworks */ = {
			isa = PBXFrameworksBuildPhase;
			buildActionMask = 2147483647;
			files = (
			);
			runOnlyForDeploymentPostprocessing = 0;
		};
		5A455103211AB8420014EB7E /* Frameworks */ = {
			isa = PBXFrameworksBuildPhase;
			buildActionMask = 2147483647;
			files = (
			);
			runOnlyForDeploymentPostprocessing = 0;
		};
		5A455119211ABFE40014EB7E /* Frameworks */ = {
			isa = PBXFrameworksBuildPhase;
			buildActionMask = 2147483647;
			files = (
			);
			runOnlyForDeploymentPostprocessing = 0;
		};
		5A455124211ACE210014EB7E /* Frameworks */ = {
			isa = PBXFrameworksBuildPhase;
			buildActionMask = 2147483647;
			files = (
			);
			runOnlyForDeploymentPostprocessing = 0;
		};
		5A879A87211E6C6D00F58804 /* Frameworks */ = {
			isa = PBXFrameworksBuildPhase;
			buildActionMask = 2147483647;
			files = (
			);
			runOnlyForDeploymentPostprocessing = 0;
		};
		5A879A92211E723E00F58804 /* Frameworks */ = {
			isa = PBXFrameworksBuildPhase;
			buildActionMask = 2147483647;
			files = (
			);
			runOnlyForDeploymentPostprocessing = 0;
		};
		5A879A9D211E756400F58804 /* Frameworks */ = {
			isa = PBXFrameworksBuildPhase;
			buildActionMask = 2147483647;
			files = (
			);
			runOnlyForDeploymentPostprocessing = 0;
		};
		5A879AA8211E872300F58804 /* Frameworks */ = {
			isa = PBXFrameworksBuildPhase;
			buildActionMask = 2147483647;
			files = (
			);
			runOnlyForDeploymentPostprocessing = 0;
		};
		5A879AB3211E87EE00F58804 /* Frameworks */ = {
			isa = PBXFrameworksBuildPhase;
			buildActionMask = 2147483647;
			files = (
			);
			runOnlyForDeploymentPostprocessing = 0;
		};
		5A879ABE211EC83F00F58804 /* Frameworks */ = {
			isa = PBXFrameworksBuildPhase;
			buildActionMask = 2147483647;
			files = (
			);
			runOnlyForDeploymentPostprocessing = 0;
		};
		5A879ACB211ECF4B00F58804 /* Frameworks */ = {
			isa = PBXFrameworksBuildPhase;
			buildActionMask = 2147483647;
			files = (
			);
			runOnlyForDeploymentPostprocessing = 0;
		};
		5A879AD8211ED47A00F58804 /* Frameworks */ = {
			isa = PBXFrameworksBuildPhase;
			buildActionMask = 2147483647;
			files = (
			);
			runOnlyForDeploymentPostprocessing = 0;
		};
		5A9A85302123B53200D510A4 /* Frameworks */ = {
			isa = PBXFrameworksBuildPhase;
			buildActionMask = 2147483647;
			files = (
			);
			runOnlyForDeploymentPostprocessing = 0;
		};
		5AA08229211933EA00512FEA /* Frameworks */ = {
			isa = PBXFrameworksBuildPhase;
			buildActionMask = 2147483647;
			files = (
			);
			runOnlyForDeploymentPostprocessing = 0;
		};
		5AA0823421193C7300512FEA /* Frameworks */ = {
			isa = PBXFrameworksBuildPhase;
			buildActionMask = 2147483647;
			files = (
			);
			runOnlyForDeploymentPostprocessing = 0;
		};
		5AA0823F21194B5000512FEA /* Frameworks */ = {
			isa = PBXFrameworksBuildPhase;
			buildActionMask = 2147483647;
			files = (
			);
			runOnlyForDeploymentPostprocessing = 0;
		};
		5AA2BD4620D8A0C100083DA9 /* Frameworks */ = {
			isa = PBXFrameworksBuildPhase;
			buildActionMask = 2147483647;
			files = (
			);
			runOnlyForDeploymentPostprocessing = 0;
		};
		5AEA5D962117E98800CC9E05 /* Frameworks */ = {
			isa = PBXFrameworksBuildPhase;
			buildActionMask = 2147483647;
			files = (
			);
			runOnlyForDeploymentPostprocessing = 0;
		};
		5AEA5DA12117EDCB00CC9E05 /* Frameworks */ = {
			isa = PBXFrameworksBuildPhase;
			buildActionMask = 2147483647;
			files = (
			);
			runOnlyForDeploymentPostprocessing = 0;
		};
		5AEA5DAC2117F73000CC9E05 /* Frameworks */ = {
			isa = PBXFrameworksBuildPhase;
			buildActionMask = 2147483647;
			files = (
			);
			runOnlyForDeploymentPostprocessing = 0;
		};
		5AFAC412211FC69800BDBC29 /* Frameworks */ = {
			isa = PBXFrameworksBuildPhase;
			buildActionMask = 2147483647;
			files = (
			);
			runOnlyForDeploymentPostprocessing = 0;
		};
		5AFAC41F211FDB4100BDBC29 /* Frameworks */ = {
			isa = PBXFrameworksBuildPhase;
			buildActionMask = 2147483647;
			files = (
			);
			runOnlyForDeploymentPostprocessing = 0;
		};
		5AFAC42A211FE08D00BDBC29 /* Frameworks */ = {
			isa = PBXFrameworksBuildPhase;
			buildActionMask = 2147483647;
			files = (
			);
			runOnlyForDeploymentPostprocessing = 0;
		};
		5AFAC435212016D500BDBC29 /* Frameworks */ = {
			isa = PBXFrameworksBuildPhase;
			buildActionMask = 2147483647;
			files = (
			);
			runOnlyForDeploymentPostprocessing = 0;
		};
/* End PBXFrameworksBuildPhase section */

/* Begin PBXGroup section */
		5A226E982119DAE600E8B651 /* 链表 */ = {
			isa = PBXGroup;
			children = (
				5A226E992119DAE600E8B651 /* main.m */,
			);
			path = "链表";
			sourceTree = "<group>";
		};
		5A226EA32119E11500E8B651 /* 模拟链表 */ = {
			isa = PBXGroup;
			children = (
				5A226EA42119E11500E8B651 /* main.m */,
			);
			path = "模拟链表";
			sourceTree = "<group>";
		};
		5A4550E5211A7D480014EB7E /* 枚举_炸弹游戏 */ = {
			isa = PBXGroup;
			children = (
				5A4550E6211A7D480014EB7E /* main.m */,
			);
			path = "枚举_炸弹游戏";
			sourceTree = "<group>";
		};
		5A4550F0211A84F30014EB7E /* 深度优先搜索 */ = {
			isa = PBXGroup;
			children = (
				5A4550F1211A84F30014EB7E /* main.m */,
			);
			path = "深度优先搜索";
			sourceTree = "<group>";
		};
		5A4550FC211A9DA70014EB7E /* DFS_等式 */ = {
			isa = PBXGroup;
			children = (
				5A4550FD211A9DA70014EB7E /* main.m */,
			);
			path = "DFS_等式";
			sourceTree = "<group>";
		};
		5A455107211AB8420014EB7E /* DFS_迷宫 */ = {
			isa = PBXGroup;
			children = (
				5A455108211AB8420014EB7E /* main.m */,
			);
			path = "DFS_迷宫";
			sourceTree = "<group>";
		};
		5A45511D211ABFE50014EB7E /* 广度优先搜索BFS */ = {
			isa = PBXGroup;
			children = (
				5A45511E211ABFE50014EB7E /* main.m */,
			);
			path = "广度优先搜索BFS";
			sourceTree = "<group>";
		};
		5A455128211ACE210014EB7E /* 全排列_swift */ = {
			isa = PBXGroup;
			children = (
				5A455129211ACE210014EB7E /* main.swift */,
			);
			path = "全排列_swift";
			sourceTree = "<group>";
		};
		5A879A8B211E6C6D00F58804 /* BFS_炸弹人 */ = {
			isa = PBXGroup;
			children = (
				5A879A8C211E6C6D00F58804 /* main.m */,
			);
			path = "BFS_炸弹人";
			sourceTree = "<group>";
		};
		5A879A96211E723E00F58804 /* DFS_炸弹人 */ = {
			isa = PBXGroup;
			children = (
				5A879A97211E723E00F58804 /* main.m */,
			);
			path = "DFS_炸弹人";
			sourceTree = "<group>";
		};
		5A879AA1211E756400F58804 /* 着色法 */ = {
			isa = PBXGroup;
			children = (
				5A879AA2211E756400F58804 /* main.m */,
			);
			path = "着色法";
			sourceTree = "<group>";
		};
		5A879AAC211E872300F58804 /* 水管工 */ = {
			isa = PBXGroup;
			children = (
				5A879AAD211E872300F58804 /* main.m */,
			);
			path = "水管工";
			sourceTree = "<group>";
		};
		5A879AB7211E87EE00F58804 /* 图的遍历 */ = {
			isa = PBXGroup;
			children = (
				5A879AB8211E87EE00F58804 /* main.m */,
			);
			path = "图的遍历";
			sourceTree = "<group>";
		};
		5A879AC2211EC83F00F58804 /* 城市地图_最短路径 */ = {
			isa = PBXGroup;
			children = (
				5A879AC3211EC83F00F58804 /* main.m */,
				5A879AC8211ECF2800F58804 /* 城市路线.png */,
			);
			path = "城市地图_最短路径";
			sourceTree = "<group>";
		};
		5A879ACF211ECF4B00F58804 /* 图的BFS遍历 */ = {
			isa = PBXGroup;
			children = (
				5A879AD5211ED04F00F58804 /* 转机路线.png */,
				5A879AD0211ECF4B00F58804 /* main.m */,
			);
			path = "图的BFS遍历";
			sourceTree = "<group>";
		};
		5A879ADC211ED47A00F58804 /* 最短路径 */ = {
			isa = PBXGroup;
			children = (
				5A879ADD211ED47A00F58804 /* main.m */,
				5AFAC40F211FC63800BDBC29 /* 负权回路.png */,
				5A879AE2211ED4A000F58804 /* 最短路径.png */,
			);
			path = "最短路径";
			sourceTree = "<group>";
		};
		5A9A85342123B53200D510A4 /* 树 */ = {
			isa = PBXGroup;
			children = (
				5A9A85352123B53200D510A4 /* main.m */,
			);
			path = "树";
			sourceTree = "<group>";
		};
		5AA0822D211933EA00512FEA /* 队列 */ = {
			isa = PBXGroup;
			children = (
				5AA0822E211933EA00512FEA /* main.m */,
			);
			path = "队列";
			sourceTree = "<group>";
		};
		5AA0823821193C7300512FEA /* 栈 */ = {
			isa = PBXGroup;
			children = (
				5AA0823921193C7300512FEA /* main.m */,
			);
			path = "栈";
			sourceTree = "<group>";
		};
		5AA0824321194B5000512FEA /* 纸牌(接竹竿)游戏 */ = {
			isa = PBXGroup;
			children = (
				5AA0824421194B5000512FEA /* main.m */,
			);
			path = "纸牌(接竹竿)游戏";
			sourceTree = "<group>";
		};
		5AA2BD4020D8A0C100083DA9 = {
			isa = PBXGroup;
			children = (
				5AA2BD4B20D8A0C100083DA9 /* Arithmetic_Demo */,
				5AEA5D9A2117E98800CC9E05 /* 桶排序 */,
				5AEA5DA52117EDCB00CC9E05 /* 冒泡排序 */,
				5AEA5DB02117F73000CC9E05 /* 快速排序 */,
				5AA0822D211933EA00512FEA /* 队列 */,
				5AA0823821193C7300512FEA /* 栈 */,
				5AA0824321194B5000512FEA /* 纸牌(接竹竿)游戏 */,
				5A226E982119DAE600E8B651 /* 链表 */,
				5A226EA32119E11500E8B651 /* 模拟链表 */,
				5A4550E5211A7D480014EB7E /* 枚举_炸弹游戏 */,
				5A4550F0211A84F30014EB7E /* 深度优先搜索 */,
				5A4550FC211A9DA70014EB7E /* DFS_等式 */,
				5A455107211AB8420014EB7E /* DFS_迷宫 */,
				5A45511D211ABFE50014EB7E /* 广度优先搜索BFS */,
				5A455128211ACE210014EB7E /* 全排列_swift */,
				5A879A8B211E6C6D00F58804 /* BFS_炸弹人 */,
				5A879A96211E723E00F58804 /* DFS_炸弹人 */,
				5A879AA1211E756400F58804 /* 着色法 */,
				5A879AAC211E872300F58804 /* 水管工 */,
				5A879AB7211E87EE00F58804 /* 图的遍历 */,
				5A879AC2211EC83F00F58804 /* 城市地图_最短路径 */,
				5A879ACF211ECF4B00F58804 /* 图的BFS遍历 */,
				5A879ADC211ED47A00F58804 /* 最短路径 */,
				5AFAC416211FC69800BDBC29 /* Dijkstra_通过边实现松弛 */,
				5AFAC423211FDB4100BDBC29 /* 邻接表存储 */,
				5AFAC42E211FE08D00BDBC29 /* Bellman_Ford_解决负权边 */,
				5AFAC439212016D500BDBC29 /* Bellman_Ford队列优化 */,
				5A9A85342123B53200D510A4 /* 树 */,
				5AA2BD4A20D8A0C100083DA9 /* Products */,
			);
			sourceTree = "<group>";
		};
		5AA2BD4A20D8A0C100083DA9 /* Products */ = {
			isa = PBXGroup;
			children = (
				5AA2BD4920D8A0C100083DA9 /* Arithmetic_Demo.app */,
				5AEA5D992117E98800CC9E05 /* 桶排序 */,
				5AEA5DA42117EDCB00CC9E05 /* 冒泡排序 */,
				5AEA5DAF2117F73000CC9E05 /* 快速排序 */,
				5AA0822C211933EA00512FEA /* 队列 */,
				5AA0823721193C7300512FEA /* 栈 */,
				5AA0824221194B5000512FEA /* 纸牌(接竹竿)游戏 */,
				5A226E972119DAE600E8B651 /* 链表 */,
				5A226EA22119E11500E8B651 /* 模拟链表 */,
				5A4550E4211A7D480014EB7E /* 枚举_炸弹游戏 */,
				5A4550EF211A84F30014EB7E /* 深度优先搜索 */,
				5A4550FB211A9DA70014EB7E /* DFS_等式 */,
				5A455106211AB8420014EB7E /* DFS_迷宫 */,
				5A45511C211ABFE40014EB7E /* 广度优先搜索BFS */,
				5A455127211ACE210014EB7E /* 全排列_swift */,
				5A879A8A211E6C6D00F58804 /* BFS_炸弹人 */,
				5A879A95211E723E00F58804 /* DFS_炸弹人 */,
				5A879AA0211E756400F58804 /* 着色法 */,
				5A879AAB211E872300F58804 /* 水管工 */,
				5A879AB6211E87EE00F58804 /* 图的遍历 */,
				5A879AC1211EC83F00F58804 /* 城市地图_最短路径 */,
				5A879ACE211ECF4B00F58804 /* 图的BFS遍历 */,
				5A879ADB211ED47A00F58804 /* 最短路径 */,
				5AFAC415211FC69800BDBC29 /* Dijkstra_通过边实现松弛 */,
				5AFAC422211FDB4100BDBC29 /* 邻接表存储 */,
				5AFAC42D211FE08D00BDBC29 /* Bellman_Ford_解决负权边 */,
				5AFAC438212016D500BDBC29 /* Bellman_Ford队列优化 */,
				5A9A85332123B53200D510A4 /* 树 */,
			);
			name = Products;
			sourceTree = "<group>";
		};
		5AA2BD4B20D8A0C100083DA9 /* Arithmetic_Demo */ = {
			isa = PBXGroup;
			children = (
				5AA2BD4C20D8A0C100083DA9 /* AppDelegate.h */,
				5AA2BD4D20D8A0C100083DA9 /* AppDelegate.m */,
				5AA2BD4F20D8A0C100083DA9 /* ViewController.h */,
				5AA2BD5020D8A0C100083DA9 /* ViewController.m */,
				5AA2BD6920D8A32C00083DA9 /* SortController.h */,
				5AA2BD6A20D8A32C00083DA9 /* SortController.m */,
				5AA2BD5A20D8A0C500083DA9 /* Info.plist */,
				5AA2BD6820D8A18D00083DA9 /* Other */,
			);
			path = Arithmetic_Demo;
			sourceTree = "<group>";
		};
		5AA2BD6820D8A18D00083DA9 /* Other */ = {
			isa = PBXGroup;
			children = (
				5AA2BD5220D8A0C200083DA9 /* Main.storyboard */,
				5AA2BD5520D8A0C500083DA9 /* Assets.xcassets */,
				5AA2BD5720D8A0C500083DA9 /* LaunchScreen.storyboard */,
				5AA2BD5B20D8A0C500083DA9 /* main.m */,
				5AA2BD6220D8A17F00083DA9 /* UIView+loadFromNib.h */,
				5AA2BD6320D8A17F00083DA9 /* UIView+loadFromNib.m */,
				5AA2BD6420D8A17F00083DA9 /* UIViewController+loadFromStoryBoard.h */,
				5AA2BD6520D8A18000083DA9 /* UIViewController+loadFromStoryBoard.m */,
			);
			path = Other;
			sourceTree = "<group>";
		};
		5AEA5D9A2117E98800CC9E05 /* 桶排序 */ = {
			isa = PBXGroup;
			children = (
				5AEA5D9B2117E98800CC9E05 /* main.m */,
			);
			path = "桶排序";
			sourceTree = "<group>";
		};
		5AEA5DA52117EDCB00CC9E05 /* 冒泡排序 */ = {
			isa = PBXGroup;
			children = (
				5AEA5DA62117EDCB00CC9E05 /* main.m */,
			);
			path = "冒泡排序";
			sourceTree = "<group>";
		};
		5AEA5DB02117F73000CC9E05 /* 快速排序 */ = {
			isa = PBXGroup;
			children = (
				5AEA5DB12117F73000CC9E05 /* main.m */,
			);
			path = "快速排序";
			sourceTree = "<group>";
		};
		5AFAC416211FC69800BDBC29 /* Dijkstra_通过边实现松弛 */ = {
			isa = PBXGroup;
			children = (
				5AFAC41C211FC7C400BDBC29 /* 单源最短路径.png */,
				5AFAC417211FC69800BDBC29 /* main.m */,
			);
			path = "Dijkstra_通过边实现松弛";
			sourceTree = "<group>";
		};
		5AFAC423211FDB4100BDBC29 /* 邻接表存储 */ = {
			isa = PBXGroup;
			children = (
				5AFAC424211FDB4100BDBC29 /* main.m */,
			);
			path = "邻接表存储";
			sourceTree = "<group>";
		};
		5AFAC42E211FE08D00BDBC29 /* Bellman_Ford_解决负权边 */ = {
			isa = PBXGroup;
			children = (
				5AFAC42F211FE08D00BDBC29 /* main.m */,
			);
			path = "Bellman_Ford_解决负权边";
			sourceTree = "<group>";
		};
		5AFAC439212016D500BDBC29 /* Bellman_Ford队列优化 */ = {
			isa = PBXGroup;
			children = (
				5AFAC43F2120178700BDBC29 /* 队列优化.png */,
				5AFAC43A212016D500BDBC29 /* main.m */,
			);
			path = "Bellman_Ford队列优化";
			sourceTree = "<group>";
		};
/* End PBXGroup section */

/* Begin PBXNativeTarget section */
		5A226E962119DAE600E8B651 /* 链表 */ = {
			isa = PBXNativeTarget;
			buildConfigurationList = 5A226E9D2119DAE600E8B651 /* Build configuration list for PBXNativeTarget "链表" */;
			buildPhases = (
				5A226E932119DAE600E8B651 /* Sources */,
				5A226E942119DAE600E8B651 /* Frameworks */,
				5A226E952119DAE600E8B651 /* CopyFiles */,
			);
			buildRules = (
			);
			dependencies = (
			);
			name = "链表";
			productName = "链表";
			productReference = 5A226E972119DAE600E8B651 /* 链表 */;
			productType = "com.apple.product-type.tool";
		};
		5A226EA12119E11500E8B651 /* 模拟链表 */ = {
			isa = PBXNativeTarget;
			buildConfigurationList = 5A226EA62119E11500E8B651 /* Build configuration list for PBXNativeTarget "模拟链表" */;
			buildPhases = (
				5A226E9E2119E11500E8B651 /* Sources */,
				5A226E9F2119E11500E8B651 /* Frameworks */,
				5A226EA02119E11500E8B651 /* CopyFiles */,
			);
			buildRules = (
			);
			dependencies = (
			);
			name = "模拟链表";
			productName = "模拟链表";
			productReference = 5A226EA22119E11500E8B651 /* 模拟链表 */;
			productType = "com.apple.product-type.tool";
		};
		5A4550E3211A7D480014EB7E /* 枚举_炸弹游戏 */ = {
			isa = PBXNativeTarget;
			buildConfigurationList = 5A4550EA211A7D480014EB7E /* Build configuration list for PBXNativeTarget "枚举_炸弹游戏" */;
			buildPhases = (
				5A4550E0211A7D480014EB7E /* Sources */,
				5A4550E1211A7D480014EB7E /* Frameworks */,
				5A4550E2211A7D480014EB7E /* CopyFiles */,
			);
			buildRules = (
			);
			dependencies = (
			);
			name = "枚举_炸弹游戏";
			productName = "枚举_炸弹游戏";
			productReference = 5A4550E4211A7D480014EB7E /* 枚举_炸弹游戏 */;
			productType = "com.apple.product-type.tool";
		};
		5A4550EE211A84F30014EB7E /* 深度优先搜索 */ = {
			isa = PBXNativeTarget;
			buildConfigurationList = 5A4550F3211A84F30014EB7E /* Build configuration list for PBXNativeTarget "深度优先搜索" */;
			buildPhases = (
				5A4550EB211A84F30014EB7E /* Sources */,
				5A4550EC211A84F30014EB7E /* Frameworks */,
				5A4550ED211A84F30014EB7E /* CopyFiles */,
			);
			buildRules = (
			);
			dependencies = (
			);
			name = "深度优先搜索";
			productName = "深度优先搜索";
			productReference = 5A4550EF211A84F30014EB7E /* 深度优先搜索 */;
			productType = "com.apple.product-type.tool";
		};
		5A4550FA211A9DA70014EB7E /* DFS_等式 */ = {
			isa = PBXNativeTarget;
			buildConfigurationList = 5A4550FF211A9DA70014EB7E /* Build configuration list for PBXNativeTarget "DFS_等式" */;
			buildPhases = (
				5A4550F7211A9DA70014EB7E /* Sources */,
				5A4550F8211A9DA70014EB7E /* Frameworks */,
				5A4550F9211A9DA70014EB7E /* CopyFiles */,
			);
			buildRules = (
			);
			dependencies = (
			);
			name = "DFS_等式";
			productName = "DFS_等式";
			productReference = 5A4550FB211A9DA70014EB7E /* DFS_等式 */;
			productType = "com.apple.product-type.tool";
		};
		5A455105211AB8420014EB7E /* DFS_迷宫 */ = {
			isa = PBXNativeTarget;
			buildConfigurationList = 5A45510A211AB8420014EB7E /* Build configuration list for PBXNativeTarget "DFS_迷宫" */;
			buildPhases = (
				5A455102211AB8420014EB7E /* Sources */,
				5A455103211AB8420014EB7E /* Frameworks */,
				5A455104211AB8420014EB7E /* CopyFiles */,
			);
			buildRules = (
			);
			dependencies = (
			);
			name = "DFS_迷宫";
			productName = "DFS_迷宫";
			productReference = 5A455106211AB8420014EB7E /* DFS_迷宫 */;
			productType = "com.apple.product-type.tool";
		};
		5A45511B211ABFE40014EB7E /* 广度优先搜索BFS */ = {
			isa = PBXNativeTarget;
			buildConfigurationList = 5A455120211ABFE50014EB7E /* Build configuration list for PBXNativeTarget "广度优先搜索BFS" */;
			buildPhases = (
				5A455118211ABFE40014EB7E /* Sources */,
				5A455119211ABFE40014EB7E /* Frameworks */,
				5A45511A211ABFE40014EB7E /* CopyFiles */,
			);
			buildRules = (
			);
			dependencies = (
			);
			name = "广度优先搜索BFS";
			productName = "广度优先搜索BFS";
			productReference = 5A45511C211ABFE40014EB7E /* 广度优先搜索BFS */;
			productType = "com.apple.product-type.tool";
		};
		5A455126211ACE210014EB7E /* 全排列_swift */ = {
			isa = PBXNativeTarget;
			buildConfigurationList = 5A45512B211ACE210014EB7E /* Build configuration list for PBXNativeTarget "全排列_swift" */;
			buildPhases = (
				5A455123211ACE210014EB7E /* Sources */,
				5A455124211ACE210014EB7E /* Frameworks */,
				5A455125211ACE210014EB7E /* CopyFiles */,
			);
			buildRules = (
			);
			dependencies = (
			);
			name = "全排列_swift";
			productName = "全排列_swift";
			productReference = 5A455127211ACE210014EB7E /* 全排列_swift */;
			productType = "com.apple.product-type.tool";
		};
		5A879A89211E6C6D00F58804 /* BFS_炸弹人 */ = {
			isa = PBXNativeTarget;
			buildConfigurationList = 5A879A90211E6C6D00F58804 /* Build configuration list for PBXNativeTarget "BFS_炸弹人" */;
			buildPhases = (
				5A879A86211E6C6D00F58804 /* Sources */,
				5A879A87211E6C6D00F58804 /* Frameworks */,
				5A879A88211E6C6D00F58804 /* CopyFiles */,
			);
			buildRules = (
			);
			dependencies = (
			);
			name = "BFS_炸弹人";
			productName = "BFS_炸弹人";
			productReference = 5A879A8A211E6C6D00F58804 /* BFS_炸弹人 */;
			productType = "com.apple.product-type.tool";
		};
		5A879A94211E723E00F58804 /* DFS_炸弹人 */ = {
			isa = PBXNativeTarget;
			buildConfigurationList = 5A879A99211E723E00F58804 /* Build configuration list for PBXNativeTarget "DFS_炸弹人" */;
			buildPhases = (
				5A879A91211E723E00F58804 /* Sources */,
				5A879A92211E723E00F58804 /* Frameworks */,
				5A879A93211E723E00F58804 /* CopyFiles */,
			);
			buildRules = (
			);
			dependencies = (
			);
			name = "DFS_炸弹人";
			productName = "DFS_炸弹人";
			productReference = 5A879A95211E723E00F58804 /* DFS_炸弹人 */;
			productType = "com.apple.product-type.tool";
		};
		5A879A9F211E756400F58804 /* 着色法 */ = {
			isa = PBXNativeTarget;
			buildConfigurationList = 5A879AA4211E756400F58804 /* Build configuration list for PBXNativeTarget "着色法" */;
			buildPhases = (
				5A879A9C211E756400F58804 /* Sources */,
				5A879A9D211E756400F58804 /* Frameworks */,
				5A879A9E211E756400F58804 /* CopyFiles */,
			);
			buildRules = (
			);
			dependencies = (
			);
			name = "着色法";
			productName = "着色法";
			productReference = 5A879AA0211E756400F58804 /* 着色法 */;
			productType = "com.apple.product-type.tool";
		};
		5A879AAA211E872300F58804 /* 水管工 */ = {
			isa = PBXNativeTarget;
			buildConfigurationList = 5A879AAF211E872300F58804 /* Build configuration list for PBXNativeTarget "水管工" */;
			buildPhases = (
				5A879AA7211E872300F58804 /* Sources */,
				5A879AA8211E872300F58804 /* Frameworks */,
				5A879AA9211E872300F58804 /* CopyFiles */,
			);
			buildRules = (
			);
			dependencies = (
			);
			name = "水管工";
			productName = "水管工";
			productReference = 5A879AAB211E872300F58804 /* 水管工 */;
			productType = "com.apple.product-type.tool";
		};
		5A879AB5211E87EE00F58804 /* 图的遍历 */ = {
			isa = PBXNativeTarget;
			buildConfigurationList = 5A879ABA211E87EE00F58804 /* Build configuration list for PBXNativeTarget "图的遍历" */;
			buildPhases = (
				5A879AB2211E87EE00F58804 /* Sources */,
				5A879AB3211E87EE00F58804 /* Frameworks */,
				5A879AB4211E87EE00F58804 /* CopyFiles */,
			);
			buildRules = (
			);
			dependencies = (
			);
			name = "图的遍历";
			productName = "图的遍历";
			productReference = 5A879AB6211E87EE00F58804 /* 图的遍历 */;
			productType = "com.apple.product-type.tool";
		};
		5A879AC0211EC83F00F58804 /* 城市地图_最短路径 */ = {
			isa = PBXNativeTarget;
			buildConfigurationList = 5A879AC5211EC83F00F58804 /* Build configuration list for PBXNativeTarget "城市地图_最短路径" */;
			buildPhases = (
				5A879ABD211EC83F00F58804 /* Sources */,
				5A879ABE211EC83F00F58804 /* Frameworks */,
				5A879ABF211EC83F00F58804 /* CopyFiles */,
			);
			buildRules = (
			);
			dependencies = (
			);
			name = "城市地图_最短路径";
			productName = "城市地图_最短路径";
			productReference = 5A879AC1211EC83F00F58804 /* 城市地图_最短路径 */;
			productType = "com.apple.product-type.tool";
		};
		5A879ACD211ECF4B00F58804 /* 图的BFS遍历 */ = {
			isa = PBXNativeTarget;
			buildConfigurationList = 5A879AD2211ECF4B00F58804 /* Build configuration list for PBXNativeTarget "图的BFS遍历" */;
			buildPhases = (
				5A879ACA211ECF4B00F58804 /* Sources */,
				5A879ACB211ECF4B00F58804 /* Frameworks */,
				5A879ACC211ECF4B00F58804 /* CopyFiles */,
			);
			buildRules = (
			);
			dependencies = (
			);
			name = "图的BFS遍历";
			productName = "图的BFS遍历";
			productReference = 5A879ACE211ECF4B00F58804 /* 图的BFS遍历 */;
			productType = "com.apple.product-type.tool";
		};
		5A879ADA211ED47A00F58804 /* 最短路径 */ = {
			isa = PBXNativeTarget;
			buildConfigurationList = 5A879ADF211ED47A00F58804 /* Build configuration list for PBXNativeTarget "最短路径" */;
			buildPhases = (
				5A879AD7211ED47A00F58804 /* Sources */,
				5A879AD8211ED47A00F58804 /* Frameworks */,
				5A879AD9211ED47A00F58804 /* CopyFiles */,
			);
			buildRules = (
			);
			dependencies = (
			);
			name = "最短路径";
			productName = "最短路径";
			productReference = 5A879ADB211ED47A00F58804 /* 最短路径 */;
			productType = "com.apple.product-type.tool";
		};
		5A9A85322123B53200D510A4 /* 树 */ = {
			isa = PBXNativeTarget;
			buildConfigurationList = 5A9A85392123B53200D510A4 /* Build configuration list for PBXNativeTarget "树" */;
			buildPhases = (
				5A9A852F2123B53200D510A4 /* Sources */,
				5A9A85302123B53200D510A4 /* Frameworks */,
				5A9A85312123B53200D510A4 /* CopyFiles */,
			);
			buildRules = (
			);
			dependencies = (
			);
			name = "树";
			productName = "树";
			productReference = 5A9A85332123B53200D510A4 /* 树 */;
			productType = "com.apple.product-type.tool";
		};
		5AA0822B211933EA00512FEA /* 队列 */ = {
			isa = PBXNativeTarget;
			buildConfigurationList = 5AA08232211933EA00512FEA /* Build configuration list for PBXNativeTarget "队列" */;
			buildPhases = (
				5AA08228211933EA00512FEA /* Sources */,
				5AA08229211933EA00512FEA /* Frameworks */,
				5AA0822A211933EA00512FEA /* CopyFiles */,
			);
			buildRules = (
			);
			dependencies = (
			);
			name = "队列";
			productName = "队列";
			productReference = 5AA0822C211933EA00512FEA /* 队列 */;
			productType = "com.apple.product-type.tool";
		};
		5AA0823621193C7300512FEA /* 栈 */ = {
			isa = PBXNativeTarget;
			buildConfigurationList = 5AA0823B21193C7300512FEA /* Build configuration list for PBXNativeTarget "栈" */;
			buildPhases = (
				5AA0823321193C7300512FEA /* Sources */,
				5AA0823421193C7300512FEA /* Frameworks */,
				5AA0823521193C7300512FEA /* CopyFiles */,
			);
			buildRules = (
			);
			dependencies = (
			);
			name = "栈";
			productName = "栈";
			productReference = 5AA0823721193C7300512FEA /* 栈 */;
			productType = "com.apple.product-type.tool";
		};
		5AA0824121194B5000512FEA /* 纸牌(接竹竿)游戏 */ = {
			isa = PBXNativeTarget;
			buildConfigurationList = 5AA0824621194B5000512FEA /* Build configuration list for PBXNativeTarget "纸牌(接竹竿)游戏" */;
			buildPhases = (
				5AA0823E21194B5000512FEA /* Sources */,
				5AA0823F21194B5000512FEA /* Frameworks */,
				5AA0824021194B5000512FEA /* CopyFiles */,
			);
			buildRules = (
			);
			dependencies = (
			);
			name = "纸牌(接竹竿)游戏";
			productName = "纸牌(接竹竿)游戏";
			productReference = 5AA0824221194B5000512FEA /* 纸牌(接竹竿)游戏 */;
			productType = "com.apple.product-type.tool";
		};
		5AA2BD4820D8A0C100083DA9 /* Arithmetic_Demo */ = {
			isa = PBXNativeTarget;
			buildConfigurationList = 5AA2BD5F20D8A0C500083DA9 /* Build configuration list for PBXNativeTarget "Arithmetic_Demo" */;
			buildPhases = (
				5AA2BD4520D8A0C100083DA9 /* Sources */,
				5AA2BD4620D8A0C100083DA9 /* Frameworks */,
				5AA2BD4720D8A0C100083DA9 /* Resources */,
			);
			buildRules = (
			);
			dependencies = (
			);
			name = Arithmetic_Demo;
			productName = Arithmetic_Demo;
			productReference = 5AA2BD4920D8A0C100083DA9 /* Arithmetic_Demo.app */;
			productType = "com.apple.product-type.application";
		};
		5AEA5D982117E98800CC9E05 /* 桶排序 */ = {
			isa = PBXNativeTarget;
			buildConfigurationList = 5AEA5D9D2117E98800CC9E05 /* Build configuration list for PBXNativeTarget "桶排序" */;
			buildPhases = (
				5AEA5D952117E98800CC9E05 /* Sources */,
				5AEA5D962117E98800CC9E05 /* Frameworks */,
				5AEA5D972117E98800CC9E05 /* CopyFiles */,
			);
			buildRules = (
			);
			dependencies = (
			);
			name = "桶排序";
			productName = "桶排序";
			productReference = 5AEA5D992117E98800CC9E05 /* 桶排序 */;
			productType = "com.apple.product-type.tool";
		};
		5AEA5DA32117EDCB00CC9E05 /* 冒泡排序 */ = {
			isa = PBXNativeTarget;
			buildConfigurationList = 5AEA5DA82117EDCB00CC9E05 /* Build configuration list for PBXNativeTarget "冒泡排序" */;
			buildPhases = (
				5AEA5DA02117EDCB00CC9E05 /* Sources */,
				5AEA5DA12117EDCB00CC9E05 /* Frameworks */,
				5AEA5DA22117EDCB00CC9E05 /* CopyFiles */,
			);
			buildRules = (
			);
			dependencies = (
			);
			name = "冒泡排序";
			productName = "冒泡排序";
			productReference = 5AEA5DA42117EDCB00CC9E05 /* 冒泡排序 */;
			productType = "com.apple.product-type.tool";
		};
		5AEA5DAE2117F73000CC9E05 /* 快速排序 */ = {
			isa = PBXNativeTarget;
			buildConfigurationList = 5AEA5DB32117F73000CC9E05 /* Build configuration list for PBXNativeTarget "快速排序" */;
			buildPhases = (
				5AEA5DAB2117F73000CC9E05 /* Sources */,
				5AEA5DAC2117F73000CC9E05 /* Frameworks */,
				5AEA5DAD2117F73000CC9E05 /* CopyFiles */,
			);
			buildRules = (
			);
			dependencies = (
			);
			name = "快速排序";
			productName = "快速排序";
			productReference = 5AEA5DAF2117F73000CC9E05 /* 快速排序 */;
			productType = "com.apple.product-type.tool";
		};
		5AFAC414211FC69800BDBC29 /* Dijkstra_通过边实现松弛 */ = {
			isa = PBXNativeTarget;
			buildConfigurationList = 5AFAC419211FC69800BDBC29 /* Build configuration list for PBXNativeTarget "Dijkstra_通过边实现松弛" */;
			buildPhases = (
				5AFAC411211FC69800BDBC29 /* Sources */,
				5AFAC412211FC69800BDBC29 /* Frameworks */,
				5AFAC413211FC69800BDBC29 /* CopyFiles */,
			);
			buildRules = (
			);
			dependencies = (
			);
			name = "Dijkstra_通过边实现松弛";
			productName = "Dijkstra_通过边实现松弛";
			productReference = 5AFAC415211FC69800BDBC29 /* Dijkstra_通过边实现松弛 */;
			productType = "com.apple.product-type.tool";
		};
		5AFAC421211FDB4100BDBC29 /* 邻接表存储 */ = {
			isa = PBXNativeTarget;
			buildConfigurationList = 5AFAC426211FDB4100BDBC29 /* Build configuration list for PBXNativeTarget "邻接表存储" */;
			buildPhases = (
				5AFAC41E211FDB4100BDBC29 /* Sources */,
				5AFAC41F211FDB4100BDBC29 /* Frameworks */,
				5AFAC420211FDB4100BDBC29 /* CopyFiles */,
			);
			buildRules = (
			);
			dependencies = (
			);
			name = "邻接表存储";
			productName = "邻接表存储";
			productReference = 5AFAC422211FDB4100BDBC29 /* 邻接表存储 */;
			productType = "com.apple.product-type.tool";
		};
		5AFAC42C211FE08D00BDBC29 /* Bellman_Ford_解决负权边 */ = {
			isa = PBXNativeTarget;
			buildConfigurationList = 5AFAC431211FE08D00BDBC29 /* Build configuration list for PBXNativeTarget "Bellman_Ford_解决负权边" */;
			buildPhases = (
				5AFAC429211FE08D00BDBC29 /* Sources */,
				5AFAC42A211FE08D00BDBC29 /* Frameworks */,
				5AFAC42B211FE08D00BDBC29 /* CopyFiles */,
			);
			buildRules = (
			);
			dependencies = (
			);
			name = "Bellman_Ford_解决负权边";
			productName = "Bellman_Ford_解决负权边";
			productReference = 5AFAC42D211FE08D00BDBC29 /* Bellman_Ford_解决负权边 */;
			productType = "com.apple.product-type.tool";
		};
		5AFAC437212016D500BDBC29 /* Bellman_Ford队列优化 */ = {
			isa = PBXNativeTarget;
			buildConfigurationList = 5AFAC43C212016D500BDBC29 /* Build configuration list for PBXNativeTarget "Bellman_Ford队列优化" */;
			buildPhases = (
				5AFAC434212016D500BDBC29 /* Sources */,
				5AFAC435212016D500BDBC29 /* Frameworks */,
				5AFAC436212016D500BDBC29 /* CopyFiles */,
			);
			buildRules = (
			);
			dependencies = (
			);
			name = "Bellman_Ford队列优化";
			productName = "Bellman_Ford队列优化";
			productReference = 5AFAC438212016D500BDBC29 /* Bellman_Ford队列优化 */;
			productType = "com.apple.product-type.tool";
		};
/* End PBXNativeTarget section */

/* Begin PBXProject section */
		5AA2BD4120D8A0C100083DA9 /* Project object */ = {
			isa = PBXProject;
			attributes = {
				LastSwiftUpdateCheck = 0940;
				LastUpgradeCheck = 0930;
				ORGANIZATIONNAME = "戴运鹏";
				TargetAttributes = {
					5A226E962119DAE600E8B651 = {
						CreatedOnToolsVersion = 9.3.1;
					};
					5A226EA12119E11500E8B651 = {
						CreatedOnToolsVersion = 9.3.1;
					};
					5A4550E3211A7D480014EB7E = {
						CreatedOnToolsVersion = 9.4.1;
					};
					5A4550EE211A84F30014EB7E = {
						CreatedOnToolsVersion = 9.4.1;
					};
					5A4550FA211A9DA70014EB7E = {
						CreatedOnToolsVersion = 9.4.1;
					};
					5A455105211AB8420014EB7E = {
						CreatedOnToolsVersion = 9.4.1;
					};
					5A45511B211ABFE40014EB7E = {
						CreatedOnToolsVersion = 9.4.1;
					};
					5A455126211ACE210014EB7E = {
						CreatedOnToolsVersion = 9.4.1;
					};
					5A879A89211E6C6D00F58804 = {
						CreatedOnToolsVersion = 9.3.1;
					};
					5A879A94211E723E00F58804 = {
						CreatedOnToolsVersion = 9.3.1;
					};
					5A879A9F211E756400F58804 = {
						CreatedOnToolsVersion = 9.3.1;
					};
					5A879AAA211E872300F58804 = {
						CreatedOnToolsVersion = 9.3.1;
					};
					5A879AB5211E87EE00F58804 = {
						CreatedOnToolsVersion = 9.3.1;
					};
					5A879AC0211EC83F00F58804 = {
						CreatedOnToolsVersion = 9.3.1;
					};
					5A879ACD211ECF4B00F58804 = {
						CreatedOnToolsVersion = 9.3.1;
					};
					5A879ADA211ED47A00F58804 = {
						CreatedOnToolsVersion = 9.3.1;
					};
					5A9A85322123B53200D510A4 = {
						CreatedOnToolsVersion = 9.4.1;
					};
					5AA0822B211933EA00512FEA = {
						CreatedOnToolsVersion = 9.4.1;
					};
					5AA0823621193C7300512FEA = {
						CreatedOnToolsVersion = 9.4.1;
					};
					5AA0824121194B5000512FEA = {
						CreatedOnToolsVersion = 9.4.1;
					};
					5AA2BD4820D8A0C100083DA9 = {
						CreatedOnToolsVersion = 9.3.1;
					};
					5AEA5D982117E98800CC9E05 = {
						CreatedOnToolsVersion = 9.4.1;
					};
					5AEA5DA32117EDCB00CC9E05 = {
						CreatedOnToolsVersion = 9.4.1;
					};
					5AEA5DAE2117F73000CC9E05 = {
						CreatedOnToolsVersion = 9.4.1;
					};
					5AFAC414211FC69800BDBC29 = {
						CreatedOnToolsVersion = 9.3.1;
					};
					5AFAC421211FDB4100BDBC29 = {
						CreatedOnToolsVersion = 9.3.1;
					};
					5AFAC42C211FE08D00BDBC29 = {
						CreatedOnToolsVersion = 9.3.1;
					};
					5AFAC437212016D500BDBC29 = {
						CreatedOnToolsVersion = 9.3.1;
					};
				};
			};
			buildConfigurationList = 5AA2BD4420D8A0C100083DA9 /* Build configuration list for PBXProject "Arithmetic_Demo" */;
			compatibilityVersion = "Xcode 9.3";
			developmentRegion = en;
			hasScannedForEncodings = 0;
			knownRegions = (
				en,
				Base,
			);
			mainGroup = 5AA2BD4020D8A0C100083DA9;
			productRefGroup = 5AA2BD4A20D8A0C100083DA9 /* Products */;
			projectDirPath = "";
			projectRoot = "";
			targets = (
				5AA2BD4820D8A0C100083DA9 /* Arithmetic_Demo */,
				5AEA5D982117E98800CC9E05 /* 桶排序 */,
				5AEA5DA32117EDCB00CC9E05 /* 冒泡排序 */,
				5AEA5DAE2117F73000CC9E05 /* 快速排序 */,
				5AA0822B211933EA00512FEA /* 队列 */,
				5AA0823621193C7300512FEA /* 栈 */,
				5AA0824121194B5000512FEA /* 纸牌(接竹竿)游戏 */,
				5A226E962119DAE600E8B651 /* 链表 */,
				5A226EA12119E11500E8B651 /* 模拟链表 */,
				5A4550E3211A7D480014EB7E /* 枚举_炸弹游戏 */,
				5A4550EE211A84F30014EB7E /* 深度优先搜索 */,
				5A4550FA211A9DA70014EB7E /* DFS_等式 */,
				5A455105211AB8420014EB7E /* DFS_迷宫 */,
				5A45511B211ABFE40014EB7E /* 广度优先搜索BFS */,
				5A455126211ACE210014EB7E /* 全排列_swift */,
				5A879A89211E6C6D00F58804 /* BFS_炸弹人 */,
				5A879A94211E723E00F58804 /* DFS_炸弹人 */,
				5A879A9F211E756400F58804 /* 着色法 */,
				5A879AAA211E872300F58804 /* 水管工 */,
				5A879AB5211E87EE00F58804 /* 图的遍历 */,
				5A879AC0211EC83F00F58804 /* 城市地图_最短路径 */,
				5A879ACD211ECF4B00F58804 /* 图的BFS遍历 */,
				5A879ADA211ED47A00F58804 /* 最短路径 */,
				5AFAC414211FC69800BDBC29 /* Dijkstra_通过边实现松弛 */,
				5AFAC421211FDB4100BDBC29 /* 邻接表存储 */,
				5AFAC42C211FE08D00BDBC29 /* Bellman_Ford_解决负权边 */,
				5AFAC437212016D500BDBC29 /* Bellman_Ford队列优化 */,
				5A9A85322123B53200D510A4 /* 树 */,
			);
		};
/* End PBXProject section */

/* Begin PBXResourcesBuildPhase section */
		5AA2BD4720D8A0C100083DA9 /* Resources */ = {
			isa = PBXResourcesBuildPhase;
			buildActionMask = 2147483647;
			files = (
				5AA2BD5920D8A0C500083DA9 /* LaunchScreen.storyboard in Resources */,
				5A879AE3211ED4A000F58804 /* 最短路径.png in Resources */,
				5AFAC41D211FC7C400BDBC29 /* 单源最短路径.png in Resources */,
				5AFAC410211FC63800BDBC29 /* 负权回路.png in Resources */,
				5A879AD6211ED04F00F58804 /* 转机路线.png in Resources */,
				5A879AC9211ECF2900F58804 /* 城市路线.png in Resources */,
				5AA2BD5620D8A0C500083DA9 /* Assets.xcassets in Resources */,
				5AA2BD5420D8A0C200083DA9 /* Main.storyboard in Resources */,
				5AFAC4402120178700BDBC29 /* 队列优化.png in Resources */,
			);
			runOnlyForDeploymentPostprocessing = 0;
		};
/* End PBXResourcesBuildPhase section */

/* Begin PBXSourcesBuildPhase section */
		5A226E932119DAE600E8B651 /* Sources */ = {
			isa = PBXSourcesBuildPhase;
			buildActionMask = 2147483647;
			files = (
				5A226E9A2119DAE600E8B651 /* main.m in Sources */,
			);
			runOnlyForDeploymentPostprocessing = 0;
		};
		5A226E9E2119E11500E8B651 /* Sources */ = {
			isa = PBXSourcesBuildPhase;
			buildActionMask = 2147483647;
			files = (
				5A226EA52119E11500E8B651 /* main.m in Sources */,
			);
			runOnlyForDeploymentPostprocessing = 0;
		};
		5A4550E0211A7D480014EB7E /* Sources */ = {
			isa = PBXSourcesBuildPhase;
			buildActionMask = 2147483647;
			files = (
				5A4550E7211A7D480014EB7E /* main.m in Sources */,
			);
			runOnlyForDeploymentPostprocessing = 0;
		};
		5A4550EB211A84F30014EB7E /* Sources */ = {
			isa = PBXSourcesBuildPhase;
			buildActionMask = 2147483647;
			files = (
				5A4550F2211A84F30014EB7E /* main.m in Sources */,
			);
			runOnlyForDeploymentPostprocessing = 0;
		};
		5A4550F7211A9DA70014EB7E /* Sources */ = {
			isa = PBXSourcesBuildPhase;
			buildActionMask = 2147483647;
			files = (
				5A4550FE211A9DA70014EB7E /* main.m in Sources */,
			);
			runOnlyForDeploymentPostprocessing = 0;
		};
		5A455102211AB8420014EB7E /* Sources */ = {
			isa = PBXSourcesBuildPhase;
			buildActionMask = 2147483647;
			files = (
				5A455109211AB8420014EB7E /* main.m in Sources */,
			);
			runOnlyForDeploymentPostprocessing = 0;
		};
		5A455118211ABFE40014EB7E /* Sources */ = {
			isa = PBXSourcesBuildPhase;
			buildActionMask = 2147483647;
			files = (
				5A45511F211ABFE50014EB7E /* main.m in Sources */,
			);
			runOnlyForDeploymentPostprocessing = 0;
		};
		5A455123211ACE210014EB7E /* Sources */ = {
			isa = PBXSourcesBuildPhase;
			buildActionMask = 2147483647;
			files = (
				5A45512A211ACE210014EB7E /* main.swift in Sources */,
			);
			runOnlyForDeploymentPostprocessing = 0;
		};
		5A879A86211E6C6D00F58804 /* Sources */ = {
			isa = PBXSourcesBuildPhase;
			buildActionMask = 2147483647;
			files = (
				5A879A8D211E6C6D00F58804 /* main.m in Sources */,
			);
			runOnlyForDeploymentPostprocessing = 0;
		};
		5A879A91211E723E00F58804 /* Sources */ = {
			isa = PBXSourcesBuildPhase;
			buildActionMask = 2147483647;
			files = (
				5A879A98211E723E00F58804 /* main.m in Sources */,
			);
			runOnlyForDeploymentPostprocessing = 0;
		};
		5A879A9C211E756400F58804 /* Sources */ = {
			isa = PBXSourcesBuildPhase;
			buildActionMask = 2147483647;
			files = (
				5A879AA3211E756400F58804 /* main.m in Sources */,
			);
			runOnlyForDeploymentPostprocessing = 0;
		};
		5A879AA7211E872300F58804 /* Sources */ = {
			isa = PBXSourcesBuildPhase;
			buildActionMask = 2147483647;
			files = (
				5A879AAE211E872300F58804 /* main.m in Sources */,
			);
			runOnlyForDeploymentPostprocessing = 0;
		};
		5A879AB2211E87EE00F58804 /* Sources */ = {
			isa = PBXSourcesBuildPhase;
			buildActionMask = 2147483647;
			files = (
				5A879AB9211E87EE00F58804 /* main.m in Sources */,
			);
			runOnlyForDeploymentPostprocessing = 0;
		};
		5A879ABD211EC83F00F58804 /* Sources */ = {
			isa = PBXSourcesBuildPhase;
			buildActionMask = 2147483647;
			files = (
				5A879AC4211EC83F00F58804 /* main.m in Sources */,
			);
			runOnlyForDeploymentPostprocessing = 0;
		};
		5A879ACA211ECF4B00F58804 /* Sources */ = {
			isa = PBXSourcesBuildPhase;
			buildActionMask = 2147483647;
			files = (
				5A879AD1211ECF4B00F58804 /* main.m in Sources */,
			);
			runOnlyForDeploymentPostprocessing = 0;
		};
		5A879AD7211ED47A00F58804 /* Sources */ = {
			isa = PBXSourcesBuildPhase;
			buildActionMask = 2147483647;
			files = (
				5A879ADE211ED47A00F58804 /* main.m in Sources */,
			);
			runOnlyForDeploymentPostprocessing = 0;
		};
		5A9A852F2123B53200D510A4 /* Sources */ = {
			isa = PBXSourcesBuildPhase;
			buildActionMask = 2147483647;
			files = (
				5A9A85362123B53200D510A4 /* main.m in Sources */,
			);
			runOnlyForDeploymentPostprocessing = 0;
		};
		5AA08228211933EA00512FEA /* Sources */ = {
			isa = PBXSourcesBuildPhase;
			buildActionMask = 2147483647;
			files = (
				5AA0822F211933EA00512FEA /* main.m in Sources */,
			);
			runOnlyForDeploymentPostprocessing = 0;
		};
		5AA0823321193C7300512FEA /* Sources */ = {
			isa = PBXSourcesBuildPhase;
			buildActionMask = 2147483647;
			files = (
				5AA0823A21193C7300512FEA /* main.m in Sources */,
			);
			runOnlyForDeploymentPostprocessing = 0;
		};
		5AA0823E21194B5000512FEA /* Sources */ = {
			isa = PBXSourcesBuildPhase;
			buildActionMask = 2147483647;
			files = (
				5AA0824521194B5000512FEA /* main.m in Sources */,
			);
			runOnlyForDeploymentPostprocessing = 0;
		};
		5AA2BD4520D8A0C100083DA9 /* Sources */ = {
			isa = PBXSourcesBuildPhase;
			buildActionMask = 2147483647;
			files = (
				5AA2BD6620D8A18000083DA9 /* UIView+loadFromNib.m in Sources */,
				5AA2BD5120D8A0C100083DA9 /* ViewController.m in Sources */,
				5AA2BD6720D8A18000083DA9 /* UIViewController+loadFromStoryBoard.m in Sources */,
				5AA2BD6B20D8A32C00083DA9 /* SortController.m in Sources */,
				5AA2BD5C20D8A0C500083DA9 /* main.m in Sources */,
				5AA2BD4E20D8A0C100083DA9 /* AppDelegate.m in Sources */,
			);
			runOnlyForDeploymentPostprocessing = 0;
		};
		5AEA5D952117E98800CC9E05 /* Sources */ = {
			isa = PBXSourcesBuildPhase;
			buildActionMask = 2147483647;
			files = (
				5AEA5D9C2117E98800CC9E05 /* main.m in Sources */,
			);
			runOnlyForDeploymentPostprocessing = 0;
		};
		5AEA5DA02117EDCB00CC9E05 /* Sources */ = {
			isa = PBXSourcesBuildPhase;
			buildActionMask = 2147483647;
			files = (
				5AEA5DA72117EDCB00CC9E05 /* main.m in Sources */,
			);
			runOnlyForDeploymentPostprocessing = 0;
		};
		5AEA5DAB2117F73000CC9E05 /* Sources */ = {
			isa = PBXSourcesBuildPhase;
			buildActionMask = 2147483647;
			files = (
				5AEA5DB22117F73000CC9E05 /* main.m in Sources */,
			);
			runOnlyForDeploymentPostprocessing = 0;
		};
		5AFAC411211FC69800BDBC29 /* Sources */ = {
			isa = PBXSourcesBuildPhase;
			buildActionMask = 2147483647;
			files = (
				5AFAC418211FC69800BDBC29 /* main.m in Sources */,
			);
			runOnlyForDeploymentPostprocessing = 0;
		};
		5AFAC41E211FDB4100BDBC29 /* Sources */ = {
			isa = PBXSourcesBuildPhase;
			buildActionMask = 2147483647;
			files = (
				5AFAC425211FDB4100BDBC29 /* main.m in Sources */,
			);
			runOnlyForDeploymentPostprocessing = 0;
		};
		5AFAC429211FE08D00BDBC29 /* Sources */ = {
			isa = PBXSourcesBuildPhase;
			buildActionMask = 2147483647;
			files = (
				5AFAC430211FE08D00BDBC29 /* main.m in Sources */,
			);
			runOnlyForDeploymentPostprocessing = 0;
		};
		5AFAC434212016D500BDBC29 /* Sources */ = {
			isa = PBXSourcesBuildPhase;
			buildActionMask = 2147483647;
			files = (
				5AFAC43B212016D500BDBC29 /* main.m in Sources */,
			);
			runOnlyForDeploymentPostprocessing = 0;
		};
/* End PBXSourcesBuildPhase section */

/* Begin PBXVariantGroup section */
		5AA2BD5220D8A0C200083DA9 /* Main.storyboard */ = {
			isa = PBXVariantGroup;
			children = (
				5AA2BD5320D8A0C200083DA9 /* Base */,
			);
			name = Main.storyboard;
			sourceTree = "<group>";
		};
		5AA2BD5720D8A0C500083DA9 /* LaunchScreen.storyboard */ = {
			isa = PBXVariantGroup;
			children = (
				5AA2BD5820D8A0C500083DA9 /* Base */,
			);
			name = LaunchScreen.storyboard;
			sourceTree = "<group>";
		};
/* End PBXVariantGroup section */

/* Begin XCBuildConfiguration section */
		5A226E9B2119DAE600E8B651 /* Debug */ = {
			isa = XCBuildConfiguration;
			buildSettings = {
				CODE_SIGN_IDENTITY = "-";
				CODE_SIGN_STYLE = Automatic;
				MACOSX_DEPLOYMENT_TARGET = 10.13;
				PRODUCT_NAME = "$(TARGET_NAME)";
				SDKROOT = macosx;
			};
			name = Debug;
		};
		5A226E9C2119DAE600E8B651 /* Release */ = {
			isa = XCBuildConfiguration;
			buildSettings = {
				CODE_SIGN_IDENTITY = "-";
				CODE_SIGN_STYLE = Automatic;
				MACOSX_DEPLOYMENT_TARGET = 10.13;
				PRODUCT_NAME = "$(TARGET_NAME)";
				SDKROOT = macosx;
			};
			name = Release;
		};
		5A226EA72119E11500E8B651 /* Debug */ = {
			isa = XCBuildConfiguration;
			buildSettings = {
				CODE_SIGN_IDENTITY = "-";
				CODE_SIGN_STYLE = Automatic;
				MACOSX_DEPLOYMENT_TARGET = 10.13;
				PRODUCT_NAME = "$(TARGET_NAME)";
				SDKROOT = macosx;
			};
			name = Debug;
		};
		5A226EA82119E11500E8B651 /* Release */ = {
			isa = XCBuildConfiguration;
			buildSettings = {
				CODE_SIGN_IDENTITY = "-";
				CODE_SIGN_STYLE = Automatic;
				MACOSX_DEPLOYMENT_TARGET = 10.13;
				PRODUCT_NAME = "$(TARGET_NAME)";
				SDKROOT = macosx;
			};
			name = Release;
		};
		5A4550E8211A7D480014EB7E /* Debug */ = {
			isa = XCBuildConfiguration;
			buildSettings = {
				CODE_SIGN_IDENTITY = "-";
				CODE_SIGN_STYLE = Automatic;
				MACOSX_DEPLOYMENT_TARGET = 10.13;
				PRODUCT_NAME = "$(TARGET_NAME)";
				SDKROOT = macosx;
			};
			name = Debug;
		};
		5A4550E9211A7D480014EB7E /* Release */ = {
			isa = XCBuildConfiguration;
			buildSettings = {
				CODE_SIGN_IDENTITY = "-";
				CODE_SIGN_STYLE = Automatic;
				MACOSX_DEPLOYMENT_TARGET = 10.13;
				PRODUCT_NAME = "$(TARGET_NAME)";
				SDKROOT = macosx;
			};
			name = Release;
		};
		5A4550F4211A84F30014EB7E /* Debug */ = {
			isa = XCBuildConfiguration;
			buildSettings = {
				CODE_SIGN_IDENTITY = "-";
				CODE_SIGN_STYLE = Automatic;
				MACOSX_DEPLOYMENT_TARGET = 10.13;
				PRODUCT_NAME = "$(TARGET_NAME)";
				SDKROOT = macosx;
			};
			name = Debug;
		};
		5A4550F5211A84F30014EB7E /* Release */ = {
			isa = XCBuildConfiguration;
			buildSettings = {
				CODE_SIGN_IDENTITY = "-";
				CODE_SIGN_STYLE = Automatic;
				MACOSX_DEPLOYMENT_TARGET = 10.13;
				PRODUCT_NAME = "$(TARGET_NAME)";
				SDKROOT = macosx;
			};
			name = Release;
		};
		5A455100211A9DA70014EB7E /* Debug */ = {
			isa = XCBuildConfiguration;
			buildSettings = {
				CODE_SIGN_IDENTITY = "-";
				CODE_SIGN_STYLE = Automatic;
				MACOSX_DEPLOYMENT_TARGET = 10.13;
				PRODUCT_NAME = "$(TARGET_NAME)";
				SDKROOT = macosx;
			};
			name = Debug;
		};
		5A455101211A9DA70014EB7E /* Release */ = {
			isa = XCBuildConfiguration;
			buildSettings = {
				CODE_SIGN_IDENTITY = "-";
				CODE_SIGN_STYLE = Automatic;
				MACOSX_DEPLOYMENT_TARGET = 10.13;
				PRODUCT_NAME = "$(TARGET_NAME)";
				SDKROOT = macosx;
			};
			name = Release;
		};
		5A45510B211AB8420014EB7E /* Debug */ = {
			isa = XCBuildConfiguration;
			buildSettings = {
				CODE_SIGN_IDENTITY = "-";
				CODE_SIGN_STYLE = Automatic;
				MACOSX_DEPLOYMENT_TARGET = 10.13;
				PRODUCT_NAME = "$(TARGET_NAME)";
				SDKROOT = macosx;
			};
			name = Debug;
		};
		5A45510C211AB8420014EB7E /* Release */ = {
			isa = XCBuildConfiguration;
			buildSettings = {
				CODE_SIGN_IDENTITY = "-";
				CODE_SIGN_STYLE = Automatic;
				MACOSX_DEPLOYMENT_TARGET = 10.13;
				PRODUCT_NAME = "$(TARGET_NAME)";
				SDKROOT = macosx;
			};
			name = Release;
		};
		5A455121211ABFE50014EB7E /* Debug */ = {
			isa = XCBuildConfiguration;
			buildSettings = {
				CODE_SIGN_IDENTITY = "-";
				CODE_SIGN_STYLE = Automatic;
				MACOSX_DEPLOYMENT_TARGET = 10.13;
				PRODUCT_NAME = "$(TARGET_NAME)";
				SDKROOT = macosx;
			};
			name = Debug;
		};
		5A455122211ABFE50014EB7E /* Release */ = {
			isa = XCBuildConfiguration;
			buildSettings = {
				CODE_SIGN_IDENTITY = "-";
				CODE_SIGN_STYLE = Automatic;
				MACOSX_DEPLOYMENT_TARGET = 10.13;
				PRODUCT_NAME = "$(TARGET_NAME)";
				SDKROOT = macosx;
			};
			name = Release;
		};
		5A45512C211ACE210014EB7E /* Debug */ = {
			isa = XCBuildConfiguration;
			buildSettings = {
				CODE_SIGN_IDENTITY = "-";
				CODE_SIGN_STYLE = Automatic;
				MACOSX_DEPLOYMENT_TARGET = 10.13;
				PRODUCT_NAME = "$(TARGET_NAME)";
				SDKROOT = macosx;
				SWIFT_ACTIVE_COMPILATION_CONDITIONS = DEBUG;
				SWIFT_OPTIMIZATION_LEVEL = "-Onone";
				SWIFT_VERSION = 4.0;
			};
			name = Debug;
		};
		5A45512D211ACE210014EB7E /* Release */ = {
			isa = XCBuildConfiguration;
			buildSettings = {
				CODE_SIGN_IDENTITY = "-";
				CODE_SIGN_STYLE = Automatic;
				MACOSX_DEPLOYMENT_TARGET = 10.13;
				PRODUCT_NAME = "$(TARGET_NAME)";
				SDKROOT = macosx;
				SWIFT_COMPILATION_MODE = wholemodule;
				SWIFT_OPTIMIZATION_LEVEL = "-O";
				SWIFT_VERSION = 4.0;
			};
			name = Release;
		};
		5A879A8E211E6C6D00F58804 /* Debug */ = {
			isa = XCBuildConfiguration;
			buildSettings = {
				CODE_SIGN_IDENTITY = "-";
				CODE_SIGN_STYLE = Automatic;
				MACOSX_DEPLOYMENT_TARGET = 10.13;
				PRODUCT_NAME = "$(TARGET_NAME)";
				SDKROOT = macosx;
			};
			name = Debug;
		};
		5A879A8F211E6C6D00F58804 /* Release */ = {
			isa = XCBuildConfiguration;
			buildSettings = {
				CODE_SIGN_IDENTITY = "-";
				CODE_SIGN_STYLE = Automatic;
				MACOSX_DEPLOYMENT_TARGET = 10.13;
				PRODUCT_NAME = "$(TARGET_NAME)";
				SDKROOT = macosx;
			};
			name = Release;
		};
		5A879A9A211E723E00F58804 /* Debug */ = {
			isa = XCBuildConfiguration;
			buildSettings = {
				CODE_SIGN_IDENTITY = "-";
				CODE_SIGN_STYLE = Automatic;
				MACOSX_DEPLOYMENT_TARGET = 10.13;
				PRODUCT_NAME = "$(TARGET_NAME)";
				SDKROOT = macosx;
			};
			name = Debug;
		};
		5A879A9B211E723E00F58804 /* Release */ = {
			isa = XCBuildConfiguration;
			buildSettings = {
				CODE_SIGN_IDENTITY = "-";
				CODE_SIGN_STYLE = Automatic;
				MACOSX_DEPLOYMENT_TARGET = 10.13;
				PRODUCT_NAME = "$(TARGET_NAME)";
				SDKROOT = macosx;
			};
			name = Release;
		};
		5A879AA5211E756400F58804 /* Debug */ = {
			isa = XCBuildConfiguration;
			buildSettings = {
				CODE_SIGN_IDENTITY = "-";
				CODE_SIGN_STYLE = Automatic;
				MACOSX_DEPLOYMENT_TARGET = 10.13;
				PRODUCT_NAME = "$(TARGET_NAME)";
				SDKROOT = macosx;
			};
			name = Debug;
		};
		5A879AA6211E756400F58804 /* Release */ = {
			isa = XCBuildConfiguration;
			buildSettings = {
				CODE_SIGN_IDENTITY = "-";
				CODE_SIGN_STYLE = Automatic;
				MACOSX_DEPLOYMENT_TARGET = 10.13;
				PRODUCT_NAME = "$(TARGET_NAME)";
				SDKROOT = macosx;
			};
			name = Release;
		};
		5A879AB0211E872300F58804 /* Debug */ = {
			isa = XCBuildConfiguration;
			buildSettings = {
				CODE_SIGN_IDENTITY = "-";
				CODE_SIGN_STYLE = Automatic;
				MACOSX_DEPLOYMENT_TARGET = 10.13;
				PRODUCT_NAME = "$(TARGET_NAME)";
				SDKROOT = macosx;
			};
			name = Debug;
		};
		5A879AB1211E872300F58804 /* Release */ = {
			isa = XCBuildConfiguration;
			buildSettings = {
				CODE_SIGN_IDENTITY = "-";
				CODE_SIGN_STYLE = Automatic;
				MACOSX_DEPLOYMENT_TARGET = 10.13;
				PRODUCT_NAME = "$(TARGET_NAME)";
				SDKROOT = macosx;
			};
			name = Release;
		};
		5A879ABB211E87EE00F58804 /* Debug */ = {
			isa = XCBuildConfiguration;
			buildSettings = {
				CODE_SIGN_IDENTITY = "-";
				CODE_SIGN_STYLE = Automatic;
				MACOSX_DEPLOYMENT_TARGET = 10.13;
				PRODUCT_NAME = "$(TARGET_NAME)";
				SDKROOT = macosx;
			};
			name = Debug;
		};
		5A879ABC211E87EE00F58804 /* Release */ = {
			isa = XCBuildConfiguration;
			buildSettings = {
				CODE_SIGN_IDENTITY = "-";
				CODE_SIGN_STYLE = Automatic;
				MACOSX_DEPLOYMENT_TARGET = 10.13;
				PRODUCT_NAME = "$(TARGET_NAME)";
				SDKROOT = macosx;
			};
			name = Release;
		};
		5A879AC6211EC83F00F58804 /* Debug */ = {
			isa = XCBuildConfiguration;
			buildSettings = {
				CODE_SIGN_IDENTITY = "-";
				CODE_SIGN_STYLE = Automatic;
				MACOSX_DEPLOYMENT_TARGET = 10.13;
				PRODUCT_NAME = "$(TARGET_NAME)";
				SDKROOT = macosx;
			};
			name = Debug;
		};
		5A879AC7211EC83F00F58804 /* Release */ = {
			isa = XCBuildConfiguration;
			buildSettings = {
				CODE_SIGN_IDENTITY = "-";
				CODE_SIGN_STYLE = Automatic;
				MACOSX_DEPLOYMENT_TARGET = 10.13;
				PRODUCT_NAME = "$(TARGET_NAME)";
				SDKROOT = macosx;
			};
			name = Release;
		};
		5A879AD3211ECF4B00F58804 /* Debug */ = {
			isa = XCBuildConfiguration;
			buildSettings = {
				CODE_SIGN_IDENTITY = "-";
				CODE_SIGN_STYLE = Automatic;
				MACOSX_DEPLOYMENT_TARGET = 10.13;
				PRODUCT_NAME = "$(TARGET_NAME)";
				SDKROOT = macosx;
			};
			name = Debug;
		};
		5A879AD4211ECF4B00F58804 /* Release */ = {
			isa = XCBuildConfiguration;
			buildSettings = {
				CODE_SIGN_IDENTITY = "-";
				CODE_SIGN_STYLE = Automatic;
				MACOSX_DEPLOYMENT_TARGET = 10.13;
				PRODUCT_NAME = "$(TARGET_NAME)";
				SDKROOT = macosx;
			};
			name = Release;
		};
		5A879AE0211ED47A00F58804 /* Debug */ = {
			isa = XCBuildConfiguration;
			buildSettings = {
				CODE_SIGN_IDENTITY = "-";
				CODE_SIGN_STYLE = Automatic;
				MACOSX_DEPLOYMENT_TARGET = 10.13;
				PRODUCT_NAME = "$(TARGET_NAME)";
				SDKROOT = macosx;
			};
			name = Debug;
		};
		5A879AE1211ED47A00F58804 /* Release */ = {
			isa = XCBuildConfiguration;
			buildSettings = {
				CODE_SIGN_IDENTITY = "-";
				CODE_SIGN_STYLE = Automatic;
				MACOSX_DEPLOYMENT_TARGET = 10.13;
				PRODUCT_NAME = "$(TARGET_NAME)";
				SDKROOT = macosx;
			};
			name = Release;
		};
		5A9A85372123B53200D510A4 /* Debug */ = {
			isa = XCBuildConfiguration;
			buildSettings = {
				CODE_SIGN_IDENTITY = "-";
				CODE_SIGN_STYLE = Automatic;
				MACOSX_DEPLOYMENT_TARGET = 10.13;
				PRODUCT_NAME = "$(TARGET_NAME)";
				SDKROOT = macosx;
			};
			name = Debug;
		};
		5A9A85382123B53200D510A4 /* Release */ = {
			isa = XCBuildConfiguration;
			buildSettings = {
				CODE_SIGN_IDENTITY = "-";
				CODE_SIGN_STYLE = Automatic;
				MACOSX_DEPLOYMENT_TARGET = 10.13;
				PRODUCT_NAME = "$(TARGET_NAME)";
				SDKROOT = macosx;
			};
			name = Release;
		};
		5AA08230211933EA00512FEA /* Debug */ = {
			isa = XCBuildConfiguration;
			buildSettings = {
				CODE_SIGN_IDENTITY = "-";
				CODE_SIGN_STYLE = Automatic;
				MACOSX_DEPLOYMENT_TARGET = 10.13;
				PRODUCT_NAME = "$(TARGET_NAME)";
				SDKROOT = macosx;
			};
			name = Debug;
		};
		5AA08231211933EA00512FEA /* Release */ = {
			isa = XCBuildConfiguration;
			buildSettings = {
				CODE_SIGN_IDENTITY = "-";
				CODE_SIGN_STYLE = Automatic;
				MACOSX_DEPLOYMENT_TARGET = 10.13;
				PRODUCT_NAME = "$(TARGET_NAME)";
				SDKROOT = macosx;
			};
			name = Release;
		};
		5AA0823C21193C7300512FEA /* Debug */ = {
			isa = XCBuildConfiguration;
			buildSettings = {
				CODE_SIGN_IDENTITY = "-";
				CODE_SIGN_STYLE = Automatic;
				MACOSX_DEPLOYMENT_TARGET = 10.13;
				PRODUCT_NAME = "$(TARGET_NAME)";
				SDKROOT = macosx;
			};
			name = Debug;
		};
		5AA0823D21193C7300512FEA /* Release */ = {
			isa = XCBuildConfiguration;
			buildSettings = {
				CODE_SIGN_IDENTITY = "-";
				CODE_SIGN_STYLE = Automatic;
				MACOSX_DEPLOYMENT_TARGET = 10.13;
				PRODUCT_NAME = "$(TARGET_NAME)";
				SDKROOT = macosx;
			};
			name = Release;
		};
		5AA0824721194B5000512FEA /* Debug */ = {
			isa = XCBuildConfiguration;
			buildSettings = {
				CODE_SIGN_IDENTITY = "-";
				CODE_SIGN_STYLE = Automatic;
				MACOSX_DEPLOYMENT_TARGET = 10.13;
				PRODUCT_NAME = "$(TARGET_NAME)";
				SDKROOT = macosx;
			};
			name = Debug;
		};
		5AA0824821194B5000512FEA /* Release */ = {
			isa = XCBuildConfiguration;
			buildSettings = {
				CODE_SIGN_IDENTITY = "-";
				CODE_SIGN_STYLE = Automatic;
				MACOSX_DEPLOYMENT_TARGET = 10.13;
				PRODUCT_NAME = "$(TARGET_NAME)";
				SDKROOT = macosx;
			};
			name = Release;
		};
		5AA2BD5D20D8A0C500083DA9 /* Debug */ = {
			isa = XCBuildConfiguration;
			buildSettings = {
				ALWAYS_SEARCH_USER_PATHS = NO;
				CLANG_ANALYZER_NONNULL = YES;
				CLANG_ANALYZER_NUMBER_OBJECT_CONVERSION = YES_AGGRESSIVE;
				CLANG_CXX_LANGUAGE_STANDARD = "gnu++14";
				CLANG_CXX_LIBRARY = "libc++";
				CLANG_ENABLE_MODULES = YES;
				CLANG_ENABLE_OBJC_ARC = YES;
				CLANG_ENABLE_OBJC_WEAK = YES;
				CLANG_WARN_BLOCK_CAPTURE_AUTORELEASING = YES;
				CLANG_WARN_BOOL_CONVERSION = YES;
				CLANG_WARN_COMMA = YES;
				CLANG_WARN_CONSTANT_CONVERSION = YES;
				CLANG_WARN_DEPRECATED_OBJC_IMPLEMENTATIONS = YES;
				CLANG_WARN_DIRECT_OBJC_ISA_USAGE = YES_ERROR;
				CLANG_WARN_DOCUMENTATION_COMMENTS = YES;
				CLANG_WARN_EMPTY_BODY = YES;
				CLANG_WARN_ENUM_CONVERSION = YES;
				CLANG_WARN_INFINITE_RECURSION = YES;
				CLANG_WARN_INT_CONVERSION = YES;
				CLANG_WARN_NON_LITERAL_NULL_CONVERSION = YES;
				CLANG_WARN_OBJC_IMPLICIT_RETAIN_SELF = YES;
				CLANG_WARN_OBJC_LITERAL_CONVERSION = YES;
				CLANG_WARN_OBJC_ROOT_CLASS = YES_ERROR;
				CLANG_WARN_RANGE_LOOP_ANALYSIS = YES;
				CLANG_WARN_STRICT_PROTOTYPES = YES;
				CLANG_WARN_SUSPICIOUS_MOVE = YES;
				CLANG_WARN_UNGUARDED_AVAILABILITY = YES_AGGRESSIVE;
				CLANG_WARN_UNREACHABLE_CODE = YES;
				CLANG_WARN__DUPLICATE_METHOD_MATCH = YES;
				CODE_SIGN_IDENTITY = "iPhone Developer";
				COPY_PHASE_STRIP = NO;
				DEBUG_INFORMATION_FORMAT = dwarf;
				ENABLE_STRICT_OBJC_MSGSEND = YES;
				ENABLE_TESTABILITY = YES;
				GCC_C_LANGUAGE_STANDARD = gnu11;
				GCC_DYNAMIC_NO_PIC = NO;
				GCC_NO_COMMON_BLOCKS = YES;
				GCC_OPTIMIZATION_LEVEL = 0;
				GCC_PREPROCESSOR_DEFINITIONS = (
					"DEBUG=1",
					"$(inherited)",
				);
				GCC_WARN_64_TO_32_BIT_CONVERSION = YES;
				GCC_WARN_ABOUT_RETURN_TYPE = YES_ERROR;
				GCC_WARN_UNDECLARED_SELECTOR = YES;
				GCC_WARN_UNINITIALIZED_AUTOS = YES_AGGRESSIVE;
				GCC_WARN_UNUSED_FUNCTION = YES;
				GCC_WARN_UNUSED_VARIABLE = YES;
				IPHONEOS_DEPLOYMENT_TARGET = 11.3;
				MTL_ENABLE_DEBUG_INFO = YES;
				ONLY_ACTIVE_ARCH = YES;
				SDKROOT = iphoneos;
			};
			name = Debug;
		};
		5AA2BD5E20D8A0C500083DA9 /* Release */ = {
			isa = XCBuildConfiguration;
			buildSettings = {
				ALWAYS_SEARCH_USER_PATHS = NO;
				CLANG_ANALYZER_NONNULL = YES;
				CLANG_ANALYZER_NUMBER_OBJECT_CONVERSION = YES_AGGRESSIVE;
				CLANG_CXX_LANGUAGE_STANDARD = "gnu++14";
				CLANG_CXX_LIBRARY = "libc++";
				CLANG_ENABLE_MODULES = YES;
				CLANG_ENABLE_OBJC_ARC = YES;
				CLANG_ENABLE_OBJC_WEAK = YES;
				CLANG_WARN_BLOCK_CAPTURE_AUTORELEASING = YES;
				CLANG_WARN_BOOL_CONVERSION = YES;
				CLANG_WARN_COMMA = YES;
				CLANG_WARN_CONSTANT_CONVERSION = YES;
				CLANG_WARN_DEPRECATED_OBJC_IMPLEMENTATIONS = YES;
				CLANG_WARN_DIRECT_OBJC_ISA_USAGE = YES_ERROR;
				CLANG_WARN_DOCUMENTATION_COMMENTS = YES;
				CLANG_WARN_EMPTY_BODY = YES;
				CLANG_WARN_ENUM_CONVERSION = YES;
				CLANG_WARN_INFINITE_RECURSION = YES;
				CLANG_WARN_INT_CONVERSION = YES;
				CLANG_WARN_NON_LITERAL_NULL_CONVERSION = YES;
				CLANG_WARN_OBJC_IMPLICIT_RETAIN_SELF = YES;
				CLANG_WARN_OBJC_LITERAL_CONVERSION = YES;
				CLANG_WARN_OBJC_ROOT_CLASS = YES_ERROR;
				CLANG_WARN_RANGE_LOOP_ANALYSIS = YES;
				CLANG_WARN_STRICT_PROTOTYPES = YES;
				CLANG_WARN_SUSPICIOUS_MOVE = YES;
				CLANG_WARN_UNGUARDED_AVAILABILITY = YES_AGGRESSIVE;
				CLANG_WARN_UNREACHABLE_CODE = YES;
				CLANG_WARN__DUPLICATE_METHOD_MATCH = YES;
				CODE_SIGN_IDENTITY = "iPhone Developer";
				COPY_PHASE_STRIP = NO;
				DEBUG_INFORMATION_FORMAT = "dwarf-with-dsym";
				ENABLE_NS_ASSERTIONS = NO;
				ENABLE_STRICT_OBJC_MSGSEND = YES;
				GCC_C_LANGUAGE_STANDARD = gnu11;
				GCC_NO_COMMON_BLOCKS = YES;
				GCC_WARN_64_TO_32_BIT_CONVERSION = YES;
				GCC_WARN_ABOUT_RETURN_TYPE = YES_ERROR;
				GCC_WARN_UNDECLARED_SELECTOR = YES;
				GCC_WARN_UNINITIALIZED_AUTOS = YES_AGGRESSIVE;
				GCC_WARN_UNUSED_FUNCTION = YES;
				GCC_WARN_UNUSED_VARIABLE = YES;
				IPHONEOS_DEPLOYMENT_TARGET = 11.3;
				MTL_ENABLE_DEBUG_INFO = NO;
				SDKROOT = iphoneos;
				VALIDATE_PRODUCT = YES;
			};
			name = Release;
		};
		5AA2BD6020D8A0C500083DA9 /* Debug */ = {
			isa = XCBuildConfiguration;
			buildSettings = {
				ASSETCATALOG_COMPILER_APPICON_NAME = AppIcon;
				CODE_SIGN_STYLE = Automatic;
				DEVELOPMENT_TEAM = HU7CX6V97R;
				INFOPLIST_FILE = Arithmetic_Demo/Info.plist;
				IPHONEOS_DEPLOYMENT_TARGET = 10.1;
				LD_RUNPATH_SEARCH_PATHS = (
					"$(inherited)",
					"@executable_path/Frameworks",
				);
				PRODUCT_BUNDLE_IDENTIFIER = "dyp.Arithmetic-Demo";
				PRODUCT_NAME = "$(TARGET_NAME)";
				TARGETED_DEVICE_FAMILY = "1,2";
			};
			name = Debug;
		};
		5AA2BD6120D8A0C500083DA9 /* Release */ = {
			isa = XCBuildConfiguration;
			buildSettings = {
				ASSETCATALOG_COMPILER_APPICON_NAME = AppIcon;
				CODE_SIGN_STYLE = Automatic;
				DEVELOPMENT_TEAM = HU7CX6V97R;
				INFOPLIST_FILE = Arithmetic_Demo/Info.plist;
				IPHONEOS_DEPLOYMENT_TARGET = 10.1;
				LD_RUNPATH_SEARCH_PATHS = (
					"$(inherited)",
					"@executable_path/Frameworks",
				);
				PRODUCT_BUNDLE_IDENTIFIER = "dyp.Arithmetic-Demo";
				PRODUCT_NAME = "$(TARGET_NAME)";
				TARGETED_DEVICE_FAMILY = "1,2";
			};
			name = Release;
		};
		5AEA5D9E2117E98800CC9E05 /* Debug */ = {
			isa = XCBuildConfiguration;
			buildSettings = {
				CODE_SIGN_IDENTITY = "-";
				CODE_SIGN_STYLE = Automatic;
				MACOSX_DEPLOYMENT_TARGET = 10.13;
				PRODUCT_NAME = "$(TARGET_NAME)";
				SDKROOT = macosx;
			};
			name = Debug;
		};
		5AEA5D9F2117E98800CC9E05 /* Release */ = {
			isa = XCBuildConfiguration;
			buildSettings = {
				CODE_SIGN_IDENTITY = "-";
				CODE_SIGN_STYLE = Automatic;
				MACOSX_DEPLOYMENT_TARGET = 10.13;
				PRODUCT_NAME = "$(TARGET_NAME)";
				SDKROOT = macosx;
			};
			name = Release;
		};
		5AEA5DA92117EDCB00CC9E05 /* Debug */ = {
			isa = XCBuildConfiguration;
			buildSettings = {
				CODE_SIGN_IDENTITY = "-";
				CODE_SIGN_STYLE = Automatic;
				MACOSX_DEPLOYMENT_TARGET = 10.13;
				PRODUCT_NAME = "$(TARGET_NAME)";
				SDKROOT = macosx;
			};
			name = Debug;
		};
		5AEA5DAA2117EDCB00CC9E05 /* Release */ = {
			isa = XCBuildConfiguration;
			buildSettings = {
				CODE_SIGN_IDENTITY = "-";
				CODE_SIGN_STYLE = Automatic;
				MACOSX_DEPLOYMENT_TARGET = 10.13;
				PRODUCT_NAME = "$(TARGET_NAME)";
				SDKROOT = macosx;
			};
			name = Release;
		};
		5AEA5DB42117F73000CC9E05 /* Debug */ = {
			isa = XCBuildConfiguration;
			buildSettings = {
				CODE_SIGN_IDENTITY = "-";
				CODE_SIGN_STYLE = Automatic;
				MACOSX_DEPLOYMENT_TARGET = 10.13;
				PRODUCT_NAME = "$(TARGET_NAME)";
				SDKROOT = macosx;
			};
			name = Debug;
		};
		5AEA5DB52117F73000CC9E05 /* Release */ = {
			isa = XCBuildConfiguration;
			buildSettings = {
				CODE_SIGN_IDENTITY = "-";
				CODE_SIGN_STYLE = Automatic;
				MACOSX_DEPLOYMENT_TARGET = 10.13;
				PRODUCT_NAME = "$(TARGET_NAME)";
				SDKROOT = macosx;
			};
			name = Release;
		};
		5AFAC41A211FC69800BDBC29 /* Debug */ = {
			isa = XCBuildConfiguration;
			buildSettings = {
				CODE_SIGN_IDENTITY = "-";
				CODE_SIGN_STYLE = Automatic;
				MACOSX_DEPLOYMENT_TARGET = 10.13;
				PRODUCT_NAME = "$(TARGET_NAME)";
				SDKROOT = macosx;
			};
			name = Debug;
		};
		5AFAC41B211FC69800BDBC29 /* Release */ = {
			isa = XCBuildConfiguration;
			buildSettings = {
				CODE_SIGN_IDENTITY = "-";
				CODE_SIGN_STYLE = Automatic;
				MACOSX_DEPLOYMENT_TARGET = 10.13;
				PRODUCT_NAME = "$(TARGET_NAME)";
				SDKROOT = macosx;
			};
			name = Release;
		};
		5AFAC427211FDB4100BDBC29 /* Debug */ = {
			isa = XCBuildConfiguration;
			buildSettings = {
				CODE_SIGN_IDENTITY = "-";
				CODE_SIGN_STYLE = Automatic;
				MACOSX_DEPLOYMENT_TARGET = 10.13;
				PRODUCT_NAME = "$(TARGET_NAME)";
				SDKROOT = macosx;
			};
			name = Debug;
		};
		5AFAC428211FDB4100BDBC29 /* Release */ = {
			isa = XCBuildConfiguration;
			buildSettings = {
				CODE_SIGN_IDENTITY = "-";
				CODE_SIGN_STYLE = Automatic;
				MACOSX_DEPLOYMENT_TARGET = 10.13;
				PRODUCT_NAME = "$(TARGET_NAME)";
				SDKROOT = macosx;
			};
			name = Release;
		};
		5AFAC432211FE08D00BDBC29 /* Debug */ = {
			isa = XCBuildConfiguration;
			buildSettings = {
				CODE_SIGN_IDENTITY = "-";
				CODE_SIGN_STYLE = Automatic;
				MACOSX_DEPLOYMENT_TARGET = 10.13;
				PRODUCT_NAME = "$(TARGET_NAME)";
				SDKROOT = macosx;
			};
			name = Debug;
		};
		5AFAC433211FE08D00BDBC29 /* Release */ = {
			isa = XCBuildConfiguration;
			buildSettings = {
				CODE_SIGN_IDENTITY = "-";
				CODE_SIGN_STYLE = Automatic;
				MACOSX_DEPLOYMENT_TARGET = 10.13;
				PRODUCT_NAME = "$(TARGET_NAME)";
				SDKROOT = macosx;
			};
			name = Release;
		};
		5AFAC43D212016D500BDBC29 /* Debug */ = {
			isa = XCBuildConfiguration;
			buildSettings = {
				CODE_SIGN_IDENTITY = "-";
				CODE_SIGN_STYLE = Automatic;
				MACOSX_DEPLOYMENT_TARGET = 10.13;
				PRODUCT_NAME = "$(TARGET_NAME)";
				SDKROOT = macosx;
			};
			name = Debug;
		};
		5AFAC43E212016D500BDBC29 /* Release */ = {
			isa = XCBuildConfiguration;
			buildSettings = {
				CODE_SIGN_IDENTITY = "-";
				CODE_SIGN_STYLE = Automatic;
				MACOSX_DEPLOYMENT_TARGET = 10.13;
				PRODUCT_NAME = "$(TARGET_NAME)";
				SDKROOT = macosx;
			};
			name = Release;
		};
/* End XCBuildConfiguration section */

/* Begin XCConfigurationList section */
		5A226E9D2119DAE600E8B651 /* Build configuration list for PBXNativeTarget "链表" */ = {
			isa = XCConfigurationList;
			buildConfigurations = (
				5A226E9B2119DAE600E8B651 /* Debug */,
				5A226E9C2119DAE600E8B651 /* Release */,
			);
			defaultConfigurationIsVisible = 0;
			defaultConfigurationName = Release;
		};
		5A226EA62119E11500E8B651 /* Build configuration list for PBXNativeTarget "模拟链表" */ = {
			isa = XCConfigurationList;
			buildConfigurations = (
				5A226EA72119E11500E8B651 /* Debug */,
				5A226EA82119E11500E8B651 /* Release */,
			);
			defaultConfigurationIsVisible = 0;
			defaultConfigurationName = Release;
		};
		5A4550EA211A7D480014EB7E /* Build configuration list for PBXNativeTarget "枚举_炸弹游戏" */ = {
			isa = XCConfigurationList;
			buildConfigurations = (
				5A4550E8211A7D480014EB7E /* Debug */,
				5A4550E9211A7D480014EB7E /* Release */,
			);
			defaultConfigurationIsVisible = 0;
			defaultConfigurationName = Release;
		};
		5A4550F3211A84F30014EB7E /* Build configuration list for PBXNativeTarget "深度优先搜索" */ = {
			isa = XCConfigurationList;
			buildConfigurations = (
				5A4550F4211A84F30014EB7E /* Debug */,
				5A4550F5211A84F30014EB7E /* Release */,
			);
			defaultConfigurationIsVisible = 0;
			defaultConfigurationName = Release;
		};
		5A4550FF211A9DA70014EB7E /* Build configuration list for PBXNativeTarget "DFS_等式" */ = {
			isa = XCConfigurationList;
			buildConfigurations = (
				5A455100211A9DA70014EB7E /* Debug */,
				5A455101211A9DA70014EB7E /* Release */,
			);
			defaultConfigurationIsVisible = 0;
			defaultConfigurationName = Release;
		};
		5A45510A211AB8420014EB7E /* Build configuration list for PBXNativeTarget "DFS_迷宫" */ = {
			isa = XCConfigurationList;
			buildConfigurations = (
				5A45510B211AB8420014EB7E /* Debug */,
				5A45510C211AB8420014EB7E /* Release */,
			);
			defaultConfigurationIsVisible = 0;
			defaultConfigurationName = Release;
		};
		5A455120211ABFE50014EB7E /* Build configuration list for PBXNativeTarget "广度优先搜索BFS" */ = {
			isa = XCConfigurationList;
			buildConfigurations = (
				5A455121211ABFE50014EB7E /* Debug */,
				5A455122211ABFE50014EB7E /* Release */,
			);
			defaultConfigurationIsVisible = 0;
			defaultConfigurationName = Release;
		};
		5A45512B211ACE210014EB7E /* Build configuration list for PBXNativeTarget "全排列_swift" */ = {
			isa = XCConfigurationList;
			buildConfigurations = (
				5A45512C211ACE210014EB7E /* Debug */,
				5A45512D211ACE210014EB7E /* Release */,
			);
			defaultConfigurationIsVisible = 0;
			defaultConfigurationName = Release;
		};
		5A879A90211E6C6D00F58804 /* Build configuration list for PBXNativeTarget "BFS_炸弹人" */ = {
			isa = XCConfigurationList;
			buildConfigurations = (
				5A879A8E211E6C6D00F58804 /* Debug */,
				5A879A8F211E6C6D00F58804 /* Release */,
			);
			defaultConfigurationIsVisible = 0;
			defaultConfigurationName = Release;
		};
		5A879A99211E723E00F58804 /* Build configuration list for PBXNativeTarget "DFS_炸弹人" */ = {
			isa = XCConfigurationList;
			buildConfigurations = (
				5A879A9A211E723E00F58804 /* Debug */,
				5A879A9B211E723E00F58804 /* Release */,
			);
			defaultConfigurationIsVisible = 0;
			defaultConfigurationName = Release;
		};
		5A879AA4211E756400F58804 /* Build configuration list for PBXNativeTarget "着色法" */ = {
			isa = XCConfigurationList;
			buildConfigurations = (
				5A879AA5211E756400F58804 /* Debug */,
				5A879AA6211E756400F58804 /* Release */,
			);
			defaultConfigurationIsVisible = 0;
			defaultConfigurationName = Release;
		};
		5A879AAF211E872300F58804 /* Build configuration list for PBXNativeTarget "水管工" */ = {
			isa = XCConfigurationList;
			buildConfigurations = (
				5A879AB0211E872300F58804 /* Debug */,
				5A879AB1211E872300F58804 /* Release */,
			);
			defaultConfigurationIsVisible = 0;
			defaultConfigurationName = Release;
		};
		5A879ABA211E87EE00F58804 /* Build configuration list for PBXNativeTarget "图的遍历" */ = {
			isa = XCConfigurationList;
			buildConfigurations = (
				5A879ABB211E87EE00F58804 /* Debug */,
				5A879ABC211E87EE00F58804 /* Release */,
			);
			defaultConfigurationIsVisible = 0;
			defaultConfigurationName = Release;
		};
		5A879AC5211EC83F00F58804 /* Build configuration list for PBXNativeTarget "城市地图_最短路径" */ = {
			isa = XCConfigurationList;
			buildConfigurations = (
				5A879AC6211EC83F00F58804 /* Debug */,
				5A879AC7211EC83F00F58804 /* Release */,
			);
			defaultConfigurationIsVisible = 0;
			defaultConfigurationName = Release;
		};
		5A879AD2211ECF4B00F58804 /* Build configuration list for PBXNativeTarget "图的BFS遍历" */ = {
			isa = XCConfigurationList;
			buildConfigurations = (
				5A879AD3211ECF4B00F58804 /* Debug */,
				5A879AD4211ECF4B00F58804 /* Release */,
			);
			defaultConfigurationIsVisible = 0;
			defaultConfigurationName = Release;
		};
		5A879ADF211ED47A00F58804 /* Build configuration list for PBXNativeTarget "最短路径" */ = {
			isa = XCConfigurationList;
			buildConfigurations = (
				5A879AE0211ED47A00F58804 /* Debug */,
				5A879AE1211ED47A00F58804 /* Release */,
			);
			defaultConfigurationIsVisible = 0;
			defaultConfigurationName = Release;
		};
		5A9A85392123B53200D510A4 /* Build configuration list for PBXNativeTarget "树" */ = {
			isa = XCConfigurationList;
			buildConfigurations = (
				5A9A85372123B53200D510A4 /* Debug */,
				5A9A85382123B53200D510A4 /* Release */,
			);
			defaultConfigurationIsVisible = 0;
			defaultConfigurationName = Release;
		};
		5AA08232211933EA00512FEA /* Build configuration list for PBXNativeTarget "队列" */ = {
			isa = XCConfigurationList;
			buildConfigurations = (
				5AA08230211933EA00512FEA /* Debug */,
				5AA08231211933EA00512FEA /* Release */,
			);
			defaultConfigurationIsVisible = 0;
			defaultConfigurationName = Release;
		};
		5AA0823B21193C7300512FEA /* Build configuration list for PBXNativeTarget "栈" */ = {
			isa = XCConfigurationList;
			buildConfigurations = (
				5AA0823C21193C7300512FEA /* Debug */,
				5AA0823D21193C7300512FEA /* Release */,
			);
			defaultConfigurationIsVisible = 0;
			defaultConfigurationName = Release;
		};
		5AA0824621194B5000512FEA /* Build configuration list for PBXNativeTarget "纸牌(接竹竿)游戏" */ = {
			isa = XCConfigurationList;
			buildConfigurations = (
				5AA0824721194B5000512FEA /* Debug */,
				5AA0824821194B5000512FEA /* Release */,
			);
			defaultConfigurationIsVisible = 0;
			defaultConfigurationName = Release;
		};
		5AA2BD4420D8A0C100083DA9 /* Build configuration list for PBXProject "Arithmetic_Demo" */ = {
			isa = XCConfigurationList;
			buildConfigurations = (
				5AA2BD5D20D8A0C500083DA9 /* Debug */,
				5AA2BD5E20D8A0C500083DA9 /* Release */,
			);
			defaultConfigurationIsVisible = 0;
			defaultConfigurationName = Release;
		};
		5AA2BD5F20D8A0C500083DA9 /* Build configuration list for PBXNativeTarget "Arithmetic_Demo" */ = {
			isa = XCConfigurationList;
			buildConfigurations = (
				5AA2BD6020D8A0C500083DA9 /* Debug */,
				5AA2BD6120D8A0C500083DA9 /* Release */,
			);
			defaultConfigurationIsVisible = 0;
			defaultConfigurationName = Release;
		};
		5AEA5D9D2117E98800CC9E05 /* Build configuration list for PBXNativeTarget "桶排序" */ = {
			isa = XCConfigurationList;
			buildConfigurations = (
				5AEA5D9E2117E98800CC9E05 /* Debug */,
				5AEA5D9F2117E98800CC9E05 /* Release */,
			);
			defaultConfigurationIsVisible = 0;
			defaultConfigurationName = Release;
		};
		5AEA5DA82117EDCB00CC9E05 /* Build configuration list for PBXNativeTarget "冒泡排序" */ = {
			isa = XCConfigurationList;
			buildConfigurations = (
				5AEA5DA92117EDCB00CC9E05 /* Debug */,
				5AEA5DAA2117EDCB00CC9E05 /* Release */,
			);
			defaultConfigurationIsVisible = 0;
			defaultConfigurationName = Release;
		};
		5AEA5DB32117F73000CC9E05 /* Build configuration list for PBXNativeTarget "快速排序" */ = {
			isa = XCConfigurationList;
			buildConfigurations = (
				5AEA5DB42117F73000CC9E05 /* Debug */,
				5AEA5DB52117F73000CC9E05 /* Release */,
			);
			defaultConfigurationIsVisible = 0;
			defaultConfigurationName = Release;
		};
		5AFAC419211FC69800BDBC29 /* Build configuration list for PBXNativeTarget "Dijkstra_通过边实现松弛" */ = {
			isa = XCConfigurationList;
			buildConfigurations = (
				5AFAC41A211FC69800BDBC29 /* Debug */,
				5AFAC41B211FC69800BDBC29 /* Release */,
			);
			defaultConfigurationIsVisible = 0;
			defaultConfigurationName = Release;
		};
		5AFAC426211FDB4100BDBC29 /* Build configuration list for PBXNativeTarget "邻接表存储" */ = {
			isa = XCConfigurationList;
			buildConfigurations = (
				5AFAC427211FDB4100BDBC29 /* Debug */,
				5AFAC428211FDB4100BDBC29 /* Release */,
			);
			defaultConfigurationIsVisible = 0;
			defaultConfigurationName = Release;
		};
		5AFAC431211FE08D00BDBC29 /* Build configuration list for PBXNativeTarget "Bellman_Ford_解决负权边" */ = {
			isa = XCConfigurationList;
			buildConfigurations = (
				5AFAC432211FE08D00BDBC29 /* Debug */,
				5AFAC433211FE08D00BDBC29 /* Release */,
			);
			defaultConfigurationIsVisible = 0;
			defaultConfigurationName = Release;
		};
		5AFAC43C212016D500BDBC29 /* Build configuration list for PBXNativeTarget "Bellman_Ford队列优化" */ = {
			isa = XCConfigurationList;
			buildConfigurations = (
				5AFAC43D212016D500BDBC29 /* Debug */,
				5AFAC43E212016D500BDBC29 /* Release */,
			);
			defaultConfigurationIsVisible = 0;
			defaultConfigurationName = Release;
		};
/* End XCConfigurationList section */
	};
	rootObject = 5AA2BD4120D8A0C100083DA9 /* Project object */;
}
